{
  "version": 4,
  "terraform_version": "1.6.3",
  "serial": 37,
  "lineage": "4de88a81-3b32-1652-970d-b89483552c79",
  "outputs": {
    "main_vpc": {
      "value": {
        "network": {
          "auto_create_subnetworks": false,
          "delete_default_routes_on_create": false,
          "description": "",
          "enable_ula_internal_ipv6": false,
          "gateway_ipv4": "",
          "id": "projects/wp-project-qa/global/networks/wp-project-qa-vpc",
          "internal_ipv6_range": "",
          "mtu": 0,
          "name": "wp-project-qa-vpc",
          "network_firewall_policy_enforcement_order": "AFTER_CLASSIC_FIREWALL",
          "project": "wp-project-qa",
          "routing_mode": "REGIONAL",
          "self_link": "https://www.googleapis.com/compute/v1/projects/wp-project-qa/global/networks/wp-project-qa-vpc",
          "timeouts": null
        },
        "subnetwork": {
          "creation_timestamp": "2023-11-16T13:06:36.313-08:00",
          "description": "",
          "external_ipv6_prefix": "",
          "fingerprint": null,
          "gateway_address": "10.10.0.1",
          "id": "projects/wp-project-qa/regions/europe-west1/subnetworks/wp-project-qa-subnet",
          "internal_ipv6_prefix": "",
          "ip_cidr_range": "10.10.0.0/24",
          "ipv6_access_type": "",
          "ipv6_cidr_range": "",
          "log_config": [],
          "name": "wp-project-qa-subnet",
          "network": "https://www.googleapis.com/compute/v1/projects/wp-project-qa/global/networks/wp-project-qa-vpc",
          "private_ip_google_access": true,
          "private_ipv6_google_access": "DISABLE_GOOGLE_ACCESS",
          "project": "wp-project-qa",
          "purpose": "PRIVATE",
          "region": "europe-west1",
          "role": "",
          "secondary_ip_range": [
            {
              "ip_cidr_range": "10.232.0.0/14",
              "range_name": "gke-wp-project-qa-gke-cluster-pods-213541ca"
            },
            {
              "ip_cidr_range": "10.236.0.0/20",
              "range_name": "gke-wp-project-qa-gke-cluster-services-213541ca"
            }
          ],
          "self_link": "https://www.googleapis.com/compute/v1/projects/wp-project-qa/regions/europe-west1/subnetworks/wp-project-qa-subnet",
          "stack_type": "IPV4_ONLY",
          "timeouts": null
        }
      },
      "type": [
        "object",
        {
          "network": [
            "object",
            {
              "auto_create_subnetworks": "bool",
              "delete_default_routes_on_create": "bool",
              "description": "string",
              "enable_ula_internal_ipv6": "bool",
              "gateway_ipv4": "string",
              "id": "string",
              "internal_ipv6_range": "string",
              "mtu": "number",
              "name": "string",
              "network_firewall_policy_enforcement_order": "string",
              "project": "string",
              "routing_mode": "string",
              "self_link": "string",
              "timeouts": [
                "object",
                {
                  "create": "string",
                  "delete": "string",
                  "update": "string"
                }
              ]
            }
          ],
          "subnetwork": [
            "object",
            {
              "creation_timestamp": "string",
              "description": "string",
              "external_ipv6_prefix": "string",
              "fingerprint": "string",
              "gateway_address": "string",
              "id": "string",
              "internal_ipv6_prefix": "string",
              "ip_cidr_range": "string",
              "ipv6_access_type": "string",
              "ipv6_cidr_range": "string",
              "log_config": [
                "list",
                [
                  "object",
                  {
                    "aggregation_interval": "string",
                    "filter_expr": "string",
                    "flow_sampling": "number",
                    "metadata": "string",
                    "metadata_fields": [
                      "set",
                      "string"
                    ]
                  }
                ]
              ],
              "name": "string",
              "network": "string",
              "private_ip_google_access": "bool",
              "private_ipv6_google_access": "string",
              "project": "string",
              "purpose": "string",
              "region": "string",
              "role": "string",
              "secondary_ip_range": [
                "list",
                [
                  "object",
                  {
                    "ip_cidr_range": "string",
                    "range_name": "string"
                  }
                ]
              ],
              "self_link": "string",
              "stack_type": "string",
              "timeouts": [
                "object",
                {
                  "create": "string",
                  "delete": "string",
                  "update": "string"
                }
              ]
            }
          ]
        }
      ]
    }
  },
  "resources": [
    {
      "mode": "data",
      "type": "google_secret_manager_secret_version",
      "name": "mysql_db_host",
      "provider": "provider[\"registry.terraform.io/hashicorp/google\"]",
      "instances": [
        {
          "schema_version": 0,
          "attributes": {
            "create_time": "2023-11-16T23:34:32.604818Z",
            "destroy_time": null,
            "enabled": true,
            "id": "projects/284298684649/secrets/mysql_db_host/versions/1",
            "name": "projects/284298684649/secrets/mysql_db_host/versions/1",
            "project": "284298684649",
            "secret": "mysql_db_host",
            "secret_data": "34.76.237.211",
            "version": "1"
          },
          "sensitive_attributes": []
        }
      ]
    },
    {
      "mode": "data",
      "type": "google_secret_manager_secret_version",
      "name": "mysql_db_name",
      "provider": "provider[\"registry.terraform.io/hashicorp/google\"]",
      "instances": [
        {
          "schema_version": 0,
          "attributes": {
            "create_time": "2023-11-16T22:50:33.473331Z",
            "destroy_time": null,
            "enabled": true,
            "id": "projects/284298684649/secrets/mysql_db_name/versions/1",
            "name": "projects/284298684649/secrets/mysql_db_name/versions/1",
            "project": "284298684649",
            "secret": "mysql_db_name",
            "secret_data": "mysql-db",
            "version": "1"
          },
          "sensitive_attributes": []
        }
      ]
    },
    {
      "mode": "data",
      "type": "google_secret_manager_secret_version",
      "name": "mysql_db_password",
      "provider": "provider[\"registry.terraform.io/hashicorp/google\"]",
      "instances": [
        {
          "schema_version": 0,
          "attributes": {
            "create_time": "2023-11-16T22:51:03.419850Z",
            "destroy_time": null,
            "enabled": true,
            "id": "projects/284298684649/secrets/mysql_db_username/versions/1",
            "name": "projects/284298684649/secrets/mysql_db_username/versions/1",
            "project": "284298684649",
            "secret": "mysql_db_username",
            "secret_data": "mysql-username",
            "version": "1"
          },
          "sensitive_attributes": []
        }
      ]
    },
    {
      "mode": "data",
      "type": "google_secret_manager_secret_version",
      "name": "mysql_db_username",
      "provider": "provider[\"registry.terraform.io/hashicorp/google\"]",
      "instances": [
        {
          "schema_version": 0,
          "attributes": {
            "create_time": "2023-11-16T22:51:18.885113Z",
            "destroy_time": null,
            "enabled": true,
            "id": "projects/284298684649/secrets/mysql_db_password/versions/1",
            "name": "projects/284298684649/secrets/mysql_db_password/versions/1",
            "project": "284298684649",
            "secret": "mysql_db_password",
            "secret_data": "mysql-password",
            "version": "1"
          },
          "sensitive_attributes": []
        }
      ]
    },
    {
      "mode": "data",
      "type": "google_secret_manager_secret_version",
      "name": "registry_sa_secret_data",
      "provider": "provider[\"registry.terraform.io/hashicorp/google\"]",
      "instances": [
        {
          "schema_version": 0,
          "attributes": {
            "create_time": "2023-11-16T23:52:35.280969Z",
            "destroy_time": null,
            "enabled": true,
            "id": "projects/284298684649/secrets/registry-sa/versions/1",
            "name": "projects/284298684649/secrets/registry-sa/versions/1",
            "project": "284298684649",
            "secret": "registry-sa",
            "secret_data": "{\"auths\":{\"https://europe-west1-docker.pkg.dev\":{\"username\":\"_json_key\",\"password\":\"{\\n  \\\"type\\\": \\\"service_account\\\",\\n  \\\"project_id\\\": \\\"wp-project-qa\\\",\\n  \\\"private_key_id\\\": \\\"1515fea92ef9bb3228050a5e70dc1e1607f0e17a\\\",\\n  \\\"private_key\\\": \\\"-----BEGIN PRIVATE KEY-----\\\\nMIIEvAIBADANBgkqhkiG9w0BAQEFAASCBKYwggSiAgEAAoIBAQCXfjNGH+vrbNWY\\\\nAFz28GudGSgrmY4gaj7EGX1bsW4KW24oUOEIc4bwyIbgpbaY+FC/HyUdk+/ncprQ\\\\n1kfRb/j+FcC8rUMUndYKbFI7X098IKSGqUfpJE9JITCCNggqCcji5VTe4waUdb/M\\\\nAGuo7wMuR5KOnohXFU16EMTRzNwFDn2/8/mz+swTkPkH5aXlBuKK4adOboTpk6XH\\\\nzZJvtS5hs69Zb0zIlVPjQ9Bg49N3iuKDshuQXqCLylKlc/RjycE2tcmp1SIdhp3t\\\\nwf/zsGIQywDCxHGxN7mn8+lFOUCOvt8dC7L5cV7NgCrBI050iBpGz6p0sBn6uC1A\\\\nog8bvXLTAgMBAAECggEAPLctoZtFmHNkH6l1mNq+ppXgjajbV459XWbB4S/5ZFlE\\\\niw/vQM3cdUBJHlwMFL7gzdiTrYkPC3nZJn3bBsuTxXG+b2AZlHe1wzOquXT3jE4g\\\\n4n+R/JS62hpdMLKrDv4g7x7upu3iQzn2BrLcczZn1fKFgHd1OUGmbZeu6k7ql3Ob\\\\nabVrFQQkVSA7+yLYo4WWF0M1YhHokZxVamm4IRVl6IN6cuV1EmpiOTfptNDj5++W\\\\ny43Tg6dV8M1BVe+vhXD5vM9FvyRWXzRw0PK48q4T/yX6tyOlTUP0BdMZhfxj6Afa\\\\n+YeE6jvrECSlUWLc76VH3YVkFYuLZgVz+9v0AdegQQKBgQDMFviRTAiRU6fa9bbo\\\\nn8qCr7zw3GNIfeIbkntyqv5mYpL4XZ9vlKR6DmDS5/nUgW+MWWB/JvBJKh1hPNdn\\\\nKjTUDTbaCcDAEIBHvYOa7mh40gIL4yH9jPspSJAUalyLX8SiHDbO0jQsFlorihII\\\\nj7uGv2HaZA/jg2vtJ3NCHbAE4wKBgQC+BnY5innFFAlPFQ84txxt6+8A5VTpspSQ\\\\nPmm0h76viKzv6y96GjIvT861YWtX+i+LJ8JY7rwLPbMU+LZikEMBfslusgMi9PZu\\\\nJrJb2GX2aRWzisJR+ywecFt5shV42VP+QvxSLGqBpDlC2udDQdskaWrLkoyr9C4x\\\\nO2S4KBAtUQKBgDH1sZWH4lUJAH8mRUc+zokdUgg4Owmk3zPWsOeKGkqf+NBZwszC\\\\nu1yxplwas1qk8NSPkIKv2oRejeCezzAO8e2y6mmHl6qsn2pwZwYHNIXXCu80A78Y\\\\nwucBP1vwCYWIxQ7WD0ijxmfAdQRRgUadQM+ki+S1N/p+0m20iY92yv73AoGAFuoy\\\\nkYfIXWKoKLgyaLV0ITFFVgdRsQjO74IHPzTrYsGJkTj8Na45BQmLtMW1qxtJZm95\\\\n+T14waZEFTBU1hftbJ28brPauvltSiUydu7mhMtxSYBfJIG0dUs5TLiT7EnQ3iV3\\\\nxfUDNvT1zsEVCEBFy+NGdJwMiKPeeiNeZvK12LECgYBzKXxCLKX97yd2XMgagiV6\\\\nGyfnhkkDr9Dm3MYsUZp6hn+YGGVR3YdpFe3uNj2L3m6TD+qHqzfDP/S1IGrXfLXs\\\\nUah0/csi3NYak4uI1KZAnSPVIttq8w3g9QDvNvcD9ZUtFlS2kIhA5AMXMUL8Eq/j\\\\n0pGJD7oInBVOvbW2Lv5rUg==\\\\n-----END PRIVATE KEY-----\\\\n\\\",\\n  \\\"client_email\\\": \\\"registry-sa@wp-project-qa.iam.gserviceaccount.com\\\",\\n  \\\"client_id\\\": \\\"108173677192416161273\\\",\\n  \\\"auth_uri\\\": \\\"https://accounts.google.com/o/oauth2/auth\\\",\\n  \\\"token_uri\\\": \\\"https://oauth2.googleapis.com/token\\\",\\n  \\\"auth_provider_x509_cert_url\\\": \\\"https://www.googleapis.com/oauth2/v1/certs\\\",\\n  \\\"client_x509_cert_url\\\": \\\"https://www.googleapis.com/robot/v1/metadata/x509/registry-sa%40wp-project-qa.iam.gserviceaccount.com\\\",\\n  \\\"universe_domain\\\": \\\"googleapis.com\\\"\\n}\",\"email\":\"registry-sa@wp-project-qa.iam.gserviceaccount.com\",\"auth\":\"X2pzb25fa2V5OnsKICAidHlwZSI6ICJzZXJ2aWNlX2FjY291bnQiLAogICJwcm9qZWN0X2lkIjogIndwLXByb2plY3QtcWEiLAogICJwcml2YXRlX2tleV9pZCI6ICIxNTE1ZmVhOTJlZjliYjMyMjgwNTBhNWU3MGRjMWUxNjA3ZjBlMTdhIiwKICAicHJpdmF0ZV9rZXkiOiAiLS0tLS1CRUdJTiBQUklWQVRFIEtFWS0tLS0tXG5NSUlFdkFJQkFEQU5CZ2txaGtpRzl3MEJBUUVGQUFTQ0JLWXdnZ1NpQWdFQUFvSUJBUUNYZmpOR0grdnJiTldZXG5BRnoyOEd1ZEdTZ3JtWTRnYWo3RUdYMWJzVzRLVzI0b1VPRUljNGJ3eUliZ3BiYVkrRkMvSHlVZGsrL25jcHJRXG4xa2ZSYi9qK0ZjQzhyVU1VbmRZS2JGSTdYMDk4SUtTR3FVZnBKRTlKSVRDQ05nZ3FDY2ppNVZUZTR3YVVkYi9NXG5BR3VvN3dNdVI1S09ub2hYRlUxNkVNVFJ6TndGRG4yLzgvbXorc3dUa1BrSDVhWGxCdUtLNGFkT2JvVHBrNlhIXG56Wkp2dFM1aHM2OVpiMHpJbFZQalE5Qmc0OU4zaXVLRHNodVFYcUNMeWxLbGMvUmp5Y0UydGNtcDFTSWRocDN0XG53Zi96c0dJUXl3REN4SEd4TjdtbjgrbEZPVUNPdnQ4ZEM3TDVjVjdOZ0NyQkkwNTBpQnBHejZwMHNCbjZ1QzFBXG5vZzhidlhMVEFnTUJBQUVDZ2dFQVBMY3RvWnRGbUhOa0g2bDFtTnErcHBYZ2phamJWNDU5WFdiQjRTLzVaRmxFXG5pdy92UU0zY2RVQkpIbHdNRkw3Z3pkaVRyWWtQQzNuWkpuM2JCc3VUeFhHK2IyQVpsSGUxd3pPcXVYVDNqRTRnXG40bitSL0pTNjJocGRNTEtyRHY0Zzd4N3VwdTNpUXpuMkJyTGNjelpuMWZLRmdIZDFPVUdtYlpldTZrN3FsM09iXG5hYlZyRlFRa1ZTQTcreUxZbzRXV0YwTTFZaEhva1p4VmFtbTRJUlZsNklONmN1VjFFbXBpT1RmcHRORGo1KytXXG55NDNUZzZkVjhNMUJWZSt2aFhENXZNOUZ2eVJXWHpSdzBQSzQ4cTRUL3lYNnR5T2xUVVAwQmRNWmhmeGo2QWZhXG4rWWVFNmp2ckVDU2xVV0xjNzZWSDNZVmtGWXVMWmdWeis5djBBZGVnUVFLQmdRRE1GdmlSVEFpUlU2ZmE5YmJvXG5uOHFDcjd6dzNHTklmZUlia250eXF2NW1ZcEw0WFo5dmxLUjZEbURTNS9uVWdXK01XV0IvSnZCSktoMWhQTmRuXG5LalRVRFRiYUNjREFFSUJIdllPYTdtaDQwZ0lMNHlIOWpQc3BTSkFVYWx5TFg4U2lIRGJPMGpRc0Zsb3JpaElJXG5qN3VHdjJIYVpBL2pnMnZ0SjNOQ0hiQUU0d0tCZ1FDK0JuWTVpbm5GRkFsUEZRODR0eHh0Nis4QTVWVHBzcFNRXG5QbW0waDc2dmlLenY2eTk2R2pJdlQ4NjFZV3RYK2krTEo4Slk3cndMUGJNVStMWmlrRU1CZnNsdXNnTWk5UFp1XG5KckpiMkdYMmFSV3ppc0pSK3l3ZWNGdDVzaFY0MlZQK1F2eFNMR3FCcERsQzJ1ZERRZHNrYVdyTGtveXI5QzR4XG5PMlM0S0JBdFVRS0JnREgxc1pXSDRsVUpBSDhtUlVjK3pva2RVZ2c0T3dtazN6UFdzT2VLR2txZitOQlp3c3pDXG51MXl4cGx3YXMxcWs4TlNQa0lLdjJvUmVqZUNlenpBTzhlMnk2bW1IbDZxc24ycHdad1lITklYWEN1ODBBNzhZXG53dWNCUDF2d0NZV0l4UTdXRDBpanhtZkFkUVJSZ1VhZFFNK2tpK1MxTi9wKzBtMjBpWTkyeXY3M0FvR0FGdW95XG5rWWZJWFdLb0tMZ3lhTFYwSVRGRlZnZFJzUWpPNzRJSFB6VHJZc0dKa1RqOE5hNDVCUW1MdE1XMXF4dEpabTk1XG4rVDE0d2FaRUZUQlUxaGZ0YkoyOGJyUGF1dmx0U2lVeWR1N21oTXR4U1lCZkpJRzBkVXM1VExpVDdFblEzaVYzXG54ZlVETnZUMXpzRVZDRUJGeStOR2RKd01pS1BlZWlOZVp2SzEyTEVDZ1lCektYeENMS1g5N3lkMlhNZ2FnaVY2XG5HeWZuaGtrRHI5RG0zTVlzVVpwNmhuK1lHR1ZSM1lkcEZlM3VOajJMM202VEQrcUhxemZEUC9TMUlHclhmTFhzXG5VYWgwL2NzaTNOWWFrNHVJMUtaQW5TUFZJdHRxOHczZzlRRHZOdmNEOVpVdEZsUzJrSWhBNUFNWE1VTDhFcS9qXG4wcEdKRDdvSW5CVk92YlcyTHY1clVnPT1cbi0tLS0tRU5EIFBSSVZBVEUgS0VZLS0tLS1cbiIsCiAgImNsaWVudF9lbWFpbCI6ICJyZWdpc3RyeS1zYUB3cC1wcm9qZWN0LXFhLmlhbS5nc2VydmljZWFjY291bnQuY29tIiwKICAiY2xpZW50X2lkIjogIjEwODE3MzY3NzE5MjQxNjE2MTI3MyIsCiAgImF1dGhfdXJpIjogImh0dHBzOi8vYWNjb3VudHMuZ29vZ2xlLmNvbS9vL29hdXRoMi9hdXRoIiwKICAidG9rZW5fdXJpIjogImh0dHBzOi8vb2F1dGgyLmdvb2dsZWFwaXMuY29tL3Rva2VuIiwKICAiYXV0aF9wcm92aWRlcl94NTA5X2NlcnRfdXJsIjogImh0dHBzOi8vd3d3Lmdvb2dsZWFwaXMuY29tL29hdXRoMi92MS9jZXJ0cyIsCiAgImNsaWVudF94NTA5X2NlcnRfdXJsIjogImh0dHBzOi8vd3d3Lmdvb2dsZWFwaXMuY29tL3JvYm90L3YxL21ldGFkYXRhL3g1MDkvcmVnaXN0cnktc2ElNDB3cC1wcm9qZWN0LXFhLmlhbS5nc2VydmljZWFjY291bnQuY29tIiwKICAidW5pdmVyc2VfZG9tYWluIjogImdvb2dsZWFwaXMuY29tIgp9\"}}}",
            "version": "1"
          },
          "sensitive_attributes": []
        }
      ]
    },
    {
      "module": "module.main_kubernetes",
      "mode": "data",
      "type": "google_container_engine_versions",
      "name": "gke_version",
      "provider": "provider[\"registry.terraform.io/hashicorp/google\"]",
      "instances": [
        {
          "schema_version": 0,
          "attributes": {
            "default_cluster_version": "1.27.3-gke.100",
            "id": "2023-11-17 00:51:23.427498601 +0000 UTC",
            "latest_master_version": "1.27.7-gke.1121000",
            "latest_node_version": "1.27.7-gke.1121000",
            "location": "europe-west1-c",
            "project": null,
            "release_channel_default_version": {
              "RAPID": "1.27.5-gke.200",
              "REGULAR": "1.27.3-gke.100",
              "STABLE": "1.27.3-gke.100"
            },
            "release_channel_latest_version": {
              "RAPID": "1.27.7-gke.1121000",
              "REGULAR": "1.27.5-gke.200",
              "STABLE": "1.27.4-gke.900"
            },
            "valid_master_versions": [
              "1.27.7-gke.1121000",
              "1.27.7-gke.1088000",
              "1.27.6-gke.1445000",
              "1.27.6-gke.1248000",
              "1.27.5-gke.200",
              "1.27.4-gke.900",
              "1.27.3-gke.1700",
              "1.27.3-gke.100",
              "1.27.2-gke.2100",
              "1.27.2-gke.1200"
            ],
            "valid_node_versions": [
              "1.27.7-gke.1121000",
              "1.27.7-gke.1088000",
              "1.27.7-gke.1056000",
              "1.27.7-gke.1038000",
              "1.27.6-gke.1506000",
              "1.27.6-gke.1445000",
              "1.27.6-gke.1248000",
              "1.27.5-gke.200",
              "1.27.4-gke.900",
              "1.27.3-gke.1700",
              "1.27.3-gke.100",
              "1.27.2-gke.2100",
              "1.27.2-gke.1200"
            ],
            "version_prefix": "1.27."
          },
          "sensitive_attributes": []
        }
      ]
    },
    {
      "module": "module.main_kubernetes",
      "mode": "managed",
      "type": "google_container_cluster",
      "name": "wp_project_cluster",
      "provider": "provider[\"registry.terraform.io/hashicorp/google\"]",
      "instances": [
        {
          "schema_version": 2,
          "attributes": {
            "addons_config": [
              {
                "cloudrun_config": [],
                "config_connector_config": [],
                "dns_cache_config": [],
                "gce_persistent_disk_csi_driver_config": [
                  {
                    "enabled": true
                  }
                ],
                "gcp_filestore_csi_driver_config": [],
                "gcs_fuse_csi_driver_config": [],
                "gke_backup_agent_config": [],
                "horizontal_pod_autoscaling": [],
                "http_load_balancing": [],
                "network_policy_config": [
                  {
                    "disabled": true
                  }
                ]
              }
            ],
            "allow_net_admin": null,
            "authenticator_groups_config": [],
            "binary_authorization": [
              {
                "enabled": false,
                "evaluation_mode": ""
              }
            ],
            "cluster_autoscaling": [
              {
                "auto_provisioning_defaults": [],
                "enabled": false,
                "resource_limits": []
              }
            ],
            "cluster_ipv4_cidr": "10.232.0.0/14",
            "confidential_nodes": [],
            "cost_management_config": [],
            "database_encryption": [
              {
                "key_name": "",
                "state": "DECRYPTED"
              }
            ],
            "datapath_provider": "",
            "default_max_pods_per_node": 110,
            "default_snat_status": [
              {
                "disabled": false
              }
            ],
            "deletion_protection": false,
            "description": "",
            "dns_config": [],
            "enable_autopilot": false,
            "enable_intranode_visibility": false,
            "enable_k8s_beta_apis": [],
            "enable_kubernetes_alpha": false,
            "enable_l4_ilb_subsetting": false,
            "enable_legacy_abac": false,
            "enable_shielded_nodes": true,
            "enable_tpu": false,
            "endpoint": "35.189.223.91",
            "fleet": [],
            "gateway_api_config": [],
            "id": "projects/wp-project-qa/locations/europe-west1-c/clusters/wp-project-qa-gke-cluster",
            "identity_service_config": [],
            "initial_node_count": 1,
            "ip_allocation_policy": [
              {
                "additional_pod_ranges_config": [],
                "cluster_ipv4_cidr_block": "10.232.0.0/14",
                "cluster_secondary_range_name": "gke-wp-project-qa-gke-cluster-pods-213541ca",
                "pod_cidr_overprovision_config": [
                  {
                    "disabled": false
                  }
                ],
                "services_ipv4_cidr_block": "10.236.0.0/20",
                "services_secondary_range_name": "gke-wp-project-qa-gke-cluster-services-213541ca",
                "stack_type": "IPV4"
              }
            ],
            "label_fingerprint": "a9dc16a7",
            "location": "europe-west1-c",
            "logging_config": [
              {
                "enable_components": [
                  "SYSTEM_COMPONENTS",
                  "WORKLOADS"
                ]
              }
            ],
            "logging_service": "logging.googleapis.com/kubernetes",
            "maintenance_policy": [],
            "master_auth": [
              {
                "client_certificate": "",
                "client_certificate_config": [
                  {
                    "issue_client_certificate": false
                  }
                ],
                "client_key": "",
                "cluster_ca_certificate": "LS0tLS1CRUdJTiBDRVJUSUZJQ0FURS0tLS0tCk1JSUVMRENDQXBTZ0F3SUJBZ0lRQmE3Ni94OHNLZHIwVCtjMXh4R1E5REFOQmdrcWhraUc5dzBCQVFzRkFEQXYKTVMwd0t3WURWUVFERXlRMlpUQmtPR0k1WXkxallUWTFMVFF3TlRZdFlXTXlPUzB3TVRnM05qRTJabVZsTXpRdwpJQmNOTWpNeE1URTJNakExTlRVeVdoZ1BNakExTXpFeE1EZ3lNVFUxTlRKYU1DOHhMVEFyQmdOVkJBTVRKRFpsCk1HUTRZamxqTFdOaE5qVXROREExTmkxaFl6STVMVEF4T0RjMk1UWm1aV1V6TkRDQ0FhSXdEUVlKS29aSWh2Y04KQVFFQkJRQURnZ0dQQURDQ0FZb0NnZ0dCQU9HVHl1UllrZWlsK3VqRUZZZ1E0UndWY3JKd09DeUFYNGFwbkhrbQpQeGlPY2RhTy9qVklvQkZMcG1jZlNvZ1NCdkNOOU9lU2VkbVpuUHljenpzRTE3Ty9vUTErMXNrR21FRFY4WjN4ClhEcHJXdVdXcHZhTDZoaHMwUXFKMWcwcjdqR1MrMWlkZzVXWjB3MU5OQW5tOTVqRTdST3UrTElEL01qZmhDMEEKRDU0L25YMnRMY2NoTlVhUnBvaVdIbkhkb0NEM1NJb1k0Nng2MDc0a0dkcEtMVFgraCtjQTc3LzVvZ3BvV2NQdApqSHczZW1ZZUxpdTZrdW5wSVoxcXFOT2QzTWxacDVBWTZXOGQ3a09CM2tQQzMwRS9RQldCTHFxaHRERkJxUmFMCkJ1YXpaaXlCeWdNR1BKcm1CVVNnSnBlOWYyRDZ1ZU1XRXlpRzBFUEJ0SlJ1b2NjZHJqRkVrazl0MG13KzVUNXoKaENzWHV6M3k4eE5LbitmdFl2WWcwMDlvZ2pIeURsK2lBcnI3bWQzZlBFSkIvS2REd3ltNWdmbWxDSWlDSVNaUwpqNDRwN2FuTmxHVVMyZC9Vb2hJb2xFZGVydm5aMzVwV3RQd1JSN2gxaVFOUWJJanNaYk9sNXZhK3lReDZ2MlJDCmtIR1ByMkNGdGljMStFc1hHc1lIb0hQUEx3SURBUUFCbzBJd1FEQU9CZ05WSFE4QkFmOEVCQU1DQWdRd0R3WUQKVlIwVEFRSC9CQVV3QXdFQi96QWRCZ05WSFE0RUZnUVU3NWRGVCtWSWQ5S0J1cnNUeUs2KzBSMUdWQWN3RFFZSgpLb1pJaHZjTkFRRUxCUUFEZ2dHQkFLNkhmVDdZMGEwWnNJZXVpNkxmNGdYSFBad1VYSUMvMFBWbk4xWGRzZmlKCjg4R0I2NWxNNVRPdnJyem1hWi9XSjRSUUU1Z05Lc3dBRTJXbmlPekdsSnBzU05ic2FBN2l1RWVDUTVFY1Zyd1MKcld6Ky9kTVpTZy9MTlFOVG4xR0pDMUdadlBva0svWDRPM2NDN1pZdU5acXZjYjFHd0JDcnhsMGUwNEszN1BtYgpQOGNkVGt2NndwN0hjb2FZR2dtYjQwdzNzT0R2aU1QWllHS3B6eUxUVmNyYjN0U1RWR1RoQTJJdDcxbU05d2d5CngzdXRrczg3WnJGcW05WkMwcEJLbGtPN0xIbXZZeXVaR3Q4Tkd3cGI3cGVSRmJiblQ3bGZ0eElMOXZsS0JpTGIKZzhrK3NFOFMvV0wxNnlPeXNiRFZqR24rbTVNV2VlNTVIVTBObTY1WWxrSG10aFlLWGMwWFhaN0lkTG0zNWVybgpodllaRWVJZXVzaHNqcWluc3B3U3JRRW84S0xFb3I4bVJmOURNNUNjZldrejN1cmpOdVVnYm41UFM0cW5NcWlGCk1saEpEcHRKNURCVDJFRlhQWGhuaW1XTFlEL0hMOUxxay9tZy9DU3QzNS9pY3VxT0tPY0NIamJzSXhJa0xCajYKTFZnWEIrM2tMVENMKzVaNFJQdElPZz09Ci0tLS0tRU5EIENFUlRJRklDQVRFLS0tLS0K"
              }
            ],
            "master_authorized_networks_config": [],
            "master_version": "1.27.3-gke.100",
            "mesh_certificates": [],
            "min_master_version": null,
            "monitoring_config": [
              {
                "advanced_datapath_observability_config": [
                  {
                    "enable_metrics": false,
                    "relay_mode": ""
                  }
                ],
                "enable_components": [
                  "SYSTEM_COMPONENTS"
                ],
                "managed_prometheus": [
                  {
                    "enabled": true
                  }
                ]
              }
            ],
            "monitoring_service": "monitoring.googleapis.com/kubernetes",
            "name": "wp-project-qa-gke-cluster",
            "network": "projects/wp-project-qa/global/networks/wp-project-qa-vpc",
            "network_policy": [
              {
                "enabled": false,
                "provider": "PROVIDER_UNSPECIFIED"
              }
            ],
            "networking_mode": "VPC_NATIVE",
            "node_config": [
              {
                "advanced_machine_features": [],
                "boot_disk_kms_key": "",
                "confidential_nodes": [],
                "disk_size_gb": 50,
                "disk_type": "pd-standard",
                "effective_taints": [],
                "ephemeral_storage_local_ssd_config": [],
                "fast_socket": [],
                "gcfs_config": [],
                "guest_accelerator": [],
                "gvnic": [],
                "host_maintenance_policy": [],
                "image_type": "COS_CONTAINERD",
                "kubelet_config": [],
                "labels": {
                  "env": "wp-project-qa"
                },
                "linux_node_config": [],
                "local_nvme_ssd_block_config": [],
                "local_ssd_count": 0,
                "logging_variant": "DEFAULT",
                "machine_type": "n1-standard-1",
                "metadata": {
                  "disable-legacy-endpoints": "true"
                },
                "min_cpu_platform": "",
                "node_group": "",
                "oauth_scopes": [
                  "https://www.googleapis.com/auth/logging.write",
                  "https://www.googleapis.com/auth/monitoring"
                ],
                "preemptible": false,
                "reservation_affinity": [],
                "resource_labels": {},
                "service_account": "default",
                "shielded_instance_config": [
                  {
                    "enable_integrity_monitoring": true,
                    "enable_secure_boot": false
                  }
                ],
                "sole_tenant_config": [],
                "spot": false,
                "tags": [
                  "gke-node",
                  "wp-project-qa-gke"
                ],
                "taint": [],
                "workload_metadata_config": []
              }
            ],
            "node_locations": [],
            "node_pool": [
              {
                "autoscaling": [],
                "initial_node_count": 1,
                "instance_group_urls": [
                  "https://www.googleapis.com/compute/v1/projects/wp-project-qa/zones/europe-west1-c/instanceGroupManagers/gke-wp-project-qa-gk-wp-project-qa-gk-e059f1ca-grp"
                ],
                "managed_instance_group_urls": [
                  "https://www.googleapis.com/compute/v1/projects/wp-project-qa/zones/europe-west1-c/instanceGroups/gke-wp-project-qa-gk-wp-project-qa-gk-e059f1ca-grp"
                ],
                "management": [
                  {
                    "auto_repair": true,
                    "auto_upgrade": true
                  }
                ],
                "max_pods_per_node": 110,
                "name": "wp-project-qa-gke-cluster",
                "name_prefix": "",
                "network_config": [
                  {
                    "create_pod_range": false,
                    "enable_private_nodes": false,
                    "pod_cidr_overprovision_config": [],
                    "pod_ipv4_cidr_block": "10.232.0.0/14",
                    "pod_range": "gke-wp-project-qa-gke-cluster-pods-213541ca"
                  }
                ],
                "node_config": [
                  {
                    "advanced_machine_features": [],
                    "boot_disk_kms_key": "",
                    "confidential_nodes": [],
                    "disk_size_gb": 50,
                    "disk_type": "pd-standard",
                    "effective_taints": [],
                    "ephemeral_storage_local_ssd_config": [],
                    "fast_socket": [],
                    "gcfs_config": [],
                    "guest_accelerator": [],
                    "gvnic": [],
                    "host_maintenance_policy": [],
                    "image_type": "COS_CONTAINERD",
                    "kubelet_config": [],
                    "labels": {
                      "env": "wp-project-qa"
                    },
                    "linux_node_config": [],
                    "local_nvme_ssd_block_config": [],
                    "local_ssd_count": 0,
                    "logging_variant": "DEFAULT",
                    "machine_type": "n1-standard-1",
                    "metadata": {
                      "disable-legacy-endpoints": "true"
                    },
                    "min_cpu_platform": "",
                    "node_group": "",
                    "oauth_scopes": [
                      "https://www.googleapis.com/auth/logging.write",
                      "https://www.googleapis.com/auth/monitoring"
                    ],
                    "preemptible": false,
                    "reservation_affinity": [],
                    "resource_labels": {},
                    "service_account": "default",
                    "shielded_instance_config": [
                      {
                        "enable_integrity_monitoring": true,
                        "enable_secure_boot": false
                      }
                    ],
                    "sole_tenant_config": [],
                    "spot": false,
                    "tags": [
                      "gke-node",
                      "wp-project-qa-gke"
                    ],
                    "taint": [],
                    "workload_metadata_config": []
                  }
                ],
                "node_count": 1,
                "node_locations": [
                  "europe-west1-c"
                ],
                "placement_policy": [],
                "upgrade_settings": [
                  {
                    "blue_green_settings": [],
                    "max_surge": 1,
                    "max_unavailable": 0,
                    "strategy": "SURGE"
                  }
                ],
                "version": "1.27.4-gke.900"
              }
            ],
            "node_pool_auto_config": [],
            "node_pool_defaults": [
              {
                "node_config_defaults": [
                  {
                    "logging_variant": "DEFAULT"
                  }
                ]
              }
            ],
            "node_version": "1.27.4-gke.900",
            "notification_config": [
              {
                "pubsub": [
                  {
                    "enabled": false,
                    "filter": [],
                    "topic": ""
                  }
                ]
              }
            ],
            "operation": null,
            "private_cluster_config": [
              {
                "enable_private_endpoint": false,
                "enable_private_nodes": false,
                "master_global_access_config": [
                  {
                    "enabled": false
                  }
                ],
                "master_ipv4_cidr_block": "",
                "peering_name": "",
                "private_endpoint": "10.10.0.5",
                "private_endpoint_subnetwork": "",
                "public_endpoint": "35.189.223.91"
              }
            ],
            "private_ipv6_google_access": "",
            "project": "wp-project-qa",
            "release_channel": [
              {
                "channel": "REGULAR"
              }
            ],
            "remove_default_node_pool": true,
            "resource_labels": {},
            "resource_usage_export_config": [],
            "security_posture_config": [
              {
                "mode": "BASIC",
                "vulnerability_mode": "VULNERABILITY_MODE_UNSPECIFIED"
              }
            ],
            "self_link": "https://container.googleapis.com/v1/projects/wp-project-qa/zones/europe-west1-c/clusters/wp-project-qa-gke-cluster",
            "service_external_ips_config": [
              {
                "enabled": false
              }
            ],
            "services_ipv4_cidr": "10.236.0.0/20",
            "subnetwork": "projects/wp-project-qa/regions/europe-west1/subnetworks/wp-project-qa-subnet",
            "timeouts": null,
            "tpu_ipv4_cidr_block": "",
            "vertical_pod_autoscaling": [],
            "workload_identity_config": []
          },
          "sensitive_attributes": [],
          "private": "eyJlMmJmYjczMC1lY2FhLTExZTYtOGY4OC0zNDM2M2JjN2M0YzAiOnsiY3JlYXRlIjoyNDAwMDAwMDAwMDAwLCJkZWxldGUiOjI0MDAwMDAwMDAwMDAsInJlYWQiOjI0MDAwMDAwMDAwMDAsInVwZGF0ZSI6MzYwMDAwMDAwMDAwMH0sInNjaGVtYV92ZXJzaW9uIjoiMiJ9",
          "dependencies": [
            "module.main_vpc.google_compute_network.vpc",
            "module.main_vpc.google_compute_subnetwork.subnet"
          ]
        }
      ]
    },
    {
      "module": "module.main_kubernetes",
      "mode": "managed",
      "type": "google_container_node_pool",
      "name": "wp_project_cluster_nodes",
      "provider": "provider[\"registry.terraform.io/hashicorp/google\"]",
      "instances": [
        {
          "schema_version": 1,
          "attributes": {
            "autoscaling": [],
            "cluster": "wp-project-qa-gke-cluster",
            "id": "projects/wp-project-qa/locations/europe-west1-c/clusters/wp-project-qa-gke-cluster/nodePools/wp-project-qa-gke-cluster",
            "initial_node_count": 1,
            "instance_group_urls": [
              "https://www.googleapis.com/compute/v1/projects/wp-project-qa/zones/europe-west1-c/instanceGroupManagers/gke-wp-project-qa-gk-wp-project-qa-gk-e059f1ca-grp"
            ],
            "location": "europe-west1-c",
            "managed_instance_group_urls": [
              "https://www.googleapis.com/compute/v1/projects/wp-project-qa/zones/europe-west1-c/instanceGroups/gke-wp-project-qa-gk-wp-project-qa-gk-e059f1ca-grp"
            ],
            "management": [
              {
                "auto_repair": true,
                "auto_upgrade": true
              }
            ],
            "max_pods_per_node": 110,
            "name": "wp-project-qa-gke-cluster",
            "name_prefix": "",
            "network_config": [
              {
                "create_pod_range": false,
                "enable_private_nodes": false,
                "pod_cidr_overprovision_config": [],
                "pod_ipv4_cidr_block": "10.232.0.0/14",
                "pod_range": "gke-wp-project-qa-gke-cluster-pods-213541ca"
              }
            ],
            "node_config": [
              {
                "advanced_machine_features": [],
                "boot_disk_kms_key": "",
                "confidential_nodes": [],
                "disk_size_gb": 50,
                "disk_type": "pd-standard",
                "effective_taints": [],
                "ephemeral_storage_local_ssd_config": [],
                "fast_socket": [],
                "gcfs_config": [],
                "guest_accelerator": [],
                "gvnic": [],
                "host_maintenance_policy": [],
                "image_type": "COS_CONTAINERD",
                "kubelet_config": [],
                "labels": {
                  "env": "wp-project-qa"
                },
                "linux_node_config": [],
                "local_nvme_ssd_block_config": [],
                "local_ssd_count": 0,
                "logging_variant": "DEFAULT",
                "machine_type": "n1-standard-1",
                "metadata": {
                  "disable-legacy-endpoints": "true"
                },
                "min_cpu_platform": "",
                "node_group": "",
                "oauth_scopes": [
                  "https://www.googleapis.com/auth/logging.write",
                  "https://www.googleapis.com/auth/monitoring"
                ],
                "preemptible": false,
                "reservation_affinity": [],
                "resource_labels": {},
                "service_account": "default",
                "shielded_instance_config": [
                  {
                    "enable_integrity_monitoring": true,
                    "enable_secure_boot": false
                  }
                ],
                "sole_tenant_config": [],
                "spot": false,
                "tags": [
                  "gke-node",
                  "wp-project-qa-gke"
                ],
                "taint": [],
                "workload_metadata_config": []
              }
            ],
            "node_count": 1,
            "node_locations": [
              "europe-west1-c"
            ],
            "operation": null,
            "placement_policy": [],
            "project": "wp-project-qa",
            "timeouts": null,
            "upgrade_settings": [
              {
                "blue_green_settings": [],
                "max_surge": 1,
                "max_unavailable": 0,
                "strategy": "SURGE"
              }
            ],
            "version": "1.27.4-gke.900"
          },
          "sensitive_attributes": [],
          "private": "eyJlMmJmYjczMC1lY2FhLTExZTYtOGY4OC0zNDM2M2JjN2M0YzAiOnsiY3JlYXRlIjoxODAwMDAwMDAwMDAwLCJkZWxldGUiOjE4MDAwMDAwMDAwMDAsInVwZGF0ZSI6MTgwMDAwMDAwMDAwMH0sInNjaGVtYV92ZXJzaW9uIjoiMSJ9",
          "dependencies": [
            "module.main_kubernetes.data.google_container_engine_versions.gke_version",
            "module.main_kubernetes.google_container_cluster.wp_project_cluster",
            "module.main_vpc.google_compute_network.vpc",
            "module.main_vpc.google_compute_subnetwork.subnet"
          ]
        }
      ]
    },
    {
      "module": "module.main_kubernetes",
      "mode": "managed",
      "type": "kubernetes_namespace",
      "name": "aspnet-namespace",
      "provider": "provider[\"registry.terraform.io/hashicorp/kubernetes\"]",
      "instances": [
        {
          "schema_version": 0,
          "attributes": {
            "id": "aspnet",
            "metadata": [
              {
                "annotations": {
                  "name": "aspnet-namespace"
                },
                "generate_name": "",
                "generation": 0,
                "labels": {},
                "name": "aspnet",
                "resource_version": "33986",
                "uid": "854505bc-6f92-4cc0-a7a5-22c2fbcd5f2e"
              }
            ],
            "timeouts": null,
            "wait_for_default_service_account": false
          },
          "sensitive_attributes": [],
          "private": "eyJlMmJmYjczMC1lY2FhLTExZTYtOGY4OC0zNDM2M2JjN2M0YzAiOnsiZGVsZXRlIjozMDAwMDAwMDAwMDB9fQ=="
        }
      ]
    },
    {
      "module": "module.main_kubernetes",
      "mode": "managed",
      "type": "kubernetes_namespace",
      "name": "wp-namespace",
      "provider": "provider[\"registry.terraform.io/hashicorp/kubernetes\"]",
      "instances": [
        {
          "schema_version": 0,
          "attributes": {
            "id": "wp",
            "metadata": [
              {
                "annotations": {
                  "name": "wp-namespace"
                },
                "generate_name": "",
                "generation": 0,
                "labels": null,
                "name": "wp",
                "resource_version": "79031",
                "uid": "c2fa0990-e63c-4e09-86b5-724a4b442d90"
              }
            ],
            "timeouts": null,
            "wait_for_default_service_account": false
          },
          "sensitive_attributes": [],
          "private": "eyJlMmJmYjczMC1lY2FhLTExZTYtOGY4OC0zNDM2M2JjN2M0YzAiOnsiZGVsZXRlIjozMDAwMDAwMDAwMDB9fQ=="
        }
      ]
    },
    {
      "module": "module.main_kubernetes",
      "mode": "managed",
      "type": "kubernetes_secret",
      "name": "wp_mysql_secret",
      "provider": "provider[\"registry.terraform.io/hashicorp/kubernetes\"]",
      "instances": [
        {
          "schema_version": 0,
          "attributes": {
            "binary_data": null,
            "data": {
              "db_host": "34.76.237.211",
              "db_name": "mysql-db",
              "db_password": "mysql-username",
              "db_username": "mysql-password"
            },
            "id": "wp/mysql",
            "immutable": false,
            "metadata": [
              {
                "annotations": null,
                "generate_name": "",
                "generation": 0,
                "labels": null,
                "name": "mysql",
                "namespace": "wp",
                "resource_version": "79038",
                "uid": "8acf0070-2a8c-4101-93a0-c5c99078599f"
              }
            ],
            "timeouts": null,
            "type": "Opaque",
            "wait_for_service_account_token": true
          },
          "sensitive_attributes": [
            [
              {
                "type": "get_attr",
                "value": "data"
              },
              {
                "type": "index",
                "value": {
                  "value": "db_host",
                  "type": "string"
                }
              }
            ],
            [
              {
                "type": "get_attr",
                "value": "data"
              },
              {
                "type": "index",
                "value": {
                  "value": "db_name",
                  "type": "string"
                }
              }
            ],
            [
              {
                "type": "get_attr",
                "value": "data"
              },
              {
                "type": "index",
                "value": {
                  "value": "db_password",
                  "type": "string"
                }
              }
            ],
            [
              {
                "type": "get_attr",
                "value": "data"
              },
              {
                "type": "index",
                "value": {
                  "value": "db_username",
                  "type": "string"
                }
              }
            ]
          ],
          "private": "eyJlMmJmYjczMC1lY2FhLTExZTYtOGY4OC0zNDM2M2JjN2M0YzAiOnsiY3JlYXRlIjo2MDAwMDAwMDAwMH19",
          "dependencies": [
            "data.google_secret_manager_secret_version.mysql_db_host",
            "data.google_secret_manager_secret_version.mysql_db_name",
            "data.google_secret_manager_secret_version.mysql_db_password",
            "data.google_secret_manager_secret_version.mysql_db_username"
          ]
        }
      ]
    },
    {
      "module": "module.main_kubernetes",
      "mode": "managed",
      "type": "kubernetes_secret",
      "name": "wp_registry_sa_secret",
      "provider": "provider[\"registry.terraform.io/hashicorp/kubernetes\"]",
      "instances": [
        {
          "schema_version": 0,
          "attributes": {
            "binary_data": null,
            "data": {
              ".dockerconfigjson": "{\"auths\":{\"https://europe-west1-docker.pkg.dev\":{\"username\":\"_json_key\",\"password\":\"{\\n  \\\"type\\\": \\\"service_account\\\",\\n  \\\"project_id\\\": \\\"wp-project-qa\\\",\\n  \\\"private_key_id\\\": \\\"1515fea92ef9bb3228050a5e70dc1e1607f0e17a\\\",\\n  \\\"private_key\\\": \\\"-----BEGIN PRIVATE KEY-----\\\\nMIIEvAIBADANBgkqhkiG9w0BAQEFAASCBKYwggSiAgEAAoIBAQCXfjNGH+vrbNWY\\\\nAFz28GudGSgrmY4gaj7EGX1bsW4KW24oUOEIc4bwyIbgpbaY+FC/HyUdk+/ncprQ\\\\n1kfRb/j+FcC8rUMUndYKbFI7X098IKSGqUfpJE9JITCCNggqCcji5VTe4waUdb/M\\\\nAGuo7wMuR5KOnohXFU16EMTRzNwFDn2/8/mz+swTkPkH5aXlBuKK4adOboTpk6XH\\\\nzZJvtS5hs69Zb0zIlVPjQ9Bg49N3iuKDshuQXqCLylKlc/RjycE2tcmp1SIdhp3t\\\\nwf/zsGIQywDCxHGxN7mn8+lFOUCOvt8dC7L5cV7NgCrBI050iBpGz6p0sBn6uC1A\\\\nog8bvXLTAgMBAAECggEAPLctoZtFmHNkH6l1mNq+ppXgjajbV459XWbB4S/5ZFlE\\\\niw/vQM3cdUBJHlwMFL7gzdiTrYkPC3nZJn3bBsuTxXG+b2AZlHe1wzOquXT3jE4g\\\\n4n+R/JS62hpdMLKrDv4g7x7upu3iQzn2BrLcczZn1fKFgHd1OUGmbZeu6k7ql3Ob\\\\nabVrFQQkVSA7+yLYo4WWF0M1YhHokZxVamm4IRVl6IN6cuV1EmpiOTfptNDj5++W\\\\ny43Tg6dV8M1BVe+vhXD5vM9FvyRWXzRw0PK48q4T/yX6tyOlTUP0BdMZhfxj6Afa\\\\n+YeE6jvrECSlUWLc76VH3YVkFYuLZgVz+9v0AdegQQKBgQDMFviRTAiRU6fa9bbo\\\\nn8qCr7zw3GNIfeIbkntyqv5mYpL4XZ9vlKR6DmDS5/nUgW+MWWB/JvBJKh1hPNdn\\\\nKjTUDTbaCcDAEIBHvYOa7mh40gIL4yH9jPspSJAUalyLX8SiHDbO0jQsFlorihII\\\\nj7uGv2HaZA/jg2vtJ3NCHbAE4wKBgQC+BnY5innFFAlPFQ84txxt6+8A5VTpspSQ\\\\nPmm0h76viKzv6y96GjIvT861YWtX+i+LJ8JY7rwLPbMU+LZikEMBfslusgMi9PZu\\\\nJrJb2GX2aRWzisJR+ywecFt5shV42VP+QvxSLGqBpDlC2udDQdskaWrLkoyr9C4x\\\\nO2S4KBAtUQKBgDH1sZWH4lUJAH8mRUc+zokdUgg4Owmk3zPWsOeKGkqf+NBZwszC\\\\nu1yxplwas1qk8NSPkIKv2oRejeCezzAO8e2y6mmHl6qsn2pwZwYHNIXXCu80A78Y\\\\nwucBP1vwCYWIxQ7WD0ijxmfAdQRRgUadQM+ki+S1N/p+0m20iY92yv73AoGAFuoy\\\\nkYfIXWKoKLgyaLV0ITFFVgdRsQjO74IHPzTrYsGJkTj8Na45BQmLtMW1qxtJZm95\\\\n+T14waZEFTBU1hftbJ28brPauvltSiUydu7mhMtxSYBfJIG0dUs5TLiT7EnQ3iV3\\\\nxfUDNvT1zsEVCEBFy+NGdJwMiKPeeiNeZvK12LECgYBzKXxCLKX97yd2XMgagiV6\\\\nGyfnhkkDr9Dm3MYsUZp6hn+YGGVR3YdpFe3uNj2L3m6TD+qHqzfDP/S1IGrXfLXs\\\\nUah0/csi3NYak4uI1KZAnSPVIttq8w3g9QDvNvcD9ZUtFlS2kIhA5AMXMUL8Eq/j\\\\n0pGJD7oInBVOvbW2Lv5rUg==\\\\n-----END PRIVATE KEY-----\\\\n\\\",\\n  \\\"client_email\\\": \\\"registry-sa@wp-project-qa.iam.gserviceaccount.com\\\",\\n  \\\"client_id\\\": \\\"108173677192416161273\\\",\\n  \\\"auth_uri\\\": \\\"https://accounts.google.com/o/oauth2/auth\\\",\\n  \\\"token_uri\\\": \\\"https://oauth2.googleapis.com/token\\\",\\n  \\\"auth_provider_x509_cert_url\\\": \\\"https://www.googleapis.com/oauth2/v1/certs\\\",\\n  \\\"client_x509_cert_url\\\": \\\"https://www.googleapis.com/robot/v1/metadata/x509/registry-sa%40wp-project-qa.iam.gserviceaccount.com\\\",\\n  \\\"universe_domain\\\": \\\"googleapis.com\\\"\\n}\",\"email\":\"registry-sa@wp-project-qa.iam.gserviceaccount.com\",\"auth\":\"X2pzb25fa2V5OnsKICAidHlwZSI6ICJzZXJ2aWNlX2FjY291bnQiLAogICJwcm9qZWN0X2lkIjogIndwLXByb2plY3QtcWEiLAogICJwcml2YXRlX2tleV9pZCI6ICIxNTE1ZmVhOTJlZjliYjMyMjgwNTBhNWU3MGRjMWUxNjA3ZjBlMTdhIiwKICAicHJpdmF0ZV9rZXkiOiAiLS0tLS1CRUdJTiBQUklWQVRFIEtFWS0tLS0tXG5NSUlFdkFJQkFEQU5CZ2txaGtpRzl3MEJBUUVGQUFTQ0JLWXdnZ1NpQWdFQUFvSUJBUUNYZmpOR0grdnJiTldZXG5BRnoyOEd1ZEdTZ3JtWTRnYWo3RUdYMWJzVzRLVzI0b1VPRUljNGJ3eUliZ3BiYVkrRkMvSHlVZGsrL25jcHJRXG4xa2ZSYi9qK0ZjQzhyVU1VbmRZS2JGSTdYMDk4SUtTR3FVZnBKRTlKSVRDQ05nZ3FDY2ppNVZUZTR3YVVkYi9NXG5BR3VvN3dNdVI1S09ub2hYRlUxNkVNVFJ6TndGRG4yLzgvbXorc3dUa1BrSDVhWGxCdUtLNGFkT2JvVHBrNlhIXG56Wkp2dFM1aHM2OVpiMHpJbFZQalE5Qmc0OU4zaXVLRHNodVFYcUNMeWxLbGMvUmp5Y0UydGNtcDFTSWRocDN0XG53Zi96c0dJUXl3REN4SEd4TjdtbjgrbEZPVUNPdnQ4ZEM3TDVjVjdOZ0NyQkkwNTBpQnBHejZwMHNCbjZ1QzFBXG5vZzhidlhMVEFnTUJBQUVDZ2dFQVBMY3RvWnRGbUhOa0g2bDFtTnErcHBYZ2phamJWNDU5WFdiQjRTLzVaRmxFXG5pdy92UU0zY2RVQkpIbHdNRkw3Z3pkaVRyWWtQQzNuWkpuM2JCc3VUeFhHK2IyQVpsSGUxd3pPcXVYVDNqRTRnXG40bitSL0pTNjJocGRNTEtyRHY0Zzd4N3VwdTNpUXpuMkJyTGNjelpuMWZLRmdIZDFPVUdtYlpldTZrN3FsM09iXG5hYlZyRlFRa1ZTQTcreUxZbzRXV0YwTTFZaEhva1p4VmFtbTRJUlZsNklONmN1VjFFbXBpT1RmcHRORGo1KytXXG55NDNUZzZkVjhNMUJWZSt2aFhENXZNOUZ2eVJXWHpSdzBQSzQ4cTRUL3lYNnR5T2xUVVAwQmRNWmhmeGo2QWZhXG4rWWVFNmp2ckVDU2xVV0xjNzZWSDNZVmtGWXVMWmdWeis5djBBZGVnUVFLQmdRRE1GdmlSVEFpUlU2ZmE5YmJvXG5uOHFDcjd6dzNHTklmZUlia250eXF2NW1ZcEw0WFo5dmxLUjZEbURTNS9uVWdXK01XV0IvSnZCSktoMWhQTmRuXG5LalRVRFRiYUNjREFFSUJIdllPYTdtaDQwZ0lMNHlIOWpQc3BTSkFVYWx5TFg4U2lIRGJPMGpRc0Zsb3JpaElJXG5qN3VHdjJIYVpBL2pnMnZ0SjNOQ0hiQUU0d0tCZ1FDK0JuWTVpbm5GRkFsUEZRODR0eHh0Nis4QTVWVHBzcFNRXG5QbW0waDc2dmlLenY2eTk2R2pJdlQ4NjFZV3RYK2krTEo4Slk3cndMUGJNVStMWmlrRU1CZnNsdXNnTWk5UFp1XG5KckpiMkdYMmFSV3ppc0pSK3l3ZWNGdDVzaFY0MlZQK1F2eFNMR3FCcERsQzJ1ZERRZHNrYVdyTGtveXI5QzR4XG5PMlM0S0JBdFVRS0JnREgxc1pXSDRsVUpBSDhtUlVjK3pva2RVZ2c0T3dtazN6UFdzT2VLR2txZitOQlp3c3pDXG51MXl4cGx3YXMxcWs4TlNQa0lLdjJvUmVqZUNlenpBTzhlMnk2bW1IbDZxc24ycHdad1lITklYWEN1ODBBNzhZXG53dWNCUDF2d0NZV0l4UTdXRDBpanhtZkFkUVJSZ1VhZFFNK2tpK1MxTi9wKzBtMjBpWTkyeXY3M0FvR0FGdW95XG5rWWZJWFdLb0tMZ3lhTFYwSVRGRlZnZFJzUWpPNzRJSFB6VHJZc0dKa1RqOE5hNDVCUW1MdE1XMXF4dEpabTk1XG4rVDE0d2FaRUZUQlUxaGZ0YkoyOGJyUGF1dmx0U2lVeWR1N21oTXR4U1lCZkpJRzBkVXM1VExpVDdFblEzaVYzXG54ZlVETnZUMXpzRVZDRUJGeStOR2RKd01pS1BlZWlOZVp2SzEyTEVDZ1lCektYeENMS1g5N3lkMlhNZ2FnaVY2XG5HeWZuaGtrRHI5RG0zTVlzVVpwNmhuK1lHR1ZSM1lkcEZlM3VOajJMM202VEQrcUhxemZEUC9TMUlHclhmTFhzXG5VYWgwL2NzaTNOWWFrNHVJMUtaQW5TUFZJdHRxOHczZzlRRHZOdmNEOVpVdEZsUzJrSWhBNUFNWE1VTDhFcS9qXG4wcEdKRDdvSW5CVk92YlcyTHY1clVnPT1cbi0tLS0tRU5EIFBSSVZBVEUgS0VZLS0tLS1cbiIsCiAgImNsaWVudF9lbWFpbCI6ICJyZWdpc3RyeS1zYUB3cC1wcm9qZWN0LXFhLmlhbS5nc2VydmljZWFjY291bnQuY29tIiwKICAiY2xpZW50X2lkIjogIjEwODE3MzY3NzE5MjQxNjE2MTI3MyIsCiAgImF1dGhfdXJpIjogImh0dHBzOi8vYWNjb3VudHMuZ29vZ2xlLmNvbS9vL29hdXRoMi9hdXRoIiwKICAidG9rZW5fdXJpIjogImh0dHBzOi8vb2F1dGgyLmdvb2dsZWFwaXMuY29tL3Rva2VuIiwKICAiYXV0aF9wcm92aWRlcl94NTA5X2NlcnRfdXJsIjogImh0dHBzOi8vd3d3Lmdvb2dsZWFwaXMuY29tL29hdXRoMi92MS9jZXJ0cyIsCiAgImNsaWVudF94NTA5X2NlcnRfdXJsIjogImh0dHBzOi8vd3d3Lmdvb2dsZWFwaXMuY29tL3JvYm90L3YxL21ldGFkYXRhL3g1MDkvcmVnaXN0cnktc2ElNDB3cC1wcm9qZWN0LXFhLmlhbS5nc2VydmljZWFjY291bnQuY29tIiwKICAidW5pdmVyc2VfZG9tYWluIjogImdvb2dsZWFwaXMuY29tIgp9\"}}}"
            },
            "id": "wp/registry-sa",
            "immutable": false,
            "metadata": [
              {
                "annotations": null,
                "generate_name": "",
                "generation": 0,
                "labels": null,
                "name": "registry-sa",
                "namespace": "wp",
                "resource_version": "79039",
                "uid": "4b58f342-627d-4fdb-babd-3acfd7cbace0"
              }
            ],
            "timeouts": null,
            "type": "kubernetes.io/dockerconfigjson",
            "wait_for_service_account_token": true
          },
          "sensitive_attributes": [
            [
              {
                "type": "get_attr",
                "value": "data"
              },
              {
                "type": "index",
                "value": {
                  "value": ".dockerconfigjson",
                  "type": "string"
                }
              }
            ]
          ],
          "private": "eyJlMmJmYjczMC1lY2FhLTExZTYtOGY4OC0zNDM2M2JjN2M0YzAiOnsiY3JlYXRlIjo2MDAwMDAwMDAwMH19",
          "dependencies": [
            "data.google_secret_manager_secret_version.registry_sa_secret_data"
          ]
        }
      ]
    },
    {
      "module": "module.main_sql",
      "mode": "managed",
      "type": "google_sql_database",
      "name": "wp_mysql_db",
      "provider": "provider[\"registry.terraform.io/hashicorp/google\"]",
      "instances": [
        {
          "schema_version": 0,
          "attributes": {
            "charset": "utf8mb4",
            "collation": "utf8mb4_0900_ai_ci",
            "deletion_policy": "DELETE",
            "id": "projects/wp-project-qa/instances/wp-project-qa-mysql-instance/databases/mysql-db",
            "instance": "wp-project-qa-mysql-instance",
            "name": "mysql-db",
            "project": "wp-project-qa",
            "self_link": "https://sqladmin.googleapis.com/sql/v1beta4/projects/wp-project-qa/instances/wp-project-qa-mysql-instance/databases/mysql-db",
            "timeouts": null
          },
          "sensitive_attributes": [
            [
              {
                "type": "get_attr",
                "value": "name"
              }
            ]
          ],
          "private": "eyJlMmJmYjczMC1lY2FhLTExZTYtOGY4OC0zNDM2M2JjN2M0YzAiOnsiY3JlYXRlIjoxMjAwMDAwMDAwMDAwLCJkZWxldGUiOjEyMDAwMDAwMDAwMDAsInVwZGF0ZSI6MTIwMDAwMDAwMDAwMH19",
          "dependencies": [
            "data.google_secret_manager_secret_version.mysql_db_name",
            "module.main_sql.google_sql_database_instance.wp_mysql_instance"
          ]
        }
      ]
    },
    {
      "module": "module.main_sql",
      "mode": "managed",
      "type": "google_sql_database_instance",
      "name": "wp_mysql_instance",
      "provider": "provider[\"registry.terraform.io/hashicorp/google\"]",
      "instances": [
        {
          "schema_version": 0,
          "attributes": {
            "available_maintenance_versions": [],
            "clone": [],
            "connection_name": "wp-project-qa:europe-west1:wp-project-qa-mysql-instance",
            "database_version": "MYSQL_8_0",
            "deletion_protection": false,
            "dns_name": "",
            "encryption_key_name": null,
            "first_ip_address": "34.76.237.211",
            "id": "wp-project-qa-mysql-instance",
            "instance_type": "CLOUD_SQL_INSTANCE",
            "ip_address": [
              {
                "ip_address": "34.76.237.211",
                "time_to_retire": "",
                "type": "PRIMARY"
              }
            ],
            "maintenance_version": "MYSQL_8_0_31.R20231105.01_00",
            "master_instance_name": "",
            "name": "wp-project-qa-mysql-instance",
            "private_ip_address": "",
            "project": "wp-project-qa",
            "psc_service_attachment_link": "",
            "public_ip_address": "34.76.237.211",
            "region": "europe-west1",
            "replica_configuration": [],
            "restore_backup_context": [],
            "root_password": null,
            "self_link": "https://sqladmin.googleapis.com/sql/v1beta4/projects/wp-project-qa/instances/wp-project-qa-mysql-instance",
            "server_ca_cert": [
              {
                "cert": "-----BEGIN CERTIFICATE-----\nMIIDfzCCAmegAwIBAgIBADANBgkqhkiG9w0BAQsFADB3MS0wKwYDVQQuEyQ3OTAz\nODE1ZS1kNzJmLTQ5OWMtYmQyZC04MDMwYzNlMTllMDUxIzAhBgNVBAMTGkdvb2ds\nZSBDbG91ZCBTUUwgU2VydmVyIENBMRQwEgYDVQQKEwtHb29nbGUsIEluYzELMAkG\nA1UEBhMCVVMwHhcNMjMxMTE2MjMxOTAzWhcNMzMxMTEzMjMyMDAzWjB3MS0wKwYD\nVQQuEyQ3OTAzODE1ZS1kNzJmLTQ5OWMtYmQyZC04MDMwYzNlMTllMDUxIzAhBgNV\nBAMTGkdvb2dsZSBDbG91ZCBTUUwgU2VydmVyIENBMRQwEgYDVQQKEwtHb29nbGUs\nIEluYzELMAkGA1UEBhMCVVMwggEiMA0GCSqGSIb3DQEBAQUAA4IBDwAwggEKAoIB\nAQCErKIKts0waakZOMRrWcYqApb5xSwM5pHopNzg9P469ckNv71I24AUPL/Bkmis\n92QoMWNg05Cc+LiMUh6Ob9JyjSp85/hmZz7qKY9kDSMzMvsryfRbSa3+cTD92iA3\nD6JSOp99JR7L/u1OdEK5rarEwd2O/VBOmyxxvH7z+XDD4aaEx5xtLuBGkqBiHsBB\n7cA+NUwyLEY+psNl4EhwbRriIl0cKpqnhRPf7uVXB9B/CAav/rkSOIrAdCPjDw3p\nbJASJQ+Ut+yeA9bgLRDt6x/LnKeRATC/FprIJR54sdNZHVqHFbAg2WHyp5BG9Qx1\nAvn2bWVj2PLBX8JZzhUYBSkLAgMBAAGjFjAUMBIGA1UdEwEB/wQIMAYBAf8CAQAw\nDQYJKoZIhvcNAQELBQADggEBAE8TzvIzmtdRhFslgLDsuBA+WA0tYJlVahYSvlqt\neMXchDvyF2DXIPKlu5FciyKYYi0cttFop27KFTOOlCSMTuQdlkwoQRY3lSgiJmwD\naXwr1xbFK4ctGmz6JG7HjeuxgfpFnlhF2+749Gps01SFDXjKi0erntqJ1cT91+sg\np/roKRkMxFJ43agaFX//WsjBSP2fYaH9rPdmBUMihVGZA6EHN5DXLsvnx0qMyQjb\n+YoMLa8s7aYzaWwRVvrPa8eulqFr+GWQdGOltu/D7Sm5e039NqEaS5UmL+W57rHW\nqln5/p58jIpWiVmrU8vLwelm6h1udz7pEfKR1YZPABcxg7g=\n-----END CERTIFICATE-----",
                "common_name": "C=US,O=Google\\, Inc,CN=Google Cloud SQL Server CA,dnQualifier=7903815e-d72f-499c-bd2d-8030c3e19e05",
                "create_time": "2023-11-16T23:19:03.772Z",
                "expiration_time": "2033-11-13T23:20:03.772Z",
                "sha1_fingerprint": "69fa28d51c6a6b6d06bec258fd4cf71ff1768927"
              }
            ],
            "service_account_email_address": "p284298684649-9t6uqx@gcp-sa-cloud-sql.iam.gserviceaccount.com",
            "settings": [
              {
                "activation_policy": "ALWAYS",
                "active_directory_config": [],
                "advanced_machine_features": [],
                "availability_type": "ZONAL",
                "backup_configuration": [
                  {
                    "backup_retention_settings": [
                      {
                        "retained_backups": 7,
                        "retention_unit": "COUNT"
                      }
                    ],
                    "binary_log_enabled": false,
                    "enabled": false,
                    "location": "",
                    "point_in_time_recovery_enabled": false,
                    "start_time": "17:00",
                    "transaction_log_retention_days": 7
                  }
                ],
                "collation": "",
                "connector_enforcement": "NOT_REQUIRED",
                "data_cache_config": [],
                "database_flags": [],
                "deletion_protection_enabled": false,
                "deny_maintenance_period": [],
                "disk_autoresize": true,
                "disk_autoresize_limit": 0,
                "disk_size": 10,
                "disk_type": "PD_SSD",
                "edition": "ENTERPRISE",
                "insights_config": [],
                "ip_configuration": [
                  {
                    "allocated_ip_range": "",
                    "authorized_networks": [],
                    "enable_private_path_for_google_cloud_services": false,
                    "ipv4_enabled": true,
                    "private_network": "",
                    "psc_config": [],
                    "require_ssl": false,
                    "ssl_mode": ""
                  }
                ],
                "location_preference": [
                  {
                    "follow_gae_application": "",
                    "secondary_zone": "",
                    "zone": "europe-west1-b"
                  }
                ],
                "maintenance_window": [],
                "password_validation_policy": [],
                "pricing_plan": "PER_USE",
                "sql_server_audit_config": [],
                "tier": "db-f1-micro",
                "time_zone": "",
                "user_labels": {},
                "version": 2
              }
            ],
            "timeouts": null
          },
          "sensitive_attributes": [],
          "private": "eyJlMmJmYjczMC1lY2FhLTExZTYtOGY4OC0zNDM2M2JjN2M0YzAiOnsiY3JlYXRlIjoyNDAwMDAwMDAwMDAwLCJkZWxldGUiOjE4MDAwMDAwMDAwMDAsInVwZGF0ZSI6MTgwMDAwMDAwMDAwMH19"
        }
      ]
    },
    {
      "module": "module.main_sql",
      "mode": "managed",
      "type": "google_sql_user",
      "name": "wp_mysql_db_user",
      "provider": "provider[\"registry.terraform.io/hashicorp/google\"]",
      "instances": [
        {
          "schema_version": 1,
          "attributes": {
            "deletion_policy": null,
            "host": "",
            "id": "mysql-password//wp-project-qa-mysql-instance",
            "instance": "wp-project-qa-mysql-instance",
            "name": "mysql-password",
            "password": "mysql-username",
            "password_policy": [],
            "project": "wp-project-qa",
            "sql_server_user_details": [],
            "timeouts": null,
            "type": ""
          },
          "sensitive_attributes": [
            [
              {
                "type": "get_attr",
                "value": "password"
              }
            ],
            [
              {
                "type": "get_attr",
                "value": "name"
              }
            ]
          ],
          "private": "eyJlMmJmYjczMC1lY2FhLTExZTYtOGY4OC0zNDM2M2JjN2M0YzAiOnsiY3JlYXRlIjo2MDAwMDAwMDAwMDAsImRlbGV0ZSI6NjAwMDAwMDAwMDAwLCJ1cGRhdGUiOjYwMDAwMDAwMDAwMH0sInNjaGVtYV92ZXJzaW9uIjoiMSJ9",
          "dependencies": [
            "data.google_secret_manager_secret_version.mysql_db_password",
            "data.google_secret_manager_secret_version.mysql_db_username",
            "module.main_sql.google_sql_database_instance.wp_mysql_instance"
          ]
        }
      ]
    },
    {
      "module": "module.main_vpc",
      "mode": "managed",
      "type": "google_compute_network",
      "name": "vpc",
      "provider": "provider[\"registry.terraform.io/hashicorp/google\"]",
      "instances": [
        {
          "schema_version": 0,
          "attributes": {
            "auto_create_subnetworks": false,
            "delete_default_routes_on_create": false,
            "description": "",
            "enable_ula_internal_ipv6": false,
            "gateway_ipv4": "",
            "id": "projects/wp-project-qa/global/networks/wp-project-qa-vpc",
            "internal_ipv6_range": "",
            "mtu": 0,
            "name": "wp-project-qa-vpc",
            "network_firewall_policy_enforcement_order": "AFTER_CLASSIC_FIREWALL",
            "project": "wp-project-qa",
            "routing_mode": "REGIONAL",
            "self_link": "https://www.googleapis.com/compute/v1/projects/wp-project-qa/global/networks/wp-project-qa-vpc",
            "timeouts": null
          },
          "sensitive_attributes": [],
          "private": "eyJlMmJmYjczMC1lY2FhLTExZTYtOGY4OC0zNDM2M2JjN2M0YzAiOnsiY3JlYXRlIjoxMjAwMDAwMDAwMDAwLCJkZWxldGUiOjEyMDAwMDAwMDAwMDAsInVwZGF0ZSI6MTIwMDAwMDAwMDAwMH19"
        }
      ]
    },
    {
      "module": "module.main_vpc",
      "mode": "managed",
      "type": "google_compute_subnetwork",
      "name": "subnet",
      "provider": "provider[\"registry.terraform.io/hashicorp/google\"]",
      "instances": [
        {
          "schema_version": 0,
          "attributes": {
            "creation_timestamp": "2023-11-16T13:06:36.313-08:00",
            "description": "",
            "external_ipv6_prefix": "",
            "fingerprint": null,
            "gateway_address": "10.10.0.1",
            "id": "projects/wp-project-qa/regions/europe-west1/subnetworks/wp-project-qa-subnet",
            "internal_ipv6_prefix": "",
            "ip_cidr_range": "10.10.0.0/24",
            "ipv6_access_type": "",
            "ipv6_cidr_range": "",
            "log_config": [],
            "name": "wp-project-qa-subnet",
            "network": "https://www.googleapis.com/compute/v1/projects/wp-project-qa/global/networks/wp-project-qa-vpc",
            "private_ip_google_access": true,
            "private_ipv6_google_access": "DISABLE_GOOGLE_ACCESS",
            "project": "wp-project-qa",
            "purpose": "PRIVATE",
            "region": "europe-west1",
            "role": "",
            "secondary_ip_range": [
              {
                "ip_cidr_range": "10.232.0.0/14",
                "range_name": "gke-wp-project-qa-gke-cluster-pods-213541ca"
              },
              {
                "ip_cidr_range": "10.236.0.0/20",
                "range_name": "gke-wp-project-qa-gke-cluster-services-213541ca"
              }
            ],
            "self_link": "https://www.googleapis.com/compute/v1/projects/wp-project-qa/regions/europe-west1/subnetworks/wp-project-qa-subnet",
            "stack_type": "IPV4_ONLY",
            "timeouts": null
          },
          "sensitive_attributes": [],
          "private": "eyJlMmJmYjczMC1lY2FhLTExZTYtOGY4OC0zNDM2M2JjN2M0YzAiOnsiY3JlYXRlIjoxMjAwMDAwMDAwMDAwLCJkZWxldGUiOjEyMDAwMDAwMDAwMDAsInVwZGF0ZSI6MTIwMDAwMDAwMDAwMH19",
          "dependencies": [
            "module.main_vpc.google_compute_network.vpc"
          ]
        }
      ]
    }
  ],
  "check_results": null
}
