{
  "version": 4,
  "terraform_version": "1.6.3",
  "serial": 5,
  "lineage": "d389868b-8f09-2c62-8680-d8671d757797",
  "outputs": {
    "main_vpc": {
      "value": {
        "network": {
          "auto_create_subnetworks": false,
          "delete_default_routes_on_create": false,
          "description": "",
          "enable_ula_internal_ipv6": false,
          "gateway_ipv4": "",
          "id": "projects/wp-project-404313/global/networks/wp-project-404313-vpc",
          "internal_ipv6_range": "",
          "mtu": 0,
          "name": "wp-project-404313-vpc",
          "network_firewall_policy_enforcement_order": "AFTER_CLASSIC_FIREWALL",
          "project": "wp-project-404313",
          "routing_mode": "REGIONAL",
          "self_link": "https://www.googleapis.com/compute/v1/projects/wp-project-404313/global/networks/wp-project-404313-vpc",
          "timeouts": null
        },
        "subnetwork": {
          "creation_timestamp": "2023-11-16T16:21:36.492-08:00",
          "description": "",
          "external_ipv6_prefix": "",
          "fingerprint": null,
          "gateway_address": "10.10.0.1",
          "id": "projects/wp-project-404313/regions/europe-west1/subnetworks/wp-project-404313-subnet",
          "internal_ipv6_prefix": "",
          "ip_cidr_range": "10.10.0.0/24",
          "ipv6_access_type": "",
          "ipv6_cidr_range": "",
          "log_config": [],
          "name": "wp-project-404313-subnet",
          "network": "https://www.googleapis.com/compute/v1/projects/wp-project-404313/global/networks/wp-project-404313-vpc",
          "private_ip_google_access": false,
          "private_ipv6_google_access": "DISABLE_GOOGLE_ACCESS",
          "project": "wp-project-404313",
          "purpose": "PRIVATE",
          "region": "europe-west1",
          "role": "",
          "secondary_ip_range": [],
          "self_link": "https://www.googleapis.com/compute/v1/projects/wp-project-404313/regions/europe-west1/subnetworks/wp-project-404313-subnet",
          "stack_type": "IPV4_ONLY",
          "timeouts": null
        }
      },
      "type": [
        "object",
        {
          "network": [
            "object",
            {
              "auto_create_subnetworks": "bool",
              "delete_default_routes_on_create": "bool",
              "description": "string",
              "enable_ula_internal_ipv6": "bool",
              "gateway_ipv4": "string",
              "id": "string",
              "internal_ipv6_range": "string",
              "mtu": "number",
              "name": "string",
              "network_firewall_policy_enforcement_order": "string",
              "project": "string",
              "routing_mode": "string",
              "self_link": "string",
              "timeouts": [
                "object",
                {
                  "create": "string",
                  "delete": "string",
                  "update": "string"
                }
              ]
            }
          ],
          "subnetwork": [
            "object",
            {
              "creation_timestamp": "string",
              "description": "string",
              "external_ipv6_prefix": "string",
              "fingerprint": "string",
              "gateway_address": "string",
              "id": "string",
              "internal_ipv6_prefix": "string",
              "ip_cidr_range": "string",
              "ipv6_access_type": "string",
              "ipv6_cidr_range": "string",
              "log_config": [
                "list",
                [
                  "object",
                  {
                    "aggregation_interval": "string",
                    "filter_expr": "string",
                    "flow_sampling": "number",
                    "metadata": "string",
                    "metadata_fields": [
                      "set",
                      "string"
                    ]
                  }
                ]
              ],
              "name": "string",
              "network": "string",
              "private_ip_google_access": "bool",
              "private_ipv6_google_access": "string",
              "project": "string",
              "purpose": "string",
              "region": "string",
              "role": "string",
              "secondary_ip_range": [
                "list",
                [
                  "object",
                  {
                    "ip_cidr_range": "string",
                    "range_name": "string"
                  }
                ]
              ],
              "self_link": "string",
              "stack_type": "string",
              "timeouts": [
                "object",
                {
                  "create": "string",
                  "delete": "string",
                  "update": "string"
                }
              ]
            }
          ]
        }
      ]
    }
  },
  "resources": [
    {
      "module": "module.main_kubernetes",
      "mode": "data",
      "type": "google_container_engine_versions",
      "name": "gke_version",
      "provider": "provider[\"registry.terraform.io/hashicorp/google\"]",
      "instances": [
        {
          "schema_version": 0,
          "attributes": {
            "default_cluster_version": "1.27.3-gke.100",
            "id": "2023-11-17 00:21:06.131848191 +0000 UTC",
            "latest_master_version": "1.27.7-gke.1121000",
            "latest_node_version": "1.27.7-gke.1121000",
            "location": "europe-west1-c",
            "project": null,
            "release_channel_default_version": {
              "RAPID": "1.27.5-gke.200",
              "REGULAR": "1.27.3-gke.100",
              "STABLE": "1.27.3-gke.100"
            },
            "release_channel_latest_version": {
              "RAPID": "1.27.7-gke.1121000",
              "REGULAR": "1.27.5-gke.200",
              "STABLE": "1.27.4-gke.900"
            },
            "valid_master_versions": [
              "1.27.7-gke.1121000",
              "1.27.7-gke.1088000",
              "1.27.6-gke.1445000",
              "1.27.6-gke.1248000",
              "1.27.5-gke.200",
              "1.27.4-gke.900",
              "1.27.3-gke.1700",
              "1.27.3-gke.100",
              "1.27.2-gke.2100",
              "1.27.2-gke.1200"
            ],
            "valid_node_versions": [
              "1.27.7-gke.1121000",
              "1.27.7-gke.1088000",
              "1.27.7-gke.1056000",
              "1.27.7-gke.1038000",
              "1.27.6-gke.1506000",
              "1.27.6-gke.1445000",
              "1.27.6-gke.1248000",
              "1.27.5-gke.200",
              "1.27.4-gke.900",
              "1.27.3-gke.1700",
              "1.27.3-gke.100",
              "1.27.2-gke.2100",
              "1.27.2-gke.1200"
            ],
            "version_prefix": "1.27."
          },
          "sensitive_attributes": []
        }
      ]
    },
    {
      "module": "module.main_kubernetes",
      "mode": "managed",
      "type": "google_container_cluster",
      "name": "wp_project_cluster",
      "provider": "provider[\"registry.terraform.io/hashicorp/google\"]",
      "instances": [
        {
          "schema_version": 2,
          "attributes": {
            "addons_config": [
              {
                "cloudrun_config": [],
                "config_connector_config": [],
                "dns_cache_config": [],
                "gce_persistent_disk_csi_driver_config": [
                  {
                    "enabled": true
                  }
                ],
                "gcp_filestore_csi_driver_config": [],
                "gcs_fuse_csi_driver_config": [],
                "gke_backup_agent_config": [],
                "horizontal_pod_autoscaling": [],
                "http_load_balancing": [],
                "network_policy_config": [
                  {
                    "disabled": true
                  }
                ]
              }
            ],
            "allow_net_admin": null,
            "authenticator_groups_config": [],
            "binary_authorization": [
              {
                "enabled": false,
                "evaluation_mode": ""
              }
            ],
            "cluster_autoscaling": [
              {
                "auto_provisioning_defaults": [],
                "enabled": false,
                "resource_limits": []
              }
            ],
            "cluster_ipv4_cidr": "10.112.0.0/14",
            "confidential_nodes": [],
            "cost_management_config": [],
            "database_encryption": [
              {
                "key_name": "",
                "state": "DECRYPTED"
              }
            ],
            "datapath_provider": "",
            "default_max_pods_per_node": 110,
            "default_snat_status": [
              {
                "disabled": false
              }
            ],
            "deletion_protection": false,
            "description": "",
            "dns_config": [],
            "enable_autopilot": false,
            "enable_intranode_visibility": false,
            "enable_k8s_beta_apis": [],
            "enable_kubernetes_alpha": false,
            "enable_l4_ilb_subsetting": false,
            "enable_legacy_abac": false,
            "enable_shielded_nodes": true,
            "enable_tpu": false,
            "endpoint": "35.205.69.107",
            "fleet": [],
            "gateway_api_config": [],
            "id": "projects/wp-project-404313/locations/europe-west1-c/clusters/wp-project-404313-gke-cluster",
            "identity_service_config": [],
            "initial_node_count": 1,
            "ip_allocation_policy": [
              {
                "additional_pod_ranges_config": [],
                "cluster_ipv4_cidr_block": "10.112.0.0/14",
                "cluster_secondary_range_name": "gke-wp-project-404313-gke-cluster-pods-2ce0b90d",
                "pod_cidr_overprovision_config": [
                  {
                    "disabled": false
                  }
                ],
                "services_ipv4_cidr_block": "10.116.0.0/20",
                "services_secondary_range_name": "gke-wp-project-404313-gke-cluster-services-2ce0b90d",
                "stack_type": "IPV4"
              }
            ],
            "label_fingerprint": "a9dc16a7",
            "location": "europe-west1-c",
            "logging_config": [
              {
                "enable_components": [
                  "SYSTEM_COMPONENTS",
                  "WORKLOADS"
                ]
              }
            ],
            "logging_service": "logging.googleapis.com/kubernetes",
            "maintenance_policy": [],
            "master_auth": [
              {
                "client_certificate": "",
                "client_certificate_config": [
                  {
                    "issue_client_certificate": false
                  }
                ],
                "client_key": "",
                "cluster_ca_certificate": "LS0tLS1CRUdJTiBDRVJUSUZJQ0FURS0tLS0tCk1JSUVMRENDQXBTZ0F3SUJBZ0lRWko3UkJBRTYyOUhjZXVRQllQUk9XREFOQmdrcWhraUc5dzBCQVFzRkFEQXYKTVMwd0t3WURWUVFERXlReFlUZzJNelppWVMweFkyVTBMVFF6WWpZdFlUZGlOUzAxWVRNM09EQTFaRGcyT0RJdwpJQmNOTWpNeE1URTJNak15TVRVNFdoZ1BNakExTXpFeE1Ea3dNREl4TlRoYU1DOHhMVEFyQmdOVkJBTVRKREZoCk9EWXpObUpoTFRGalpUUXRORE5pTmkxaE4ySTFMVFZoTXpjNE1EVmtPRFk0TWpDQ0FhSXdEUVlKS29aSWh2Y04KQVFFQkJRQURnZ0dQQURDQ0FZb0NnZ0dCQUpOVS92R1BtdzlnMFRndXNDanJocmFEWUdpTmdpVFMrUXcxZGhUSAovQWFkYlNQU2NkZ1BCMFJrTlZMcmc3dFFET01jeW9yVkhwK2dGYzFldEpUUFloMlhrdEpyZmRIam8wVGRKWjhzClJRZko3VnJHYzY3TnJia21LWTRRajdsVW5TUFlPemZUZE9xOXI4TmhyM0ZGWTAzR25pM1Q5MVk2M0tyaldubHgKTVhlT2RNRStySlpKNXlIbGNmajYxTy9lRFRzNnJCU0U2eWlXaiszdS9vMnlySnBPODVHOS8ybkxoK2xlbHg2SApwMkx2dWRqUGY1Z3ZTRVkrLzFOY1U5MzY0VkQ2OUlneTBQNWYvQ3M3OXhoby9PYjVza3hLQmhicU12KysrRCtKCmEyUEtCMzNmeE1iSU5pWnJ3Vk5YdjhoeDg5UkVEUGpVYk5aNGRGQ1k3UjA5QUQ0YjE2M01CM1RCQzZJRTF6NnYKQ2QrNkhyUnJVZU8rS0pLdkxoQVJXSWRRSnF1cDJrL1RjUE41dzlyUGsyZ3NUdFZuUmpXeVQvV29LRnRidzBDVApramRlZ2Z1K1VqRnlabllKcnJwL0p2SEtBOHRaYVUwKzJHRzIvODkrKzJnNHRxUDdxOWVkYXBWd2lKVWZxV3o1CjJqQURkMlp0UGV6Vis1em5IZmRhMmNwQjN3SURBUUFCbzBJd1FEQU9CZ05WSFE4QkFmOEVCQU1DQWdRd0R3WUQKVlIwVEFRSC9CQVV3QXdFQi96QWRCZ05WSFE0RUZnUVVHa1UzbWRlNDJ4ekdLYlgxT2ZtSGd4TGtTT2d3RFFZSgpLb1pJaHZjTkFRRUxCUUFEZ2dHQkFJUjlkQ1FhZ1ZycEZwelFtcXd3T3YwWVJNWExLRDZlUTlGdU5KV0p5ekxLCjZUaDRPeTdNTmVOdUpKMzdOdE8rM20rQ0Z2clZsWnRZK25MMkxBdnRuRFU5c2p5dHRQUGx6WWJidUppVU5oOVQKcGg2TFIvdytXQ1BFeWJlVGFBbjJHeWtiQisva2tZc1hIWEM3MkJ4YU1ZNk95MFdYZW1PVHRyZVk1Nkl5cUlpSQpVZjdJcVdBQ2xSL2dFTU12ZVM5Nk1KUnVTYURmS3hMbThDaXRDZVVkWHFTdmtIellPaHpOSGNYc09ML0pXeWMxCnNUVkw2V1pacm44aEU4a1dRWnF0Y016U2Y5NnNPOW1CREFPbEFEUW1Mb3JTSUJ0TGY5b0M5R0cvSm1WUklmVlEKL01tOHphSjFmaXFvQjVoOEtrZmg2anljRFhvWlFBbGx6aEdqQis2VzRyQWpGcE1VUjNGNFFBVFhHM1dDeCtWZgpXUmFERG8ybWhnanozSXYyblpDdi93UU5jWHJueCtpL3RHQnpjY0dwc3B4V2JlaTgwS0F2SFF6Nkp0NXRaZWZLCmRUUFBSM2ZuRnNFSW1yaEJCU0JxaXlTYzZieTNmZVJjQjcrL0Q2dE1lbDk1RGZvUks2dWpVa242bVF4KzFiUXIKMk9FQ0E2bVY4YVNGNmZsc3JudlZGdz09Ci0tLS0tRU5EIENFUlRJRklDQVRFLS0tLS0K"
              }
            ],
            "master_authorized_networks_config": [],
            "master_version": "1.27.3-gke.100",
            "mesh_certificates": [],
            "min_master_version": null,
            "monitoring_config": [
              {
                "advanced_datapath_observability_config": [
                  {
                    "enable_metrics": false,
                    "relay_mode": ""
                  }
                ],
                "enable_components": [
                  "SYSTEM_COMPONENTS"
                ],
                "managed_prometheus": [
                  {
                    "enabled": true
                  }
                ]
              }
            ],
            "monitoring_service": "monitoring.googleapis.com/kubernetes",
            "name": "wp-project-404313-gke-cluster",
            "network": "projects/wp-project-404313/global/networks/wp-project-404313-vpc",
            "network_policy": [
              {
                "enabled": false,
                "provider": "PROVIDER_UNSPECIFIED"
              }
            ],
            "networking_mode": "VPC_NATIVE",
            "node_config": [],
            "node_locations": [],
            "node_pool": [],
            "node_pool_auto_config": [],
            "node_pool_defaults": [
              {
                "node_config_defaults": [
                  {
                    "logging_variant": "DEFAULT"
                  }
                ]
              }
            ],
            "node_version": "1.27.3-gke.100",
            "notification_config": [
              {
                "pubsub": [
                  {
                    "enabled": false,
                    "filter": [],
                    "topic": ""
                  }
                ]
              }
            ],
            "operation": null,
            "private_cluster_config": [
              {
                "enable_private_endpoint": false,
                "enable_private_nodes": false,
                "master_global_access_config": [
                  {
                    "enabled": false
                  }
                ],
                "master_ipv4_cidr_block": "",
                "peering_name": "",
                "private_endpoint": "10.10.0.2",
                "private_endpoint_subnetwork": "",
                "public_endpoint": "35.205.69.107"
              }
            ],
            "private_ipv6_google_access": "",
            "project": "wp-project-404313",
            "release_channel": [
              {
                "channel": "REGULAR"
              }
            ],
            "remove_default_node_pool": true,
            "resource_labels": null,
            "resource_usage_export_config": [],
            "security_posture_config": [
              {
                "mode": "BASIC",
                "vulnerability_mode": "VULNERABILITY_MODE_UNSPECIFIED"
              }
            ],
            "self_link": "https://container.googleapis.com/v1/projects/wp-project-404313/zones/europe-west1-c/clusters/wp-project-404313-gke-cluster",
            "service_external_ips_config": [
              {
                "enabled": false
              }
            ],
            "services_ipv4_cidr": "10.116.0.0/20",
            "subnetwork": "projects/wp-project-404313/regions/europe-west1/subnetworks/wp-project-404313-subnet",
            "timeouts": null,
            "tpu_ipv4_cidr_block": "",
            "vertical_pod_autoscaling": [],
            "workload_identity_config": []
          },
          "sensitive_attributes": [],
          "private": "eyJlMmJmYjczMC1lY2FhLTExZTYtOGY4OC0zNDM2M2JjN2M0YzAiOnsiY3JlYXRlIjoyNDAwMDAwMDAwMDAwLCJkZWxldGUiOjI0MDAwMDAwMDAwMDAsInJlYWQiOjI0MDAwMDAwMDAwMDAsInVwZGF0ZSI6MzYwMDAwMDAwMDAwMH0sInNjaGVtYV92ZXJzaW9uIjoiMiJ9",
          "dependencies": [
            "module.main_vpc.google_compute_network.vpc",
            "module.main_vpc.google_compute_subnetwork.subnet"
          ]
        }
      ]
    },
    {
      "module": "module.main_kubernetes",
      "mode": "managed",
      "type": "google_container_node_pool",
      "name": "wp_project_cluster_nodes",
      "provider": "provider[\"registry.terraform.io/hashicorp/google\"]",
      "instances": [
        {
          "schema_version": 1,
          "attributes": {
            "autoscaling": [],
            "cluster": "wp-project-404313-gke-cluster",
            "id": "projects/wp-project-404313/locations/europe-west1-c/clusters/wp-project-404313-gke-cluster/nodePools/wp-project-404313-gke-cluster",
            "initial_node_count": 1,
            "instance_group_urls": [
              "https://www.googleapis.com/compute/v1/projects/wp-project-404313/zones/europe-west1-c/instanceGroupManagers/gke-wp-project-40431-wp-project-40431-41c1660d-grp"
            ],
            "location": "europe-west1-c",
            "managed_instance_group_urls": [
              "https://www.googleapis.com/compute/v1/projects/wp-project-404313/zones/europe-west1-c/instanceGroups/gke-wp-project-40431-wp-project-40431-41c1660d-grp"
            ],
            "management": [
              {
                "auto_repair": true,
                "auto_upgrade": true
              }
            ],
            "max_pods_per_node": 110,
            "name": "wp-project-404313-gke-cluster",
            "name_prefix": "",
            "network_config": [
              {
                "create_pod_range": false,
                "enable_private_nodes": false,
                "pod_cidr_overprovision_config": [],
                "pod_ipv4_cidr_block": "10.112.0.0/14",
                "pod_range": "gke-wp-project-404313-gke-cluster-pods-2ce0b90d"
              }
            ],
            "node_config": [
              {
                "advanced_machine_features": [],
                "boot_disk_kms_key": "",
                "confidential_nodes": [],
                "disk_size_gb": 50,
                "disk_type": "pd-standard",
                "effective_taints": [],
                "ephemeral_storage_local_ssd_config": [],
                "fast_socket": [],
                "gcfs_config": [],
                "guest_accelerator": [],
                "gvnic": [],
                "host_maintenance_policy": [],
                "image_type": "COS_CONTAINERD",
                "kubelet_config": [],
                "labels": {
                  "env": "wp-project-404313"
                },
                "linux_node_config": [],
                "local_nvme_ssd_block_config": [],
                "local_ssd_count": 0,
                "logging_variant": "DEFAULT",
                "machine_type": "n1-standard-1",
                "metadata": {
                  "disable-legacy-endpoints": "true"
                },
                "min_cpu_platform": "",
                "node_group": "",
                "oauth_scopes": [
                  "https://www.googleapis.com/auth/logging.write",
                  "https://www.googleapis.com/auth/monitoring"
                ],
                "preemptible": false,
                "reservation_affinity": [],
                "resource_labels": null,
                "service_account": "default",
                "shielded_instance_config": [
                  {
                    "enable_integrity_monitoring": true,
                    "enable_secure_boot": false
                  }
                ],
                "sole_tenant_config": [],
                "spot": false,
                "tags": [
                  "gke-node",
                  "wp-project-404313-gke"
                ],
                "taint": [],
                "workload_metadata_config": []
              }
            ],
            "node_count": 1,
            "node_locations": [
              "europe-west1-c"
            ],
            "operation": null,
            "placement_policy": [],
            "project": "wp-project-404313",
            "timeouts": null,
            "upgrade_settings": [
              {
                "blue_green_settings": [],
                "max_surge": 1,
                "max_unavailable": 0,
                "strategy": "SURGE"
              }
            ],
            "version": "1.27.4-gke.900"
          },
          "sensitive_attributes": [],
          "private": "eyJlMmJmYjczMC1lY2FhLTExZTYtOGY4OC0zNDM2M2JjN2M0YzAiOnsiY3JlYXRlIjoxODAwMDAwMDAwMDAwLCJkZWxldGUiOjE4MDAwMDAwMDAwMDAsInVwZGF0ZSI6MTgwMDAwMDAwMDAwMH0sInNjaGVtYV92ZXJzaW9uIjoiMSJ9",
          "dependencies": [
            "module.main_kubernetes.data.google_container_engine_versions.gke_version",
            "module.main_kubernetes.google_container_cluster.wp_project_cluster",
            "module.main_vpc.google_compute_network.vpc",
            "module.main_vpc.google_compute_subnetwork.subnet"
          ]
        }
      ]
    },
    {
      "module": "module.main_vpc",
      "mode": "managed",
      "type": "google_compute_network",
      "name": "vpc",
      "provider": "provider[\"registry.terraform.io/hashicorp/google\"]",
      "instances": [
        {
          "schema_version": 0,
          "attributes": {
            "auto_create_subnetworks": false,
            "delete_default_routes_on_create": false,
            "description": "",
            "enable_ula_internal_ipv6": false,
            "gateway_ipv4": "",
            "id": "projects/wp-project-404313/global/networks/wp-project-404313-vpc",
            "internal_ipv6_range": "",
            "mtu": 0,
            "name": "wp-project-404313-vpc",
            "network_firewall_policy_enforcement_order": "AFTER_CLASSIC_FIREWALL",
            "project": "wp-project-404313",
            "routing_mode": "REGIONAL",
            "self_link": "https://www.googleapis.com/compute/v1/projects/wp-project-404313/global/networks/wp-project-404313-vpc",
            "timeouts": null
          },
          "sensitive_attributes": [],
          "private": "eyJlMmJmYjczMC1lY2FhLTExZTYtOGY4OC0zNDM2M2JjN2M0YzAiOnsiY3JlYXRlIjoxMjAwMDAwMDAwMDAwLCJkZWxldGUiOjEyMDAwMDAwMDAwMDAsInVwZGF0ZSI6MTIwMDAwMDAwMDAwMH19"
        }
      ]
    },
    {
      "module": "module.main_vpc",
      "mode": "managed",
      "type": "google_compute_subnetwork",
      "name": "subnet",
      "provider": "provider[\"registry.terraform.io/hashicorp/google\"]",
      "instances": [
        {
          "schema_version": 0,
          "attributes": {
            "creation_timestamp": "2023-11-16T16:21:36.492-08:00",
            "description": "",
            "external_ipv6_prefix": "",
            "fingerprint": null,
            "gateway_address": "10.10.0.1",
            "id": "projects/wp-project-404313/regions/europe-west1/subnetworks/wp-project-404313-subnet",
            "internal_ipv6_prefix": "",
            "ip_cidr_range": "10.10.0.0/24",
            "ipv6_access_type": "",
            "ipv6_cidr_range": "",
            "log_config": [],
            "name": "wp-project-404313-subnet",
            "network": "https://www.googleapis.com/compute/v1/projects/wp-project-404313/global/networks/wp-project-404313-vpc",
            "private_ip_google_access": false,
            "private_ipv6_google_access": "DISABLE_GOOGLE_ACCESS",
            "project": "wp-project-404313",
            "purpose": "PRIVATE",
            "region": "europe-west1",
            "role": "",
            "secondary_ip_range": [],
            "self_link": "https://www.googleapis.com/compute/v1/projects/wp-project-404313/regions/europe-west1/subnetworks/wp-project-404313-subnet",
            "stack_type": "IPV4_ONLY",
            "timeouts": null
          },
          "sensitive_attributes": [],
          "private": "eyJlMmJmYjczMC1lY2FhLTExZTYtOGY4OC0zNDM2M2JjN2M0YzAiOnsiY3JlYXRlIjoxMjAwMDAwMDAwMDAwLCJkZWxldGUiOjEyMDAwMDAwMDAwMDAsInVwZGF0ZSI6MTIwMDAwMDAwMDAwMH19",
          "dependencies": [
            "module.main_vpc.google_compute_network.vpc"
          ]
        }
      ]
    }
  ],
  "check_results": null
}
