{
  "version": 4,
  "terraform_version": "1.6.3",
  "serial": 13,
  "lineage": "d389868b-8f09-2c62-8680-d8671d757797",
  "outputs": {
    "main_vpc": {
      "value": {
        "network": {
          "auto_create_subnetworks": false,
          "delete_default_routes_on_create": false,
          "description": "",
          "enable_ula_internal_ipv6": false,
          "gateway_ipv4": "",
          "id": "projects/wp-project-404313/global/networks/wp-project-404313-vpc",
          "internal_ipv6_range": "",
          "mtu": 0,
          "name": "wp-project-404313-vpc",
          "network_firewall_policy_enforcement_order": "AFTER_CLASSIC_FIREWALL",
          "project": "wp-project-404313",
          "routing_mode": "REGIONAL",
          "self_link": "https://www.googleapis.com/compute/v1/projects/wp-project-404313/global/networks/wp-project-404313-vpc",
          "timeouts": null
        },
        "subnetwork": {
          "creation_timestamp": "2023-11-16T16:21:36.492-08:00",
          "description": "",
          "external_ipv6_prefix": "",
          "fingerprint": null,
          "gateway_address": "10.10.0.1",
          "id": "projects/wp-project-404313/regions/europe-west1/subnetworks/wp-project-404313-subnet",
          "internal_ipv6_prefix": "",
          "ip_cidr_range": "10.10.0.0/24",
          "ipv6_access_type": "",
          "ipv6_cidr_range": "",
          "log_config": [],
          "name": "wp-project-404313-subnet",
          "network": "https://www.googleapis.com/compute/v1/projects/wp-project-404313/global/networks/wp-project-404313-vpc",
          "private_ip_google_access": true,
          "private_ipv6_google_access": "DISABLE_GOOGLE_ACCESS",
          "project": "wp-project-404313",
          "purpose": "PRIVATE",
          "region": "europe-west1",
          "role": "",
          "secondary_ip_range": [
            {
              "ip_cidr_range": "10.116.0.0/20",
              "range_name": "gke-wp-project-404313-gke-cluster-services-2ce0b90d"
            },
            {
              "ip_cidr_range": "10.112.0.0/14",
              "range_name": "gke-wp-project-404313-gke-cluster-pods-2ce0b90d"
            }
          ],
          "self_link": "https://www.googleapis.com/compute/v1/projects/wp-project-404313/regions/europe-west1/subnetworks/wp-project-404313-subnet",
          "stack_type": "IPV4_ONLY",
          "timeouts": null
        }
      },
      "type": [
        "object",
        {
          "network": [
            "object",
            {
              "auto_create_subnetworks": "bool",
              "delete_default_routes_on_create": "bool",
              "description": "string",
              "enable_ula_internal_ipv6": "bool",
              "gateway_ipv4": "string",
              "id": "string",
              "internal_ipv6_range": "string",
              "mtu": "number",
              "name": "string",
              "network_firewall_policy_enforcement_order": "string",
              "project": "string",
              "routing_mode": "string",
              "self_link": "string",
              "timeouts": [
                "object",
                {
                  "create": "string",
                  "delete": "string",
                  "update": "string"
                }
              ]
            }
          ],
          "subnetwork": [
            "object",
            {
              "creation_timestamp": "string",
              "description": "string",
              "external_ipv6_prefix": "string",
              "fingerprint": "string",
              "gateway_address": "string",
              "id": "string",
              "internal_ipv6_prefix": "string",
              "ip_cidr_range": "string",
              "ipv6_access_type": "string",
              "ipv6_cidr_range": "string",
              "log_config": [
                "list",
                [
                  "object",
                  {
                    "aggregation_interval": "string",
                    "filter_expr": "string",
                    "flow_sampling": "number",
                    "metadata": "string",
                    "metadata_fields": [
                      "set",
                      "string"
                    ]
                  }
                ]
              ],
              "name": "string",
              "network": "string",
              "private_ip_google_access": "bool",
              "private_ipv6_google_access": "string",
              "project": "string",
              "purpose": "string",
              "region": "string",
              "role": "string",
              "secondary_ip_range": [
                "list",
                [
                  "object",
                  {
                    "ip_cidr_range": "string",
                    "range_name": "string"
                  }
                ]
              ],
              "self_link": "string",
              "stack_type": "string",
              "timeouts": [
                "object",
                {
                  "create": "string",
                  "delete": "string",
                  "update": "string"
                }
              ]
            }
          ]
        }
      ]
    }
  },
  "resources": [
    {
      "mode": "data",
      "type": "google_secret_manager_secret_version",
      "name": "mysql_db_host",
      "provider": "provider[\"registry.terraform.io/hashicorp/google\"]",
      "instances": [
        {
          "schema_version": 0,
          "attributes": {
            "create_time": "2023-11-08T15:10:09.318483Z",
            "destroy_time": null,
            "enabled": true,
            "id": "projects/440219679769/secrets/mysql_db_host/versions/2",
            "name": "projects/440219679769/secrets/mysql_db_host/versions/2",
            "project": "440219679769",
            "secret": "mysql_db_host",
            "secret_data": "35.195.223.202:3306",
            "version": "2"
          },
          "sensitive_attributes": []
        }
      ]
    },
    {
      "mode": "data",
      "type": "google_secret_manager_secret_version",
      "name": "mysql_db_name",
      "provider": "provider[\"registry.terraform.io/hashicorp/google\"]",
      "instances": [
        {
          "schema_version": 0,
          "attributes": {
            "create_time": "2023-11-08T14:06:06.233931Z",
            "destroy_time": null,
            "enabled": true,
            "id": "projects/440219679769/secrets/mysql_db_name/versions/1",
            "name": "projects/440219679769/secrets/mysql_db_name/versions/1",
            "project": "440219679769",
            "secret": "mysql_db_name",
            "secret_data": "wp-mysql",
            "version": "1"
          },
          "sensitive_attributes": []
        }
      ]
    },
    {
      "mode": "data",
      "type": "google_secret_manager_secret_version",
      "name": "mysql_db_password",
      "provider": "provider[\"registry.terraform.io/hashicorp/google\"]",
      "instances": [
        {
          "schema_version": 0,
          "attributes": {
            "create_time": "2023-11-08T14:06:22.404642Z",
            "destroy_time": null,
            "enabled": true,
            "id": "projects/440219679769/secrets/mysql_db_username/versions/1",
            "name": "projects/440219679769/secrets/mysql_db_username/versions/1",
            "project": "440219679769",
            "secret": "mysql_db_username",
            "secret_data": "wp-username",
            "version": "1"
          },
          "sensitive_attributes": []
        }
      ]
    },
    {
      "mode": "data",
      "type": "google_secret_manager_secret_version",
      "name": "mysql_db_username",
      "provider": "provider[\"registry.terraform.io/hashicorp/google\"]",
      "instances": [
        {
          "schema_version": 0,
          "attributes": {
            "create_time": "2023-11-08T14:06:37.436102Z",
            "destroy_time": null,
            "enabled": true,
            "id": "projects/440219679769/secrets/mysql_db_password/versions/1",
            "name": "projects/440219679769/secrets/mysql_db_password/versions/1",
            "project": "440219679769",
            "secret": "mysql_db_password",
            "secret_data": "wp-password",
            "version": "1"
          },
          "sensitive_attributes": []
        }
      ]
    },
    {
      "mode": "data",
      "type": "google_secret_manager_secret_version",
      "name": "registry_sa_secret_data",
      "provider": "provider[\"registry.terraform.io/hashicorp/google\"]",
      "instances": [
        {
          "schema_version": 0,
          "attributes": {
            "create_time": "2023-11-15T19:45:00.411325Z",
            "destroy_time": null,
            "enabled": true,
            "id": "projects/440219679769/secrets/registry-sa/versions/5",
            "name": "projects/440219679769/secrets/registry-sa/versions/5",
            "project": "440219679769",
            "secret": "registry-sa",
            "secret_data": "{\"auths\":{\"https://europe-west1-docker.pkg.dev\":{\"username\":\"_json_key\",\"password\":\"{\\n\\t\\\"type\\\": \\\"service_account\\\",\\n\\t\\\"project_id\\\": \\\"wp-project-404313\\\",\\n\\t\\\"private_key_id\\\": \\\"505962742c5d920bfa93ff4f280b30de237352fc\\\",\\n\\t\\\"private_key\\\": \\\"-----BEGIN PRIVATE KEY-----\\\\nMIIEvQIBADANBgkqhkiG9w0BAQEFAASCBKcwggSjAgEAAoIBAQC4JwHr4UP0DSvf\\\\nWMzyiuFA6wX/1n9vgKERuUe6Mss6YEZWUrRZVlftijNg3r0LkkPyNBkPwNYELT90\\\\nah1lfr0Q3uFKLIF5fBn4N7c0IpsBaImR78Jc67s3zYCFJKhS9Fzvt1rfpGyNK2Iu\\\\nQJ7ZwPQbmiKEsFN8L8XF36sM8mUE/zIl0OV+D7ZtPjez/LLypKwraCCIC9Ukw6OI\\\\n0qvTlHVR5idvvvZAr1tEHI1fW05ymVRqQovy0QkYLx80qpwHyOyjtX8Kzm5t1HP9\\\\nRVmubiEqYorZYNluyIPyLRMUBbydkQqPo1NeNp4MXJpddJcO4x4DdYaQx4UDxMCF\\\\nR1IgwvbZAgMBAAECggEARDkTUad1bNtaVxbHas2/0LShVtxI/u6Y/X92TsmVl+1l\\\\n8YIXVYeS8KpECY3LXJeV+4uIg1kOEKMQwJi1hk3zTmY78aZWW0L6PgaqJTLy2Q04\\\\n9itshs9AX1aPWAQyJfVo3tg/Xt5D5vLdH0SKdSKybO1n/19xtm7eZsXL0XKVsUkX\\\\nECV1BnqSBm4ZMqqHadPdQNp7qAapxx+P7+AiwhglB5d7+6q6iuh0BDOymexduYj7\\\\nP55p9Mxuk0mTFIe0Qwc8sehdjf8ACpR/S/OdPmWV13zIEya6O7GTQ2GANZhBxXPs\\\\nAoy3ZAATz1E/OqEjv1oLDahTLUyeYlymUWqOFuyjbwKBgQDbfmpTOup1PYcEDtVq\\\\ng6jxjJRbJqBhFgQfKZMDhv545E4YdfzyB1NR+FRsu9cK+GuRHCiAfGlmmmdonvqx\\\\nUg2ICPBZ8U/zMjpoXAzySwRzAeVq0mUhDW1d02WceH3cr7a9b3cR1E6nHTAMtGqt\\\\n7rVECRSP/JEuRT+YXhUPgI7GAwKBgQDWx9QBIGRT+xhaBaSw4fYaXJ1OeM7WMmzM\\\\nvD6vm+HSUZLP5+TyNrPXWnOH4hGLb1px4lza8VDh46tV9aTbxv4J2L23l6VLARlA\\\\n2GGtAQ+09/8GZVT7ChzfOUM4mRcX9QE1ZEdVU8eLTwyD60gweI4HRxY0H0sbvFJG\\\\nhifikOhW8wKBgByZNQtRItlRwfTCZgYxz2JhmbbiqoTb1H+m8BPGlAN2Y8KGJQX3\\\\n9GA6xe1A8Dzqr0FB9PkAvM70kUKtbCaMdVzjJUXizjL2uWt9iuZK5fKCLb0kWq7a\\\\nzAQslhG0FVoavumhy1bUXcciY29UVo4BCzcpI7e7BcOMnEOjBoV1j6S3AoGBAKCa\\\\nwG8vN5aM1oLKYYJbFVpVEtQRBimpfy4BPaa3G7/Xe763mr18JjLM0kMzywbG94zd\\\\nRa36cQ7Y3c/jZalqPaBDUGounU1evvF8XF2vw30BTNQNheRKhZhuC1QRNfGWJZc1\\\\nKxolEbucGrGyiEKmgx3yDCphlBpjUeqmesCytun9AoGAbi7F3Vp390t3GbGepgii\\\\nsqXZmnod7RDWSln9M6uNGSpb68wMFlTnf6844ggcjV0LgUbIoJ8Sp6Vz7N3U6bjA\\\\nA2wNUSjX3ne0IIIzuum/pdHQ1tfbuw00Pm8gWsLHdBMYRXotzfx+grbL3YAIDAIq\\\\n+b0eNmJYIWVb765neVYxtLo=\\\\n-----END PRIVATE KEY-----\\\\n\\\",\\n\\t\\\"client_email\\\": \\\"registry-sa@wp-project-404313.iam.gserviceaccount.com\\\",\\n\\t\\\"client_id\\\": \\\"107050749795760012933\\\",\\n\\t\\\"auth_uri\\\": \\\"https://accounts.google.com/o/oauth2/auth\\\",\\n\\t\\\"token_uri\\\": \\\"https://oauth2.googleapis.com/token\\\",\\n\\t\\\"auth_provider_x509_cert_url\\\": \\\"https://www.googleapis.com/oauth2/v1/certs\\\",\\n\\t\\\"client_x509_cert_url\\\": \\\"https://www.googleapis.com/robot/v1/metadata/x509/registry-sa%40wp-project-404313.iam.gserviceaccount.com\\\",\\n\\t\\\"universe_domain\\\": \\\"googleapis.com\\\"\\n  }\\n  \",\"email\":\"registry-sa@wp-project-404313.iam.gserviceaccount.com\",\"auth\":\"X2pzb25fa2V5OnsKCSJ0eXBlIjogInNlcnZpY2VfYWNjb3VudCIsCgkicHJvamVjdF9pZCI6ICJ3cC1wcm9qZWN0LTQwNDMxMyIsCgkicHJpdmF0ZV9rZXlfaWQiOiAiNTA1OTYyNzQyYzVkOTIwYmZhOTNmZjRmMjgwYjMwZGUyMzczNTJmYyIsCgkicHJpdmF0ZV9rZXkiOiAiLS0tLS1CRUdJTiBQUklWQVRFIEtFWS0tLS0tXG5NSUlFdlFJQkFEQU5CZ2txaGtpRzl3MEJBUUVGQUFTQ0JLY3dnZ1NqQWdFQUFvSUJBUUM0SndIcjRVUDBEU3ZmXG5XTXp5aXVGQTZ3WC8xbjl2Z0tFUnVVZTZNc3M2WUVaV1VyUlpWbGZ0aWpOZzNyMExra1B5TkJrUHdOWUVMVDkwXG5haDFsZnIwUTN1RktMSUY1ZkJuNE43YzBJcHNCYUltUjc4SmM2N3MzellDRkpLaFM5Rnp2dDFyZnBHeU5LMkl1XG5RSjdad1BRYm1pS0VzRk44TDhYRjM2c004bVVFL3pJbDBPVitEN1p0UGplei9MTHlwS3dyYUNDSUM5VWt3Nk9JXG4wcXZUbEhWUjVpZHZ2dlpBcjF0RUhJMWZXMDV5bVZScVFvdnkwUWtZTHg4MHFwd0h5T3lqdFg4S3ptNXQxSFA5XG5SVm11YmlFcVlvclpZTmx1eUlQeUxSTVVCYnlka1FxUG8xTmVOcDRNWEpwZGRKY080eDREZFlhUXg0VUR4TUNGXG5SMUlnd3ZiWkFnTUJBQUVDZ2dFQVJEa1RVYWQxYk50YVZ4YkhhczIvMExTaFZ0eEkvdTZZL1g5MlRzbVZsKzFsXG44WUlYVlllUzhLcEVDWTNMWEplVis0dUlnMWtPRUtNUXdKaTFoazN6VG1ZNzhhWldXMEw2UGdhcUpUTHkyUTA0XG45aXRzaHM5QVgxYVBXQVF5SmZWbzN0Zy9YdDVENXZMZEgwU0tkU0t5Yk8xbi8xOXh0bTdlWnNYTDBYS1ZzVWtYXG5FQ1YxQm5xU0JtNFpNcXFIYWRQZFFOcDdxQWFweHgrUDcrQWl3aGdsQjVkNys2cTZpdWgwQkRPeW1leGR1WWo3XG5QNTVwOU14dWswbVRGSWUwUXdjOHNlaGRqZjhBQ3BSL1MvT2RQbVdWMTN6SUV5YTZPN0dUUTJHQU5aaEJ4WFBzXG5Bb3kzWkFBVHoxRS9PcUVqdjFvTERhaFRMVXllWWx5bVVXcU9GdXlqYndLQmdRRGJmbXBUT3VwMVBZY0VEdFZxXG5nNmp4akpSYkpxQmhGZ1FmS1pNRGh2NTQ1RTRZZGZ6eUIxTlIrRlJzdTljSytHdVJIQ2lBZkdsbW1tZG9udnF4XG5VZzJJQ1BCWjhVL3pNanBvWEF6eVN3UnpBZVZxMG1VaERXMWQwMldjZUgzY3I3YTliM2NSMUU2bkhUQU10R3F0XG43clZFQ1JTUC9KRXVSVCtZWGhVUGdJN0dBd0tCZ1FEV3g5UUJJR1JUK3hoYUJhU3c0ZllhWEoxT2VNN1dNbXpNXG52RDZ2bStIU1VaTFA1K1R5TnJQWFduT0g0aEdMYjFweDRsemE4VkRoNDZ0VjlhVGJ4djRKMkwyM2w2VkxBUmxBXG4yR0d0QVErMDkvOEdaVlQ3Q2h6Zk9VTTRtUmNYOVFFMVpFZFZVOGVMVHd5RDYwZ3dlSTRIUnhZMEgwc2J2RkpHXG5oaWZpa09oVzh3S0JnQnlaTlF0Ukl0bFJ3ZlRDWmdZeHoySmhtYmJpcW9UYjFIK204QlBHbEFOMlk4S0dKUVgzXG45R0E2eGUxQThEenFyMEZCOVBrQXZNNzBrVUt0YkNhTWRWempKVVhpempMMnVXdDlpdVpLNWZLQ0xiMGtXcTdhXG56QVFzbGhHMEZWb2F2dW1oeTFiVVhjY2lZMjlVVm80QkN6Y3BJN2U3QmNPTW5FT2pCb1YxajZTM0FvR0JBS0NhXG53Rzh2TjVhTTFvTEtZWUpiRlZwVkV0UVJCaW1wZnk0QlBhYTNHNy9YZTc2M21yMThKakxNMGtNenl3Ykc5NHpkXG5SYTM2Y1E3WTNjL2paYWxxUGFCRFVHb3VuVTFldnZGOFhGMnZ3MzBCVE5RTmhlUktoWmh1QzFRUk5mR1dKWmMxXG5LeG9sRWJ1Y0dyR3lpRUttZ3gzeURDcGhsQnBqVWVxbWVzQ3l0dW45QW9HQWJpN0YzVnAzOTB0M0diR2VwZ2lpXG5zcVhabW5vZDdSRFdTbG45TTZ1TkdTcGI2OHdNRmxUbmY2ODQ0Z2djalYwTGdVYklvSjhTcDZWejdOM1U2YmpBXG5BMndOVVNqWDNuZTBJSUl6dXVtL3BkSFExdGZidXcwMFBtOGdXc0xIZEJNWVJYb3R6ZngrZ3JiTDNZQUlEQUlxXG4rYjBlTm1KWUlXVmI3NjVuZVZZeHRMbz1cbi0tLS0tRU5EIFBSSVZBVEUgS0VZLS0tLS1cbiIsCgkiY2xpZW50X2VtYWlsIjogInJlZ2lzdHJ5LXNhQHdwLXByb2plY3QtNDA0MzEzLmlhbS5nc2VydmljZWFjY291bnQuY29tIiwKCSJjbGllbnRfaWQiOiAiMTA3MDUwNzQ5Nzk1NzYwMDEyOTMzIiwKCSJhdXRoX3VyaSI6ICJodHRwczovL2FjY291bnRzLmdvb2dsZS5jb20vby9vYXV0aDIvYXV0aCIsCgkidG9rZW5fdXJpIjogImh0dHBzOi8vb2F1dGgyLmdvb2dsZWFwaXMuY29tL3Rva2VuIiwKCSJhdXRoX3Byb3ZpZGVyX3g1MDlfY2VydF91cmwiOiAiaHR0cHM6Ly93d3cuZ29vZ2xlYXBpcy5jb20vb2F1dGgyL3YxL2NlcnRzIiwKCSJjbGllbnRfeDUwOV9jZXJ0X3VybCI6ICJodHRwczovL3d3dy5nb29nbGVhcGlzLmNvbS9yb2JvdC92MS9tZXRhZGF0YS94NTA5L3JlZ2lzdHJ5LXNhJTQwd3AtcHJvamVjdC00MDQzMTMuaWFtLmdzZXJ2aWNlYWNjb3VudC5jb20iLAoJInVuaXZlcnNlX2RvbWFpbiI6ICJnb29nbGVhcGlzLmNvbSIKICB9CiAg\"}}}",
            "version": "5"
          },
          "sensitive_attributes": []
        }
      ]
    },
    {
      "module": "module.main_kubernetes",
      "mode": "data",
      "type": "google_container_engine_versions",
      "name": "gke_version",
      "provider": "provider[\"registry.terraform.io/hashicorp/google\"]",
      "instances": [
        {
          "schema_version": 0,
          "attributes": {
            "default_cluster_version": "1.27.3-gke.100",
            "id": "2023-11-17 00:34:10.81318247 +0000 UTC",
            "latest_master_version": "1.27.7-gke.1121000",
            "latest_node_version": "1.27.7-gke.1121000",
            "location": "europe-west1-c",
            "project": null,
            "release_channel_default_version": {
              "RAPID": "1.27.5-gke.200",
              "REGULAR": "1.27.3-gke.100",
              "STABLE": "1.27.3-gke.100"
            },
            "release_channel_latest_version": {
              "RAPID": "1.27.7-gke.1121000",
              "REGULAR": "1.27.5-gke.200",
              "STABLE": "1.27.4-gke.900"
            },
            "valid_master_versions": [
              "1.27.7-gke.1121000",
              "1.27.7-gke.1088000",
              "1.27.6-gke.1445000",
              "1.27.6-gke.1248000",
              "1.27.5-gke.200",
              "1.27.4-gke.900",
              "1.27.3-gke.1700",
              "1.27.3-gke.100",
              "1.27.2-gke.2100",
              "1.27.2-gke.1200"
            ],
            "valid_node_versions": [
              "1.27.7-gke.1121000",
              "1.27.7-gke.1088000",
              "1.27.7-gke.1056000",
              "1.27.7-gke.1038000",
              "1.27.6-gke.1506000",
              "1.27.6-gke.1445000",
              "1.27.6-gke.1248000",
              "1.27.5-gke.200",
              "1.27.4-gke.900",
              "1.27.3-gke.1700",
              "1.27.3-gke.100",
              "1.27.2-gke.2100",
              "1.27.2-gke.1200"
            ],
            "version_prefix": "1.27."
          },
          "sensitive_attributes": []
        }
      ]
    },
    {
      "module": "module.main_kubernetes",
      "mode": "managed",
      "type": "google_container_cluster",
      "name": "wp_project_cluster",
      "provider": "provider[\"registry.terraform.io/hashicorp/google\"]",
      "instances": [
        {
          "schema_version": 2,
          "attributes": {
            "addons_config": [
              {
                "cloudrun_config": [],
                "config_connector_config": [],
                "dns_cache_config": [],
                "gce_persistent_disk_csi_driver_config": [
                  {
                    "enabled": true
                  }
                ],
                "gcp_filestore_csi_driver_config": [],
                "gcs_fuse_csi_driver_config": [],
                "gke_backup_agent_config": [],
                "horizontal_pod_autoscaling": [],
                "http_load_balancing": [],
                "network_policy_config": [
                  {
                    "disabled": true
                  }
                ]
              }
            ],
            "allow_net_admin": null,
            "authenticator_groups_config": [],
            "binary_authorization": [
              {
                "enabled": false,
                "evaluation_mode": ""
              }
            ],
            "cluster_autoscaling": [
              {
                "auto_provisioning_defaults": [],
                "enabled": false,
                "resource_limits": []
              }
            ],
            "cluster_ipv4_cidr": "10.112.0.0/14",
            "confidential_nodes": [],
            "cost_management_config": [],
            "database_encryption": [
              {
                "key_name": "",
                "state": "DECRYPTED"
              }
            ],
            "datapath_provider": "",
            "default_max_pods_per_node": 110,
            "default_snat_status": [
              {
                "disabled": false
              }
            ],
            "deletion_protection": false,
            "description": "",
            "dns_config": [],
            "enable_autopilot": false,
            "enable_intranode_visibility": false,
            "enable_k8s_beta_apis": [],
            "enable_kubernetes_alpha": false,
            "enable_l4_ilb_subsetting": false,
            "enable_legacy_abac": false,
            "enable_shielded_nodes": true,
            "enable_tpu": false,
            "endpoint": "35.205.69.107",
            "fleet": [],
            "gateway_api_config": [],
            "id": "projects/wp-project-404313/locations/europe-west1-c/clusters/wp-project-404313-gke-cluster",
            "identity_service_config": [],
            "initial_node_count": 1,
            "ip_allocation_policy": [
              {
                "additional_pod_ranges_config": [],
                "cluster_ipv4_cidr_block": "10.112.0.0/14",
                "cluster_secondary_range_name": "gke-wp-project-404313-gke-cluster-pods-2ce0b90d",
                "pod_cidr_overprovision_config": [
                  {
                    "disabled": false
                  }
                ],
                "services_ipv4_cidr_block": "10.116.0.0/20",
                "services_secondary_range_name": "gke-wp-project-404313-gke-cluster-services-2ce0b90d",
                "stack_type": "IPV4"
              }
            ],
            "label_fingerprint": "a9dc16a7",
            "location": "europe-west1-c",
            "logging_config": [
              {
                "enable_components": [
                  "SYSTEM_COMPONENTS",
                  "WORKLOADS"
                ]
              }
            ],
            "logging_service": "logging.googleapis.com/kubernetes",
            "maintenance_policy": [],
            "master_auth": [
              {
                "client_certificate": "",
                "client_certificate_config": [
                  {
                    "issue_client_certificate": false
                  }
                ],
                "client_key": "",
                "cluster_ca_certificate": "LS0tLS1CRUdJTiBDRVJUSUZJQ0FURS0tLS0tCk1JSUVMRENDQXBTZ0F3SUJBZ0lRWko3UkJBRTYyOUhjZXVRQllQUk9XREFOQmdrcWhraUc5dzBCQVFzRkFEQXYKTVMwd0t3WURWUVFERXlReFlUZzJNelppWVMweFkyVTBMVFF6WWpZdFlUZGlOUzAxWVRNM09EQTFaRGcyT0RJdwpJQmNOTWpNeE1URTJNak15TVRVNFdoZ1BNakExTXpFeE1Ea3dNREl4TlRoYU1DOHhMVEFyQmdOVkJBTVRKREZoCk9EWXpObUpoTFRGalpUUXRORE5pTmkxaE4ySTFMVFZoTXpjNE1EVmtPRFk0TWpDQ0FhSXdEUVlKS29aSWh2Y04KQVFFQkJRQURnZ0dQQURDQ0FZb0NnZ0dCQUpOVS92R1BtdzlnMFRndXNDanJocmFEWUdpTmdpVFMrUXcxZGhUSAovQWFkYlNQU2NkZ1BCMFJrTlZMcmc3dFFET01jeW9yVkhwK2dGYzFldEpUUFloMlhrdEpyZmRIam8wVGRKWjhzClJRZko3VnJHYzY3TnJia21LWTRRajdsVW5TUFlPemZUZE9xOXI4TmhyM0ZGWTAzR25pM1Q5MVk2M0tyaldubHgKTVhlT2RNRStySlpKNXlIbGNmajYxTy9lRFRzNnJCU0U2eWlXaiszdS9vMnlySnBPODVHOS8ybkxoK2xlbHg2SApwMkx2dWRqUGY1Z3ZTRVkrLzFOY1U5MzY0VkQ2OUlneTBQNWYvQ3M3OXhoby9PYjVza3hLQmhicU12KysrRCtKCmEyUEtCMzNmeE1iSU5pWnJ3Vk5YdjhoeDg5UkVEUGpVYk5aNGRGQ1k3UjA5QUQ0YjE2M01CM1RCQzZJRTF6NnYKQ2QrNkhyUnJVZU8rS0pLdkxoQVJXSWRRSnF1cDJrL1RjUE41dzlyUGsyZ3NUdFZuUmpXeVQvV29LRnRidzBDVApramRlZ2Z1K1VqRnlabllKcnJwL0p2SEtBOHRaYVUwKzJHRzIvODkrKzJnNHRxUDdxOWVkYXBWd2lKVWZxV3o1CjJqQURkMlp0UGV6Vis1em5IZmRhMmNwQjN3SURBUUFCbzBJd1FEQU9CZ05WSFE4QkFmOEVCQU1DQWdRd0R3WUQKVlIwVEFRSC9CQVV3QXdFQi96QWRCZ05WSFE0RUZnUVVHa1UzbWRlNDJ4ekdLYlgxT2ZtSGd4TGtTT2d3RFFZSgpLb1pJaHZjTkFRRUxCUUFEZ2dHQkFJUjlkQ1FhZ1ZycEZwelFtcXd3T3YwWVJNWExLRDZlUTlGdU5KV0p5ekxLCjZUaDRPeTdNTmVOdUpKMzdOdE8rM20rQ0Z2clZsWnRZK25MMkxBdnRuRFU5c2p5dHRQUGx6WWJidUppVU5oOVQKcGg2TFIvdytXQ1BFeWJlVGFBbjJHeWtiQisva2tZc1hIWEM3MkJ4YU1ZNk95MFdYZW1PVHRyZVk1Nkl5cUlpSQpVZjdJcVdBQ2xSL2dFTU12ZVM5Nk1KUnVTYURmS3hMbThDaXRDZVVkWHFTdmtIellPaHpOSGNYc09ML0pXeWMxCnNUVkw2V1pacm44aEU4a1dRWnF0Y016U2Y5NnNPOW1CREFPbEFEUW1Mb3JTSUJ0TGY5b0M5R0cvSm1WUklmVlEKL01tOHphSjFmaXFvQjVoOEtrZmg2anljRFhvWlFBbGx6aEdqQis2VzRyQWpGcE1VUjNGNFFBVFhHM1dDeCtWZgpXUmFERG8ybWhnanozSXYyblpDdi93UU5jWHJueCtpL3RHQnpjY0dwc3B4V2JlaTgwS0F2SFF6Nkp0NXRaZWZLCmRUUFBSM2ZuRnNFSW1yaEJCU0JxaXlTYzZieTNmZVJjQjcrL0Q2dE1lbDk1RGZvUks2dWpVa242bVF4KzFiUXIKMk9FQ0E2bVY4YVNGNmZsc3JudlZGdz09Ci0tLS0tRU5EIENFUlRJRklDQVRFLS0tLS0K"
              }
            ],
            "master_authorized_networks_config": [],
            "master_version": "1.27.3-gke.100",
            "mesh_certificates": [],
            "min_master_version": null,
            "monitoring_config": [
              {
                "advanced_datapath_observability_config": [
                  {
                    "enable_metrics": false,
                    "relay_mode": ""
                  }
                ],
                "enable_components": [
                  "SYSTEM_COMPONENTS"
                ],
                "managed_prometheus": [
                  {
                    "enabled": true
                  }
                ]
              }
            ],
            "monitoring_service": "monitoring.googleapis.com/kubernetes",
            "name": "wp-project-404313-gke-cluster",
            "network": "projects/wp-project-404313/global/networks/wp-project-404313-vpc",
            "network_policy": [
              {
                "enabled": false,
                "provider": "PROVIDER_UNSPECIFIED"
              }
            ],
            "networking_mode": "VPC_NATIVE",
            "node_config": [
              {
                "advanced_machine_features": [],
                "boot_disk_kms_key": "",
                "confidential_nodes": [],
                "disk_size_gb": 50,
                "disk_type": "pd-standard",
                "effective_taints": [],
                "ephemeral_storage_local_ssd_config": [],
                "fast_socket": [],
                "gcfs_config": [],
                "guest_accelerator": [],
                "gvnic": [],
                "host_maintenance_policy": [],
                "image_type": "COS_CONTAINERD",
                "kubelet_config": [],
                "labels": {
                  "env": "wp-project-404313"
                },
                "linux_node_config": [],
                "local_nvme_ssd_block_config": [],
                "local_ssd_count": 0,
                "logging_variant": "DEFAULT",
                "machine_type": "n1-standard-1",
                "metadata": {
                  "disable-legacy-endpoints": "true"
                },
                "min_cpu_platform": "",
                "node_group": "",
                "oauth_scopes": [
                  "https://www.googleapis.com/auth/logging.write",
                  "https://www.googleapis.com/auth/monitoring"
                ],
                "preemptible": false,
                "reservation_affinity": [],
                "resource_labels": {},
                "service_account": "default",
                "shielded_instance_config": [
                  {
                    "enable_integrity_monitoring": true,
                    "enable_secure_boot": false
                  }
                ],
                "sole_tenant_config": [],
                "spot": false,
                "tags": [
                  "gke-node",
                  "wp-project-404313-gke"
                ],
                "taint": [],
                "workload_metadata_config": []
              }
            ],
            "node_locations": [],
            "node_pool": [
              {
                "autoscaling": [],
                "initial_node_count": 1,
                "instance_group_urls": [
                  "https://www.googleapis.com/compute/v1/projects/wp-project-404313/zones/europe-west1-c/instanceGroupManagers/gke-wp-project-40431-wp-project-40431-41c1660d-grp"
                ],
                "managed_instance_group_urls": [
                  "https://www.googleapis.com/compute/v1/projects/wp-project-404313/zones/europe-west1-c/instanceGroups/gke-wp-project-40431-wp-project-40431-41c1660d-grp"
                ],
                "management": [
                  {
                    "auto_repair": true,
                    "auto_upgrade": true
                  }
                ],
                "max_pods_per_node": 110,
                "name": "wp-project-404313-gke-cluster",
                "name_prefix": "",
                "network_config": [
                  {
                    "create_pod_range": false,
                    "enable_private_nodes": false,
                    "pod_cidr_overprovision_config": [],
                    "pod_ipv4_cidr_block": "10.112.0.0/14",
                    "pod_range": "gke-wp-project-404313-gke-cluster-pods-2ce0b90d"
                  }
                ],
                "node_config": [
                  {
                    "advanced_machine_features": [],
                    "boot_disk_kms_key": "",
                    "confidential_nodes": [],
                    "disk_size_gb": 50,
                    "disk_type": "pd-standard",
                    "effective_taints": [],
                    "ephemeral_storage_local_ssd_config": [],
                    "fast_socket": [],
                    "gcfs_config": [],
                    "guest_accelerator": [],
                    "gvnic": [],
                    "host_maintenance_policy": [],
                    "image_type": "COS_CONTAINERD",
                    "kubelet_config": [],
                    "labels": {
                      "env": "wp-project-404313"
                    },
                    "linux_node_config": [],
                    "local_nvme_ssd_block_config": [],
                    "local_ssd_count": 0,
                    "logging_variant": "DEFAULT",
                    "machine_type": "n1-standard-1",
                    "metadata": {
                      "disable-legacy-endpoints": "true"
                    },
                    "min_cpu_platform": "",
                    "node_group": "",
                    "oauth_scopes": [
                      "https://www.googleapis.com/auth/logging.write",
                      "https://www.googleapis.com/auth/monitoring"
                    ],
                    "preemptible": false,
                    "reservation_affinity": [],
                    "resource_labels": {},
                    "service_account": "default",
                    "shielded_instance_config": [
                      {
                        "enable_integrity_monitoring": true,
                        "enable_secure_boot": false
                      }
                    ],
                    "sole_tenant_config": [],
                    "spot": false,
                    "tags": [
                      "gke-node",
                      "wp-project-404313-gke"
                    ],
                    "taint": [],
                    "workload_metadata_config": []
                  }
                ],
                "node_count": 1,
                "node_locations": [
                  "europe-west1-c"
                ],
                "placement_policy": [],
                "upgrade_settings": [
                  {
                    "blue_green_settings": [],
                    "max_surge": 1,
                    "max_unavailable": 0,
                    "strategy": "SURGE"
                  }
                ],
                "version": "1.27.4-gke.900"
              }
            ],
            "node_pool_auto_config": [],
            "node_pool_defaults": [
              {
                "node_config_defaults": [
                  {
                    "logging_variant": "DEFAULT"
                  }
                ]
              }
            ],
            "node_version": "1.27.4-gke.900",
            "notification_config": [
              {
                "pubsub": [
                  {
                    "enabled": false,
                    "filter": [],
                    "topic": ""
                  }
                ]
              }
            ],
            "operation": null,
            "private_cluster_config": [
              {
                "enable_private_endpoint": false,
                "enable_private_nodes": false,
                "master_global_access_config": [
                  {
                    "enabled": false
                  }
                ],
                "master_ipv4_cidr_block": "",
                "peering_name": "",
                "private_endpoint": "10.10.0.2",
                "private_endpoint_subnetwork": "",
                "public_endpoint": "35.205.69.107"
              }
            ],
            "private_ipv6_google_access": "",
            "project": "wp-project-404313",
            "release_channel": [
              {
                "channel": "REGULAR"
              }
            ],
            "remove_default_node_pool": true,
            "resource_labels": {},
            "resource_usage_export_config": [],
            "security_posture_config": [
              {
                "mode": "BASIC",
                "vulnerability_mode": "VULNERABILITY_MODE_UNSPECIFIED"
              }
            ],
            "self_link": "https://container.googleapis.com/v1/projects/wp-project-404313/zones/europe-west1-c/clusters/wp-project-404313-gke-cluster",
            "service_external_ips_config": [
              {
                "enabled": false
              }
            ],
            "services_ipv4_cidr": "10.116.0.0/20",
            "subnetwork": "projects/wp-project-404313/regions/europe-west1/subnetworks/wp-project-404313-subnet",
            "timeouts": null,
            "tpu_ipv4_cidr_block": "",
            "vertical_pod_autoscaling": [],
            "workload_identity_config": []
          },
          "sensitive_attributes": [],
          "private": "eyJlMmJmYjczMC1lY2FhLTExZTYtOGY4OC0zNDM2M2JjN2M0YzAiOnsiY3JlYXRlIjoyNDAwMDAwMDAwMDAwLCJkZWxldGUiOjI0MDAwMDAwMDAwMDAsInJlYWQiOjI0MDAwMDAwMDAwMDAsInVwZGF0ZSI6MzYwMDAwMDAwMDAwMH0sInNjaGVtYV92ZXJzaW9uIjoiMiJ9",
          "dependencies": [
            "module.main_vpc.google_compute_network.vpc",
            "module.main_vpc.google_compute_subnetwork.subnet"
          ]
        }
      ]
    },
    {
      "module": "module.main_kubernetes",
      "mode": "managed",
      "type": "google_container_node_pool",
      "name": "wp_project_cluster_nodes",
      "provider": "provider[\"registry.terraform.io/hashicorp/google\"]",
      "instances": [
        {
          "schema_version": 1,
          "attributes": {
            "autoscaling": [],
            "cluster": "wp-project-404313-gke-cluster",
            "id": "projects/wp-project-404313/locations/europe-west1-c/clusters/wp-project-404313-gke-cluster/nodePools/wp-project-404313-gke-cluster",
            "initial_node_count": 1,
            "instance_group_urls": [
              "https://www.googleapis.com/compute/v1/projects/wp-project-404313/zones/europe-west1-c/instanceGroupManagers/gke-wp-project-40431-wp-project-40431-41c1660d-grp"
            ],
            "location": "europe-west1-c",
            "managed_instance_group_urls": [
              "https://www.googleapis.com/compute/v1/projects/wp-project-404313/zones/europe-west1-c/instanceGroups/gke-wp-project-40431-wp-project-40431-41c1660d-grp"
            ],
            "management": [
              {
                "auto_repair": true,
                "auto_upgrade": true
              }
            ],
            "max_pods_per_node": 110,
            "name": "wp-project-404313-gke-cluster",
            "name_prefix": "",
            "network_config": [
              {
                "create_pod_range": false,
                "enable_private_nodes": false,
                "pod_cidr_overprovision_config": [],
                "pod_ipv4_cidr_block": "10.112.0.0/14",
                "pod_range": "gke-wp-project-404313-gke-cluster-pods-2ce0b90d"
              }
            ],
            "node_config": [
              {
                "advanced_machine_features": [],
                "boot_disk_kms_key": "",
                "confidential_nodes": [],
                "disk_size_gb": 50,
                "disk_type": "pd-standard",
                "effective_taints": [],
                "ephemeral_storage_local_ssd_config": [],
                "fast_socket": [],
                "gcfs_config": [],
                "guest_accelerator": [],
                "gvnic": [],
                "host_maintenance_policy": [],
                "image_type": "COS_CONTAINERD",
                "kubelet_config": [],
                "labels": {
                  "env": "wp-project-404313"
                },
                "linux_node_config": [],
                "local_nvme_ssd_block_config": [],
                "local_ssd_count": 0,
                "logging_variant": "DEFAULT",
                "machine_type": "n1-standard-1",
                "metadata": {
                  "disable-legacy-endpoints": "true"
                },
                "min_cpu_platform": "",
                "node_group": "",
                "oauth_scopes": [
                  "https://www.googleapis.com/auth/logging.write",
                  "https://www.googleapis.com/auth/monitoring"
                ],
                "preemptible": false,
                "reservation_affinity": [],
                "resource_labels": {},
                "service_account": "default",
                "shielded_instance_config": [
                  {
                    "enable_integrity_monitoring": true,
                    "enable_secure_boot": false
                  }
                ],
                "sole_tenant_config": [],
                "spot": false,
                "tags": [
                  "gke-node",
                  "wp-project-404313-gke"
                ],
                "taint": [],
                "workload_metadata_config": []
              }
            ],
            "node_count": 1,
            "node_locations": [
              "europe-west1-c"
            ],
            "operation": null,
            "placement_policy": [],
            "project": "wp-project-404313",
            "timeouts": null,
            "upgrade_settings": [
              {
                "blue_green_settings": [],
                "max_surge": 1,
                "max_unavailable": 0,
                "strategy": "SURGE"
              }
            ],
            "version": "1.27.4-gke.900"
          },
          "sensitive_attributes": [],
          "private": "eyJlMmJmYjczMC1lY2FhLTExZTYtOGY4OC0zNDM2M2JjN2M0YzAiOnsiY3JlYXRlIjoxODAwMDAwMDAwMDAwLCJkZWxldGUiOjE4MDAwMDAwMDAwMDAsInVwZGF0ZSI6MTgwMDAwMDAwMDAwMH0sInNjaGVtYV92ZXJzaW9uIjoiMSJ9",
          "dependencies": [
            "module.main_kubernetes.data.google_container_engine_versions.gke_version",
            "module.main_kubernetes.google_container_cluster.wp_project_cluster",
            "module.main_vpc.google_compute_network.vpc",
            "module.main_vpc.google_compute_subnetwork.subnet"
          ]
        }
      ]
    },
    {
      "module": "module.main_kubernetes",
      "mode": "managed",
      "type": "kubernetes_namespace",
      "name": "aspnet-namespace",
      "provider": "provider[\"registry.terraform.io/hashicorp/kubernetes\"]",
      "instances": [
        {
          "schema_version": 0,
          "attributes": {
            "id": "aspnet",
            "metadata": [
              {
                "annotations": {
                  "name": "aspnet-namespace"
                },
                "generate_name": "",
                "generation": 0,
                "labels": null,
                "name": "aspnet",
                "resource_version": "4227",
                "uid": "94914dcc-ada9-4430-b135-b829f898fe6a"
              }
            ],
            "timeouts": null,
            "wait_for_default_service_account": false
          },
          "sensitive_attributes": [],
          "private": "eyJlMmJmYjczMC1lY2FhLTExZTYtOGY4OC0zNDM2M2JjN2M0YzAiOnsiZGVsZXRlIjozMDAwMDAwMDAwMDB9fQ=="
        }
      ]
    },
    {
      "module": "module.main_kubernetes",
      "mode": "managed",
      "type": "kubernetes_namespace",
      "name": "wp-namespace",
      "provider": "provider[\"registry.terraform.io/hashicorp/kubernetes\"]",
      "instances": [
        {
          "schema_version": 0,
          "attributes": {
            "id": "wp",
            "metadata": [
              {
                "annotations": {
                  "name": "wp-namespace"
                },
                "generate_name": "",
                "generation": 0,
                "labels": null,
                "name": "wp",
                "resource_version": "4226",
                "uid": "94cb972c-fc64-4807-ada2-b54dc7f222ed"
              }
            ],
            "timeouts": null,
            "wait_for_default_service_account": false
          },
          "sensitive_attributes": [],
          "private": "eyJlMmJmYjczMC1lY2FhLTExZTYtOGY4OC0zNDM2M2JjN2M0YzAiOnsiZGVsZXRlIjozMDAwMDAwMDAwMDB9fQ=="
        }
      ]
    },
    {
      "module": "module.main_kubernetes",
      "mode": "managed",
      "type": "kubernetes_secret",
      "name": "wp_mysql_secret",
      "provider": "provider[\"registry.terraform.io/hashicorp/kubernetes\"]",
      "instances": [
        {
          "schema_version": 0,
          "attributes": {
            "binary_data": null,
            "data": {
              "db_host": "35.195.223.202:3306",
              "db_name": "wp-mysql",
              "db_password": "wp-username",
              "db_username": "wp-password"
            },
            "id": "wp/mysql",
            "immutable": false,
            "metadata": [
              {
                "annotations": null,
                "generate_name": "",
                "generation": 0,
                "labels": null,
                "name": "mysql",
                "namespace": "wp",
                "resource_version": "4233",
                "uid": "83e9b189-4877-4105-b87d-2b0ad207a41f"
              }
            ],
            "timeouts": null,
            "type": "Opaque",
            "wait_for_service_account_token": true
          },
          "sensitive_attributes": [
            [
              {
                "type": "get_attr",
                "value": "data"
              },
              {
                "type": "index",
                "value": {
                  "value": "db_host",
                  "type": "string"
                }
              }
            ],
            [
              {
                "type": "get_attr",
                "value": "data"
              },
              {
                "type": "index",
                "value": {
                  "value": "db_name",
                  "type": "string"
                }
              }
            ],
            [
              {
                "type": "get_attr",
                "value": "data"
              },
              {
                "type": "index",
                "value": {
                  "value": "db_password",
                  "type": "string"
                }
              }
            ],
            [
              {
                "type": "get_attr",
                "value": "data"
              },
              {
                "type": "index",
                "value": {
                  "value": "db_username",
                  "type": "string"
                }
              }
            ]
          ],
          "private": "eyJlMmJmYjczMC1lY2FhLTExZTYtOGY4OC0zNDM2M2JjN2M0YzAiOnsiY3JlYXRlIjo2MDAwMDAwMDAwMH19",
          "dependencies": [
            "data.google_secret_manager_secret_version.mysql_db_host",
            "data.google_secret_manager_secret_version.mysql_db_name",
            "data.google_secret_manager_secret_version.mysql_db_password",
            "data.google_secret_manager_secret_version.mysql_db_username"
          ]
        }
      ]
    },
    {
      "module": "module.main_kubernetes",
      "mode": "managed",
      "type": "kubernetes_secret",
      "name": "wp_registry_sa_secret",
      "provider": "provider[\"registry.terraform.io/hashicorp/kubernetes\"]",
      "instances": [
        {
          "schema_version": 0,
          "attributes": {
            "binary_data": null,
            "data": {
              ".dockerconfigjson": "{\"auths\":{\"https://europe-west1-docker.pkg.dev\":{\"username\":\"_json_key\",\"password\":\"{\\n\\t\\\"type\\\": \\\"service_account\\\",\\n\\t\\\"project_id\\\": \\\"wp-project-404313\\\",\\n\\t\\\"private_key_id\\\": \\\"505962742c5d920bfa93ff4f280b30de237352fc\\\",\\n\\t\\\"private_key\\\": \\\"-----BEGIN PRIVATE KEY-----\\\\nMIIEvQIBADANBgkqhkiG9w0BAQEFAASCBKcwggSjAgEAAoIBAQC4JwHr4UP0DSvf\\\\nWMzyiuFA6wX/1n9vgKERuUe6Mss6YEZWUrRZVlftijNg3r0LkkPyNBkPwNYELT90\\\\nah1lfr0Q3uFKLIF5fBn4N7c0IpsBaImR78Jc67s3zYCFJKhS9Fzvt1rfpGyNK2Iu\\\\nQJ7ZwPQbmiKEsFN8L8XF36sM8mUE/zIl0OV+D7ZtPjez/LLypKwraCCIC9Ukw6OI\\\\n0qvTlHVR5idvvvZAr1tEHI1fW05ymVRqQovy0QkYLx80qpwHyOyjtX8Kzm5t1HP9\\\\nRVmubiEqYorZYNluyIPyLRMUBbydkQqPo1NeNp4MXJpddJcO4x4DdYaQx4UDxMCF\\\\nR1IgwvbZAgMBAAECggEARDkTUad1bNtaVxbHas2/0LShVtxI/u6Y/X92TsmVl+1l\\\\n8YIXVYeS8KpECY3LXJeV+4uIg1kOEKMQwJi1hk3zTmY78aZWW0L6PgaqJTLy2Q04\\\\n9itshs9AX1aPWAQyJfVo3tg/Xt5D5vLdH0SKdSKybO1n/19xtm7eZsXL0XKVsUkX\\\\nECV1BnqSBm4ZMqqHadPdQNp7qAapxx+P7+AiwhglB5d7+6q6iuh0BDOymexduYj7\\\\nP55p9Mxuk0mTFIe0Qwc8sehdjf8ACpR/S/OdPmWV13zIEya6O7GTQ2GANZhBxXPs\\\\nAoy3ZAATz1E/OqEjv1oLDahTLUyeYlymUWqOFuyjbwKBgQDbfmpTOup1PYcEDtVq\\\\ng6jxjJRbJqBhFgQfKZMDhv545E4YdfzyB1NR+FRsu9cK+GuRHCiAfGlmmmdonvqx\\\\nUg2ICPBZ8U/zMjpoXAzySwRzAeVq0mUhDW1d02WceH3cr7a9b3cR1E6nHTAMtGqt\\\\n7rVECRSP/JEuRT+YXhUPgI7GAwKBgQDWx9QBIGRT+xhaBaSw4fYaXJ1OeM7WMmzM\\\\nvD6vm+HSUZLP5+TyNrPXWnOH4hGLb1px4lza8VDh46tV9aTbxv4J2L23l6VLARlA\\\\n2GGtAQ+09/8GZVT7ChzfOUM4mRcX9QE1ZEdVU8eLTwyD60gweI4HRxY0H0sbvFJG\\\\nhifikOhW8wKBgByZNQtRItlRwfTCZgYxz2JhmbbiqoTb1H+m8BPGlAN2Y8KGJQX3\\\\n9GA6xe1A8Dzqr0FB9PkAvM70kUKtbCaMdVzjJUXizjL2uWt9iuZK5fKCLb0kWq7a\\\\nzAQslhG0FVoavumhy1bUXcciY29UVo4BCzcpI7e7BcOMnEOjBoV1j6S3AoGBAKCa\\\\nwG8vN5aM1oLKYYJbFVpVEtQRBimpfy4BPaa3G7/Xe763mr18JjLM0kMzywbG94zd\\\\nRa36cQ7Y3c/jZalqPaBDUGounU1evvF8XF2vw30BTNQNheRKhZhuC1QRNfGWJZc1\\\\nKxolEbucGrGyiEKmgx3yDCphlBpjUeqmesCytun9AoGAbi7F3Vp390t3GbGepgii\\\\nsqXZmnod7RDWSln9M6uNGSpb68wMFlTnf6844ggcjV0LgUbIoJ8Sp6Vz7N3U6bjA\\\\nA2wNUSjX3ne0IIIzuum/pdHQ1tfbuw00Pm8gWsLHdBMYRXotzfx+grbL3YAIDAIq\\\\n+b0eNmJYIWVb765neVYxtLo=\\\\n-----END PRIVATE KEY-----\\\\n\\\",\\n\\t\\\"client_email\\\": \\\"registry-sa@wp-project-404313.iam.gserviceaccount.com\\\",\\n\\t\\\"client_id\\\": \\\"107050749795760012933\\\",\\n\\t\\\"auth_uri\\\": \\\"https://accounts.google.com/o/oauth2/auth\\\",\\n\\t\\\"token_uri\\\": \\\"https://oauth2.googleapis.com/token\\\",\\n\\t\\\"auth_provider_x509_cert_url\\\": \\\"https://www.googleapis.com/oauth2/v1/certs\\\",\\n\\t\\\"client_x509_cert_url\\\": \\\"https://www.googleapis.com/robot/v1/metadata/x509/registry-sa%40wp-project-404313.iam.gserviceaccount.com\\\",\\n\\t\\\"universe_domain\\\": \\\"googleapis.com\\\"\\n  }\\n  \",\"email\":\"registry-sa@wp-project-404313.iam.gserviceaccount.com\",\"auth\":\"X2pzb25fa2V5OnsKCSJ0eXBlIjogInNlcnZpY2VfYWNjb3VudCIsCgkicHJvamVjdF9pZCI6ICJ3cC1wcm9qZWN0LTQwNDMxMyIsCgkicHJpdmF0ZV9rZXlfaWQiOiAiNTA1OTYyNzQyYzVkOTIwYmZhOTNmZjRmMjgwYjMwZGUyMzczNTJmYyIsCgkicHJpdmF0ZV9rZXkiOiAiLS0tLS1CRUdJTiBQUklWQVRFIEtFWS0tLS0tXG5NSUlFdlFJQkFEQU5CZ2txaGtpRzl3MEJBUUVGQUFTQ0JLY3dnZ1NqQWdFQUFvSUJBUUM0SndIcjRVUDBEU3ZmXG5XTXp5aXVGQTZ3WC8xbjl2Z0tFUnVVZTZNc3M2WUVaV1VyUlpWbGZ0aWpOZzNyMExra1B5TkJrUHdOWUVMVDkwXG5haDFsZnIwUTN1RktMSUY1ZkJuNE43YzBJcHNCYUltUjc4SmM2N3MzellDRkpLaFM5Rnp2dDFyZnBHeU5LMkl1XG5RSjdad1BRYm1pS0VzRk44TDhYRjM2c004bVVFL3pJbDBPVitEN1p0UGplei9MTHlwS3dyYUNDSUM5VWt3Nk9JXG4wcXZUbEhWUjVpZHZ2dlpBcjF0RUhJMWZXMDV5bVZScVFvdnkwUWtZTHg4MHFwd0h5T3lqdFg4S3ptNXQxSFA5XG5SVm11YmlFcVlvclpZTmx1eUlQeUxSTVVCYnlka1FxUG8xTmVOcDRNWEpwZGRKY080eDREZFlhUXg0VUR4TUNGXG5SMUlnd3ZiWkFnTUJBQUVDZ2dFQVJEa1RVYWQxYk50YVZ4YkhhczIvMExTaFZ0eEkvdTZZL1g5MlRzbVZsKzFsXG44WUlYVlllUzhLcEVDWTNMWEplVis0dUlnMWtPRUtNUXdKaTFoazN6VG1ZNzhhWldXMEw2UGdhcUpUTHkyUTA0XG45aXRzaHM5QVgxYVBXQVF5SmZWbzN0Zy9YdDVENXZMZEgwU0tkU0t5Yk8xbi8xOXh0bTdlWnNYTDBYS1ZzVWtYXG5FQ1YxQm5xU0JtNFpNcXFIYWRQZFFOcDdxQWFweHgrUDcrQWl3aGdsQjVkNys2cTZpdWgwQkRPeW1leGR1WWo3XG5QNTVwOU14dWswbVRGSWUwUXdjOHNlaGRqZjhBQ3BSL1MvT2RQbVdWMTN6SUV5YTZPN0dUUTJHQU5aaEJ4WFBzXG5Bb3kzWkFBVHoxRS9PcUVqdjFvTERhaFRMVXllWWx5bVVXcU9GdXlqYndLQmdRRGJmbXBUT3VwMVBZY0VEdFZxXG5nNmp4akpSYkpxQmhGZ1FmS1pNRGh2NTQ1RTRZZGZ6eUIxTlIrRlJzdTljSytHdVJIQ2lBZkdsbW1tZG9udnF4XG5VZzJJQ1BCWjhVL3pNanBvWEF6eVN3UnpBZVZxMG1VaERXMWQwMldjZUgzY3I3YTliM2NSMUU2bkhUQU10R3F0XG43clZFQ1JTUC9KRXVSVCtZWGhVUGdJN0dBd0tCZ1FEV3g5UUJJR1JUK3hoYUJhU3c0ZllhWEoxT2VNN1dNbXpNXG52RDZ2bStIU1VaTFA1K1R5TnJQWFduT0g0aEdMYjFweDRsemE4VkRoNDZ0VjlhVGJ4djRKMkwyM2w2VkxBUmxBXG4yR0d0QVErMDkvOEdaVlQ3Q2h6Zk9VTTRtUmNYOVFFMVpFZFZVOGVMVHd5RDYwZ3dlSTRIUnhZMEgwc2J2RkpHXG5oaWZpa09oVzh3S0JnQnlaTlF0Ukl0bFJ3ZlRDWmdZeHoySmhtYmJpcW9UYjFIK204QlBHbEFOMlk4S0dKUVgzXG45R0E2eGUxQThEenFyMEZCOVBrQXZNNzBrVUt0YkNhTWRWempKVVhpempMMnVXdDlpdVpLNWZLQ0xiMGtXcTdhXG56QVFzbGhHMEZWb2F2dW1oeTFiVVhjY2lZMjlVVm80QkN6Y3BJN2U3QmNPTW5FT2pCb1YxajZTM0FvR0JBS0NhXG53Rzh2TjVhTTFvTEtZWUpiRlZwVkV0UVJCaW1wZnk0QlBhYTNHNy9YZTc2M21yMThKakxNMGtNenl3Ykc5NHpkXG5SYTM2Y1E3WTNjL2paYWxxUGFCRFVHb3VuVTFldnZGOFhGMnZ3MzBCVE5RTmhlUktoWmh1QzFRUk5mR1dKWmMxXG5LeG9sRWJ1Y0dyR3lpRUttZ3gzeURDcGhsQnBqVWVxbWVzQ3l0dW45QW9HQWJpN0YzVnAzOTB0M0diR2VwZ2lpXG5zcVhabW5vZDdSRFdTbG45TTZ1TkdTcGI2OHdNRmxUbmY2ODQ0Z2djalYwTGdVYklvSjhTcDZWejdOM1U2YmpBXG5BMndOVVNqWDNuZTBJSUl6dXVtL3BkSFExdGZidXcwMFBtOGdXc0xIZEJNWVJYb3R6ZngrZ3JiTDNZQUlEQUlxXG4rYjBlTm1KWUlXVmI3NjVuZVZZeHRMbz1cbi0tLS0tRU5EIFBSSVZBVEUgS0VZLS0tLS1cbiIsCgkiY2xpZW50X2VtYWlsIjogInJlZ2lzdHJ5LXNhQHdwLXByb2plY3QtNDA0MzEzLmlhbS5nc2VydmljZWFjY291bnQuY29tIiwKCSJjbGllbnRfaWQiOiAiMTA3MDUwNzQ5Nzk1NzYwMDEyOTMzIiwKCSJhdXRoX3VyaSI6ICJodHRwczovL2FjY291bnRzLmdvb2dsZS5jb20vby9vYXV0aDIvYXV0aCIsCgkidG9rZW5fdXJpIjogImh0dHBzOi8vb2F1dGgyLmdvb2dsZWFwaXMuY29tL3Rva2VuIiwKCSJhdXRoX3Byb3ZpZGVyX3g1MDlfY2VydF91cmwiOiAiaHR0cHM6Ly93d3cuZ29vZ2xlYXBpcy5jb20vb2F1dGgyL3YxL2NlcnRzIiwKCSJjbGllbnRfeDUwOV9jZXJ0X3VybCI6ICJodHRwczovL3d3dy5nb29nbGVhcGlzLmNvbS9yb2JvdC92MS9tZXRhZGF0YS94NTA5L3JlZ2lzdHJ5LXNhJTQwd3AtcHJvamVjdC00MDQzMTMuaWFtLmdzZXJ2aWNlYWNjb3VudC5jb20iLAoJInVuaXZlcnNlX2RvbWFpbiI6ICJnb29nbGVhcGlzLmNvbSIKICB9CiAg\"}}}"
            },
            "id": "wp/registry-sa",
            "immutable": false,
            "metadata": [
              {
                "annotations": null,
                "generate_name": "",
                "generation": 0,
                "labels": null,
                "name": "registry-sa",
                "namespace": "wp",
                "resource_version": "4234",
                "uid": "8d6c6033-79ad-4ad5-9d59-1f26d6041898"
              }
            ],
            "timeouts": null,
            "type": "kubernetes.io/dockerconfigjson",
            "wait_for_service_account_token": true
          },
          "sensitive_attributes": [
            [
              {
                "type": "get_attr",
                "value": "data"
              },
              {
                "type": "index",
                "value": {
                  "value": ".dockerconfigjson",
                  "type": "string"
                }
              }
            ]
          ],
          "private": "eyJlMmJmYjczMC1lY2FhLTExZTYtOGY4OC0zNDM2M2JjN2M0YzAiOnsiY3JlYXRlIjo2MDAwMDAwMDAwMH19",
          "dependencies": [
            "data.google_secret_manager_secret_version.registry_sa_secret_data"
          ]
        }
      ]
    },
    {
      "module": "module.main_sql",
      "mode": "managed",
      "type": "google_sql_database",
      "name": "wp_mysql_db",
      "provider": "provider[\"registry.terraform.io/hashicorp/google\"]",
      "instances": [
        {
          "schema_version": 0,
          "attributes": {
            "charset": "utf8mb4",
            "collation": "utf8mb4_0900_ai_ci",
            "deletion_policy": "DELETE",
            "id": "projects/wp-project-404313/instances/wp-project-404313-mysql-instance/databases/wp-mysql",
            "instance": "wp-project-404313-mysql-instance",
            "name": "wp-mysql",
            "project": "wp-project-404313",
            "self_link": "https://sqladmin.googleapis.com/sql/v1beta4/projects/wp-project-404313/instances/wp-project-404313-mysql-instance/databases/wp-mysql",
            "timeouts": null
          },
          "sensitive_attributes": [
            [
              {
                "type": "get_attr",
                "value": "name"
              }
            ]
          ],
          "private": "eyJlMmJmYjczMC1lY2FhLTExZTYtOGY4OC0zNDM2M2JjN2M0YzAiOnsiY3JlYXRlIjoxMjAwMDAwMDAwMDAwLCJkZWxldGUiOjEyMDAwMDAwMDAwMDAsInVwZGF0ZSI6MTIwMDAwMDAwMDAwMH19",
          "dependencies": [
            "data.google_secret_manager_secret_version.mysql_db_name",
            "module.main_sql.google_sql_database_instance.wp_mysql_instance"
          ]
        }
      ]
    },
    {
      "module": "module.main_sql",
      "mode": "managed",
      "type": "google_sql_database_instance",
      "name": "wp_mysql_instance",
      "provider": "provider[\"registry.terraform.io/hashicorp/google\"]",
      "instances": [
        {
          "schema_version": 0,
          "attributes": {
            "available_maintenance_versions": [],
            "clone": [],
            "connection_name": "wp-project-404313:europe-west1:wp-project-404313-mysql-instance",
            "database_version": "MYSQL_8_0",
            "deletion_protection": false,
            "dns_name": "",
            "encryption_key_name": null,
            "first_ip_address": "146.148.8.163",
            "id": "wp-project-404313-mysql-instance",
            "instance_type": "CLOUD_SQL_INSTANCE",
            "ip_address": [
              {
                "ip_address": "146.148.8.163",
                "time_to_retire": "",
                "type": "PRIMARY"
              }
            ],
            "maintenance_version": "MYSQL_8_0_31.R20231105.01_00",
            "master_instance_name": "",
            "name": "wp-project-404313-mysql-instance",
            "private_ip_address": "",
            "project": "wp-project-404313",
            "psc_service_attachment_link": "",
            "public_ip_address": "146.148.8.163",
            "region": "europe-west1",
            "replica_configuration": [],
            "restore_backup_context": [],
            "root_password": null,
            "self_link": "https://sqladmin.googleapis.com/sql/v1beta4/projects/wp-project-404313/instances/wp-project-404313-mysql-instance",
            "server_ca_cert": [
              {
                "cert": "-----BEGIN CERTIFICATE-----\nMIIDfzCCAmegAwIBAgIBADANBgkqhkiG9w0BAQsFADB3MS0wKwYDVQQuEyQ3YTg3\nZWFjZi01NTkxLTRmMmUtOGYyNS0yZDU2ZTZjMzM5NWQxIzAhBgNVBAMTGkdvb2ds\nZSBDbG91ZCBTUUwgU2VydmVyIENBMRQwEgYDVQQKEwtHb29nbGUsIEluYzELMAkG\nA1UEBhMCVVMwHhcNMjMxMTE3MDAzNDIwWhcNMzMxMTE0MDAzNTIwWjB3MS0wKwYD\nVQQuEyQ3YTg3ZWFjZi01NTkxLTRmMmUtOGYyNS0yZDU2ZTZjMzM5NWQxIzAhBgNV\nBAMTGkdvb2dsZSBDbG91ZCBTUUwgU2VydmVyIENBMRQwEgYDVQQKEwtHb29nbGUs\nIEluYzELMAkGA1UEBhMCVVMwggEiMA0GCSqGSIb3DQEBAQUAA4IBDwAwggEKAoIB\nAQDSxWN0iAXv3E0Rcgxfeh35gQUkqxsVceAz5/Kjk69YyXmVnZSihecjwUeuNfZG\nNhSqfsoYNihMabSxzMhttchg5tyF4Le2IA0jMU93p3b/yoDenbiDTjNog0SG9dJ8\nRtXcr2s26H4TuK84osfqI2YoS3M2PJg2rSP0wq+NttNomgw20rqfNbUEXabwGu0A\n+u0lbCf9RtuC5cJJc4/9RJR782CXD55J6YtzRThXVmKWDfE4lYSXVhYwgaxT71nD\nvPZ985k3k+FXOSVtNUGF/ytoWHDAMdGOFqutnFYiL4M7wHY6FyBu7vSLqXeQNx1a\nOSL1uC831ydN4vZsFo+BoPYdAgMBAAGjFjAUMBIGA1UdEwEB/wQIMAYBAf8CAQAw\nDQYJKoZIhvcNAQELBQADggEBAFvYE4gAmH0THy7sOvGxRY2K6v9v83zQZlNXzC41\nNTzqp62+hYqPH6nE1dtuG1/Biy5JvfO/9yOkKRIreI7XNJ2HMymAetR1kUJF/Yzj\ngCWaNZ8hPHpfBHA08/AI6Gon/xNR2nLgpRhcNfxEwf+PQrLICvIEF8LL4pFOpViO\nl2CRS8RBk52nUdwN1d8eI/MHLD7HhjF/OBq8nKKQ5gkh0UD787lc9MlJxD36g/AF\nggz/VCzCslNKaGCKaJ+mLSXaOmnpeodqKeIBXaGdyuEi5JrviUhMHKQVZPb3zU+x\nseZCSXPdyIZgB7ymbD2si/zwCxwZe59RgW4n3TCCPpMHLok=\n-----END CERTIFICATE-----",
                "common_name": "C=US,O=Google\\, Inc,CN=Google Cloud SQL Server CA,dnQualifier=7a87eacf-5591-4f2e-8f25-2d56e6c3395d",
                "create_time": "2023-11-17T00:34:20.691Z",
                "expiration_time": "2033-11-14T00:35:20.691Z",
                "sha1_fingerprint": "03ff28159aa283fd14a38d20f3e09a724a53f156"
              }
            ],
            "service_account_email_address": "p440219679769-olpdpv@gcp-sa-cloud-sql.iam.gserviceaccount.com",
            "settings": [
              {
                "activation_policy": "ALWAYS",
                "active_directory_config": [],
                "advanced_machine_features": [],
                "availability_type": "ZONAL",
                "backup_configuration": [
                  {
                    "backup_retention_settings": [
                      {
                        "retained_backups": 7,
                        "retention_unit": "COUNT"
                      }
                    ],
                    "binary_log_enabled": false,
                    "enabled": false,
                    "location": "",
                    "point_in_time_recovery_enabled": false,
                    "start_time": "16:00",
                    "transaction_log_retention_days": 7
                  }
                ],
                "collation": "",
                "connector_enforcement": "NOT_REQUIRED",
                "data_cache_config": [],
                "database_flags": [],
                "deletion_protection_enabled": false,
                "deny_maintenance_period": [],
                "disk_autoresize": true,
                "disk_autoresize_limit": 0,
                "disk_size": 10,
                "disk_type": "PD_SSD",
                "edition": "ENTERPRISE",
                "insights_config": [],
                "ip_configuration": [
                  {
                    "allocated_ip_range": "",
                    "authorized_networks": [],
                    "enable_private_path_for_google_cloud_services": false,
                    "ipv4_enabled": true,
                    "private_network": "",
                    "psc_config": [],
                    "require_ssl": false,
                    "ssl_mode": ""
                  }
                ],
                "location_preference": [
                  {
                    "follow_gae_application": "",
                    "secondary_zone": "",
                    "zone": "europe-west1-b"
                  }
                ],
                "maintenance_window": [],
                "password_validation_policy": [],
                "pricing_plan": "PER_USE",
                "sql_server_audit_config": [],
                "tier": "db-f1-micro",
                "time_zone": "",
                "user_labels": {},
                "version": 1
              }
            ],
            "timeouts": null
          },
          "sensitive_attributes": [],
          "private": "eyJlMmJmYjczMC1lY2FhLTExZTYtOGY4OC0zNDM2M2JjN2M0YzAiOnsiY3JlYXRlIjoyNDAwMDAwMDAwMDAwLCJkZWxldGUiOjE4MDAwMDAwMDAwMDAsInVwZGF0ZSI6MTgwMDAwMDAwMDAwMH19"
        }
      ]
    },
    {
      "module": "module.main_sql",
      "mode": "managed",
      "type": "google_sql_user",
      "name": "wp_mysql_db_user",
      "provider": "provider[\"registry.terraform.io/hashicorp/google\"]",
      "instances": [
        {
          "schema_version": 1,
          "attributes": {
            "deletion_policy": null,
            "host": "",
            "id": "wp-password//wp-project-404313-mysql-instance",
            "instance": "wp-project-404313-mysql-instance",
            "name": "wp-password",
            "password": "wp-username",
            "password_policy": [],
            "project": "wp-project-404313",
            "sql_server_user_details": [],
            "timeouts": null,
            "type": ""
          },
          "sensitive_attributes": [
            [
              {
                "type": "get_attr",
                "value": "name"
              }
            ],
            [
              {
                "type": "get_attr",
                "value": "password"
              }
            ]
          ],
          "private": "eyJlMmJmYjczMC1lY2FhLTExZTYtOGY4OC0zNDM2M2JjN2M0YzAiOnsiY3JlYXRlIjo2MDAwMDAwMDAwMDAsImRlbGV0ZSI6NjAwMDAwMDAwMDAwLCJ1cGRhdGUiOjYwMDAwMDAwMDAwMH0sInNjaGVtYV92ZXJzaW9uIjoiMSJ9",
          "dependencies": [
            "data.google_secret_manager_secret_version.mysql_db_password",
            "data.google_secret_manager_secret_version.mysql_db_username",
            "module.main_sql.google_sql_database_instance.wp_mysql_instance"
          ]
        }
      ]
    },
    {
      "module": "module.main_vpc",
      "mode": "managed",
      "type": "google_compute_network",
      "name": "vpc",
      "provider": "provider[\"registry.terraform.io/hashicorp/google\"]",
      "instances": [
        {
          "schema_version": 0,
          "attributes": {
            "auto_create_subnetworks": false,
            "delete_default_routes_on_create": false,
            "description": "",
            "enable_ula_internal_ipv6": false,
            "gateway_ipv4": "",
            "id": "projects/wp-project-404313/global/networks/wp-project-404313-vpc",
            "internal_ipv6_range": "",
            "mtu": 0,
            "name": "wp-project-404313-vpc",
            "network_firewall_policy_enforcement_order": "AFTER_CLASSIC_FIREWALL",
            "project": "wp-project-404313",
            "routing_mode": "REGIONAL",
            "self_link": "https://www.googleapis.com/compute/v1/projects/wp-project-404313/global/networks/wp-project-404313-vpc",
            "timeouts": null
          },
          "sensitive_attributes": [],
          "private": "eyJlMmJmYjczMC1lY2FhLTExZTYtOGY4OC0zNDM2M2JjN2M0YzAiOnsiY3JlYXRlIjoxMjAwMDAwMDAwMDAwLCJkZWxldGUiOjEyMDAwMDAwMDAwMDAsInVwZGF0ZSI6MTIwMDAwMDAwMDAwMH19"
        }
      ]
    },
    {
      "module": "module.main_vpc",
      "mode": "managed",
      "type": "google_compute_subnetwork",
      "name": "subnet",
      "provider": "provider[\"registry.terraform.io/hashicorp/google\"]",
      "instances": [
        {
          "schema_version": 0,
          "attributes": {
            "creation_timestamp": "2023-11-16T16:21:36.492-08:00",
            "description": "",
            "external_ipv6_prefix": "",
            "fingerprint": null,
            "gateway_address": "10.10.0.1",
            "id": "projects/wp-project-404313/regions/europe-west1/subnetworks/wp-project-404313-subnet",
            "internal_ipv6_prefix": "",
            "ip_cidr_range": "10.10.0.0/24",
            "ipv6_access_type": "",
            "ipv6_cidr_range": "",
            "log_config": [],
            "name": "wp-project-404313-subnet",
            "network": "https://www.googleapis.com/compute/v1/projects/wp-project-404313/global/networks/wp-project-404313-vpc",
            "private_ip_google_access": true,
            "private_ipv6_google_access": "DISABLE_GOOGLE_ACCESS",
            "project": "wp-project-404313",
            "purpose": "PRIVATE",
            "region": "europe-west1",
            "role": "",
            "secondary_ip_range": [
              {
                "ip_cidr_range": "10.116.0.0/20",
                "range_name": "gke-wp-project-404313-gke-cluster-services-2ce0b90d"
              },
              {
                "ip_cidr_range": "10.112.0.0/14",
                "range_name": "gke-wp-project-404313-gke-cluster-pods-2ce0b90d"
              }
            ],
            "self_link": "https://www.googleapis.com/compute/v1/projects/wp-project-404313/regions/europe-west1/subnetworks/wp-project-404313-subnet",
            "stack_type": "IPV4_ONLY",
            "timeouts": null
          },
          "sensitive_attributes": [],
          "private": "eyJlMmJmYjczMC1lY2FhLTExZTYtOGY4OC0zNDM2M2JjN2M0YzAiOnsiY3JlYXRlIjoxMjAwMDAwMDAwMDAwLCJkZWxldGUiOjEyMDAwMDAwMDAwMDAsInVwZGF0ZSI6MTIwMDAwMDAwMDAwMH19",
          "dependencies": [
            "module.main_vpc.google_compute_network.vpc"
          ]
        }
      ]
    }
  ],
  "check_results": null
}
