{
  "version": 4,
  "terraform_version": "1.6.3",
  "serial": 31,
  "lineage": "0841e5f5-12fa-66e7-e249-b1695add3a84",
  "outputs": {},
  "resources": [
    {
      "mode": "data",
      "type": "google_container_engine_versions",
      "name": "gke_version",
      "provider": "provider[\"registry.terraform.io/hashicorp/google\"]",
      "instances": [
        {
          "schema_version": 0,
          "attributes": {
            "default_cluster_version": "1.27.3-gke.100",
            "id": "2023-11-06 17:44:43.511314905 +0000 UTC",
            "latest_master_version": "1.27.6-gke.1506000",
            "latest_node_version": "1.27.6-gke.1506000",
            "location": "europe-west1-c",
            "project": null,
            "release_channel_default_version": {
              "RAPID": "1.27.4-gke.900",
              "REGULAR": "1.27.3-gke.100",
              "STABLE": "1.27.3-gke.100"
            },
            "release_channel_latest_version": {
              "RAPID": "1.27.6-gke.1506000",
              "REGULAR": "1.27.4-gke.900",
              "STABLE": "1.27.4-gke.900"
            },
            "valid_master_versions": [
              "1.27.6-gke.1506000",
              "1.27.6-gke.1445000",
              "1.27.6-gke.1248000",
              "1.27.5-gke.200",
              "1.27.4-gke.900",
              "1.27.3-gke.1700",
              "1.27.3-gke.100",
              "1.27.2-gke.2100",
              "1.27.2-gke.1200"
            ],
            "valid_node_versions": [
              "1.27.6-gke.1506000",
              "1.27.6-gke.1445000",
              "1.27.6-gke.1248000",
              "1.27.5-gke.200",
              "1.27.4-gke.900",
              "1.27.3-gke.1700",
              "1.27.3-gke.100",
              "1.27.2-gke.2100",
              "1.27.2-gke.1200"
            ],
            "version_prefix": "1.27."
          },
          "sensitive_attributes": []
        }
      ]
    },
    {
      "mode": "managed",
      "type": "google_compute_network",
      "name": "vpc",
      "provider": "provider[\"registry.terraform.io/hashicorp/google\"]",
      "instances": [
        {
          "schema_version": 0,
          "attributes": {
            "auto_create_subnetworks": false,
            "delete_default_routes_on_create": false,
            "description": "",
            "enable_ula_internal_ipv6": false,
            "gateway_ipv4": "",
            "id": "projects/wp-project-404313/global/networks/wp-project-404313-vpc",
            "internal_ipv6_range": "",
            "mtu": 0,
            "name": "wp-project-404313-vpc",
            "network_firewall_policy_enforcement_order": "AFTER_CLASSIC_FIREWALL",
            "project": "wp-project-404313",
            "routing_mode": "REGIONAL",
            "self_link": "https://www.googleapis.com/compute/v1/projects/wp-project-404313/global/networks/wp-project-404313-vpc",
            "timeouts": null
          },
          "sensitive_attributes": [],
          "private": "eyJlMmJmYjczMC1lY2FhLTExZTYtOGY4OC0zNDM2M2JjN2M0YzAiOnsiY3JlYXRlIjoxMjAwMDAwMDAwMDAwLCJkZWxldGUiOjEyMDAwMDAwMDAwMDAsInVwZGF0ZSI6MTIwMDAwMDAwMDAwMH19"
        }
      ]
    },
    {
      "mode": "managed",
      "type": "google_compute_subnetwork",
      "name": "subnet",
      "provider": "provider[\"registry.terraform.io/hashicorp/google\"]",
      "instances": [
        {
          "schema_version": 0,
          "attributes": {
            "creation_timestamp": "2023-11-06T09:44:47.879-08:00",
            "description": "",
            "external_ipv6_prefix": "",
            "fingerprint": null,
            "gateway_address": "10.10.0.1",
            "id": "projects/wp-project-404313/regions/europe-west1/subnetworks/wp-project-404313-subnet",
            "internal_ipv6_prefix": "",
            "ip_cidr_range": "10.10.0.0/24",
            "ipv6_access_type": "",
            "ipv6_cidr_range": "",
            "log_config": [],
            "name": "wp-project-404313-subnet",
            "network": "https://www.googleapis.com/compute/v1/projects/wp-project-404313/global/networks/wp-project-404313-vpc",
            "private_ip_google_access": false,
            "private_ipv6_google_access": "DISABLE_GOOGLE_ACCESS",
            "project": "wp-project-404313",
            "purpose": "PRIVATE",
            "region": "europe-west1",
            "role": "",
            "secondary_ip_range": [],
            "self_link": "https://www.googleapis.com/compute/v1/projects/wp-project-404313/regions/europe-west1/subnetworks/wp-project-404313-subnet",
            "stack_type": "IPV4_ONLY",
            "timeouts": null
          },
          "sensitive_attributes": [],
          "private": "eyJlMmJmYjczMC1lY2FhLTExZTYtOGY4OC0zNDM2M2JjN2M0YzAiOnsiY3JlYXRlIjoxMjAwMDAwMDAwMDAwLCJkZWxldGUiOjEyMDAwMDAwMDAwMDAsInVwZGF0ZSI6MTIwMDAwMDAwMDAwMH19",
          "dependencies": [
            "google_compute_network.vpc"
          ]
        }
      ]
    },
    {
      "mode": "managed",
      "type": "google_container_cluster",
      "name": "wp_project_primary_cluster",
      "provider": "provider[\"registry.terraform.io/hashicorp/google\"]",
      "instances": [
        {
          "schema_version": 2,
          "attributes": {
            "addons_config": [
              {
                "cloudrun_config": [],
                "config_connector_config": [],
                "dns_cache_config": [],
                "gce_persistent_disk_csi_driver_config": [
                  {
                    "enabled": true
                  }
                ],
                "gcp_filestore_csi_driver_config": [],
                "gcs_fuse_csi_driver_config": [],
                "gke_backup_agent_config": [],
                "horizontal_pod_autoscaling": [],
                "http_load_balancing": [],
                "network_policy_config": [
                  {
                    "disabled": true
                  }
                ]
              }
            ],
            "allow_net_admin": null,
            "authenticator_groups_config": [],
            "binary_authorization": [
              {
                "enabled": false,
                "evaluation_mode": ""
              }
            ],
            "cluster_autoscaling": [
              {
                "auto_provisioning_defaults": [],
                "enabled": false,
                "resource_limits": []
              }
            ],
            "cluster_ipv4_cidr": "10.200.0.0/14",
            "confidential_nodes": [],
            "cost_management_config": [],
            "database_encryption": [
              {
                "key_name": "",
                "state": "DECRYPTED"
              }
            ],
            "datapath_provider": "",
            "default_max_pods_per_node": 110,
            "default_snat_status": [
              {
                "disabled": false
              }
            ],
            "deletion_protection": false,
            "description": "",
            "dns_config": [],
            "enable_autopilot": false,
            "enable_intranode_visibility": false,
            "enable_k8s_beta_apis": [],
            "enable_kubernetes_alpha": false,
            "enable_l4_ilb_subsetting": false,
            "enable_legacy_abac": false,
            "enable_shielded_nodes": true,
            "enable_tpu": false,
            "endpoint": "34.77.206.206",
            "gateway_api_config": [],
            "id": "projects/wp-project-404313/locations/europe-west1-c/clusters/wp-project-404313-dev-gke-cluster",
            "identity_service_config": [],
            "initial_node_count": 1,
            "ip_allocation_policy": [
              {
                "additional_pod_ranges_config": [],
                "cluster_ipv4_cidr_block": "10.200.0.0/14",
                "cluster_secondary_range_name": "gke-wp-project-404313-dev-gke-cluster-pods-7b4b82ab",
                "pod_cidr_overprovision_config": [
                  {
                    "disabled": false
                  }
                ],
                "services_ipv4_cidr_block": "10.204.0.0/20",
                "services_secondary_range_name": "gke-wp-project-404313-dev-gke-cluster-services-7b4b82ab",
                "stack_type": "IPV4"
              }
            ],
            "label_fingerprint": "a9dc16a7",
            "location": "europe-west1-c",
            "logging_config": [
              {
                "enable_components": [
                  "SYSTEM_COMPONENTS",
                  "WORKLOADS"
                ]
              }
            ],
            "logging_service": "logging.googleapis.com/kubernetes",
            "maintenance_policy": [],
            "master_auth": [
              {
                "client_certificate": "",
                "client_certificate_config": [
                  {
                    "issue_client_certificate": false
                  }
                ],
                "client_key": "",
                "cluster_ca_certificate": "LS0tLS1CRUdJTiBDRVJUSUZJQ0FURS0tLS0tCk1JSUVMRENDQXBTZ0F3SUJBZ0lRTkdFYXl3cE5GQW5rSWlab2J5M2FnakFOQmdrcWhraUc5dzBCQVFzRkFEQXYKTVMwd0t3WURWUVFERXlRNU56Y3labVZtTXkwd1pUazVMVFEyTlRFdE9HRmlOaTB6TnpGbU1UZGtPREUzTXpNdwpJQmNOTWpNeE1UQTJNVFkwTlRBNVdoZ1BNakExTXpFd01qa3hOelExTURsYU1DOHhMVEFyQmdOVkJBTVRKRGszCk56Sm1aV1l6TFRCbE9Ua3RORFkxTVMwNFlXSTJMVE0zTVdZeE4yUTRNVGN6TXpDQ0FhSXdEUVlKS29aSWh2Y04KQVFFQkJRQURnZ0dQQURDQ0FZb0NnZ0dCQVBtTjdyUXp6ZHJ3amYvR1U0b0o3L1lNK2JEZW1UMTZySStPeFVWSAp4UldEMWhLUklpYUU5VlVORmVIc1RyRjV6a3ViNUZMRFdRWlFGbis2bUwxYW1lOGx0ZzVGVmFpL2dUUjVhYmhtCkNtTFluc0FrQTdDKzBnWjVUNHM5bFhTaUF4cGZuTEQ0aysxZzZYUmtob3BkQkJaODBFQTh1QkxjSjlpVkFUYkoKR21oclM5bGRzMUMwcTdkb1EvQ3RaTDQ1NVBKNk9YNXZvRnFKSlZ6Y1JJcWR4dFNhS2FjcWRCQjUzMW5yOXRmMwpzcmxWSEtHQmx4WEdnRFNFUDFWUVowa29Sc3VCU0tnNjEzT1hvdnppY0taS0FEeGp3eHRIRlcvUURJc2w3eWYxCnZpY2p4RWlkWWdYZHowY2xwQ3BSMU1wa0JtSjNXSmVqZ0VURFVCWlMrOWNKUXFUSzZLN0FoZXZDNlhiU0crWk0KdlNZcm1nZXBTTUhxZEFrZi9BVFJSZkg1RVdjYVQwdVNRMnFXaHl5OVA4TWhPdEQwVzlBaUJEMHpHK1RidGE5Zwo5WGlWS1kzdk82MURxSGE0S2pSblJwenVVQm5Ub0N3TkZkSzl2UG5UMk11RXh6eDVIYUZBK3A1Vnpaelo2TVRBCmhzR2lmNHZ6dytyb1hkZlVqSUZ3MURoVWZ3SURBUUFCbzBJd1FEQU9CZ05WSFE4QkFmOEVCQU1DQWdRd0R3WUQKVlIwVEFRSC9CQVV3QXdFQi96QWRCZ05WSFE0RUZnUVV2NXNoZFFpQkZhcHcrcnRZcUNsczlCSmZQNnd3RFFZSgpLb1pJaHZjTkFRRUxCUUFEZ2dHQkFFTVg0Qkh3cXpLMklqL3RwNk5LRDBGT3o5dGpIU1hxOGlibHZYdTV1RFZSCjlZOGQ1N1VNTUc4dDQ3L0JlL0FiellmU1hQT3BUMXRBbXd2dlVnajB0MzFCeXVHVEVranFERjRxR2JIRXRtR0cKWk5vNXBYaFZ5QXRLNEVKSjdiYTVVbng5NWhYazg3VXFzN2x3SHBSTkVnSjF3MzYrYlZ5VW16d0k0RWR0QnRvNQovSllZUndsNjY5SW9YZ3c0NEZXQnZPQ2dqZW81RkplYkxieC9UWFhzNE1tOWw1OGNXNVZQd2YzQnNuL3NubEFJCjdQQUwxZ3RkQTlYUTgrNXR1eEhjWVM0OUYwOVNTN2NtcFpmRjJLSjNWN0cvUW03Qm8rdyszOWMwVzMrdFA1MFAKQTVQaER1Y0p5WERyQnYyN0UvbnlqanAxaHhPejFyZmtSY2JRcC90aXl6bis4c1ZBdEppYjZ5LzBvRkJ4K1VGTAozZHNFcGV6dzZraHJGWUprUnI4U3JXRGVidXBXUk45dnNaZ3UvL0J5SHBpNXByWndTRWk4dHVMVngzM21sZGhuCmVGbWE0N0JHaEZhbHBSbE8vUnZGd2I1YjlQeDJWeURoZEpLb2tWZDBSelJ2bW91dGtLdFhic3hVUkp5U1pVVHoKbHpKempwSGowQzNDTWlQZnBqRDcyZz09Ci0tLS0tRU5EIENFUlRJRklDQVRFLS0tLS0K"
              }
            ],
            "master_authorized_networks_config": [],
            "master_version": "1.27.3-gke.100",
            "mesh_certificates": [],
            "min_master_version": null,
            "monitoring_config": [
              {
                "advanced_datapath_observability_config": [
                  {
                    "enable_metrics": false,
                    "relay_mode": "DISABLED"
                  }
                ],
                "enable_components": [
                  "SYSTEM_COMPONENTS"
                ],
                "managed_prometheus": [
                  {
                    "enabled": true
                  }
                ]
              }
            ],
            "monitoring_service": "monitoring.googleapis.com/kubernetes",
            "name": "wp-project-404313-dev-gke-cluster",
            "network": "projects/wp-project-404313/global/networks/wp-project-404313-vpc",
            "network_policy": [
              {
                "enabled": false,
                "provider": "PROVIDER_UNSPECIFIED"
              }
            ],
            "networking_mode": "VPC_NATIVE",
            "node_config": [],
            "node_locations": [],
            "node_pool": [],
            "node_pool_auto_config": [],
            "node_pool_defaults": [
              {
                "node_config_defaults": [
                  {
                    "logging_variant": "DEFAULT"
                  }
                ]
              }
            ],
            "node_version": "1.27.3-gke.100",
            "notification_config": [
              {
                "pubsub": [
                  {
                    "enabled": false,
                    "filter": [],
                    "topic": ""
                  }
                ]
              }
            ],
            "operation": null,
            "private_cluster_config": [
              {
                "enable_private_endpoint": false,
                "enable_private_nodes": false,
                "master_global_access_config": [
                  {
                    "enabled": false
                  }
                ],
                "master_ipv4_cidr_block": "",
                "peering_name": "",
                "private_endpoint": "10.10.0.2",
                "private_endpoint_subnetwork": "",
                "public_endpoint": "34.77.206.206"
              }
            ],
            "private_ipv6_google_access": "",
            "project": "wp-project-404313",
            "release_channel": [
              {
                "channel": "REGULAR"
              }
            ],
            "remove_default_node_pool": true,
            "resource_labels": null,
            "resource_usage_export_config": [],
            "security_posture_config": [
              {
                "mode": "BASIC",
                "vulnerability_mode": "VULNERABILITY_MODE_UNSPECIFIED"
              }
            ],
            "self_link": "https://container.googleapis.com/v1/projects/wp-project-404313/zones/europe-west1-c/clusters/wp-project-404313-dev-gke-cluster",
            "service_external_ips_config": [
              {
                "enabled": false
              }
            ],
            "services_ipv4_cidr": "10.204.0.0/20",
            "subnetwork": "projects/wp-project-404313/regions/europe-west1/subnetworks/wp-project-404313-subnet",
            "timeouts": null,
            "tpu_ipv4_cidr_block": "",
            "vertical_pod_autoscaling": [],
            "workload_identity_config": []
          },
          "sensitive_attributes": [],
          "private": "eyJlMmJmYjczMC1lY2FhLTExZTYtOGY4OC0zNDM2M2JjN2M0YzAiOnsiY3JlYXRlIjoyNDAwMDAwMDAwMDAwLCJkZWxldGUiOjI0MDAwMDAwMDAwMDAsInJlYWQiOjI0MDAwMDAwMDAwMDAsInVwZGF0ZSI6MzYwMDAwMDAwMDAwMH0sInNjaGVtYV92ZXJzaW9uIjoiMiJ9",
          "dependencies": [
            "google_compute_network.vpc",
            "google_compute_subnetwork.subnet"
          ]
        }
      ]
    },
    {
      "mode": "managed",
      "type": "google_container_node_pool",
      "name": "wp_project_primary_cluster_nodes",
      "provider": "provider[\"registry.terraform.io/hashicorp/google\"]",
      "instances": [
        {
          "schema_version": 1,
          "attributes": {
            "autoscaling": [],
            "cluster": "wp-project-404313-dev-gke-cluster",
            "id": "projects/wp-project-404313/locations/europe-west1-c/clusters/wp-project-404313-dev-gke-cluster/nodePools/wp-project-404313-dev-gke-cluster",
            "initial_node_count": 1,
            "instance_group_urls": [
              "https://www.googleapis.com/compute/v1/projects/wp-project-404313/zones/europe-west1-c/instanceGroupManagers/gke-wp-project-40431-wp-project-40431-074811ce-grp"
            ],
            "location": "europe-west1-c",
            "managed_instance_group_urls": [
              "https://www.googleapis.com/compute/v1/projects/wp-project-404313/zones/europe-west1-c/instanceGroups/gke-wp-project-40431-wp-project-40431-074811ce-grp"
            ],
            "management": [
              {
                "auto_repair": true,
                "auto_upgrade": true
              }
            ],
            "max_pods_per_node": 110,
            "name": "wp-project-404313-dev-gke-cluster",
            "name_prefix": "",
            "network_config": [
              {
                "create_pod_range": false,
                "enable_private_nodes": false,
                "pod_cidr_overprovision_config": [],
                "pod_ipv4_cidr_block": "10.200.0.0/14",
                "pod_range": "gke-wp-project-404313-dev-gke-cluster-pods-7b4b82ab"
              }
            ],
            "node_config": [
              {
                "advanced_machine_features": [],
                "boot_disk_kms_key": "",
                "confidential_nodes": [],
                "disk_size_gb": 50,
                "disk_type": "pd-standard",
                "effective_taints": [],
                "ephemeral_storage_local_ssd_config": [],
                "fast_socket": [],
                "gcfs_config": [],
                "guest_accelerator": [],
                "gvnic": [],
                "host_maintenance_policy": [],
                "image_type": "COS_CONTAINERD",
                "kubelet_config": [],
                "labels": {
                  "env": "wp-project-404313"
                },
                "linux_node_config": [],
                "local_nvme_ssd_block_config": [],
                "local_ssd_count": 0,
                "logging_variant": "DEFAULT",
                "machine_type": "n1-standard-1",
                "metadata": {
                  "disable-legacy-endpoints": "true"
                },
                "min_cpu_platform": "",
                "node_group": "",
                "oauth_scopes": [
                  "https://www.googleapis.com/auth/logging.write",
                  "https://www.googleapis.com/auth/monitoring"
                ],
                "preemptible": false,
                "reservation_affinity": [],
                "resource_labels": null,
                "service_account": "default",
                "shielded_instance_config": [
                  {
                    "enable_integrity_monitoring": true,
                    "enable_secure_boot": false
                  }
                ],
                "sole_tenant_config": [],
                "spot": false,
                "tags": [
                  "gke-node",
                  "wp-project-404313-gke"
                ],
                "taint": [],
                "workload_metadata_config": []
              }
            ],
            "node_count": 1,
            "node_locations": [
              "europe-west1-c"
            ],
            "operation": null,
            "placement_policy": [],
            "project": "wp-project-404313",
            "timeouts": null,
            "upgrade_settings": [
              {
                "blue_green_settings": [],
                "max_surge": 1,
                "max_unavailable": 0,
                "strategy": "SURGE"
              }
            ],
            "version": "1.27.4-gke.900"
          },
          "sensitive_attributes": [],
          "private": "eyJlMmJmYjczMC1lY2FhLTExZTYtOGY4OC0zNDM2M2JjN2M0YzAiOnsiY3JlYXRlIjoxODAwMDAwMDAwMDAwLCJkZWxldGUiOjE4MDAwMDAwMDAwMDAsInVwZGF0ZSI6MTgwMDAwMDAwMDAwMH0sInNjaGVtYV92ZXJzaW9uIjoiMSJ9",
          "dependencies": [
            "data.google_container_engine_versions.gke_version",
            "google_compute_network.vpc",
            "google_compute_subnetwork.subnet",
            "google_container_cluster.wp_project_primary_cluster"
          ]
        }
      ]
    }
  ],
  "check_results": null
}
