{
  "version": 4,
  "terraform_version": "1.6.3",
  "serial": 80,
  "lineage": "0841e5f5-12fa-66e7-e249-b1695add3a84",
  "outputs": {},
  "resources": [
    {
      "mode": "data",
      "type": "google_container_engine_versions",
      "name": "gke_version",
      "provider": "provider[\"registry.terraform.io/hashicorp/google\"]",
      "instances": [
        {
          "schema_version": 0,
          "attributes": {
            "default_cluster_version": "1.27.3-gke.100",
            "id": "2023-11-07 18:39:14.717009272 +0000 UTC",
            "latest_master_version": "1.27.6-gke.1506000",
            "latest_node_version": "1.27.6-gke.1506000",
            "location": "europe-west1-c",
            "project": null,
            "release_channel_default_version": {
              "RAPID": "1.27.4-gke.900",
              "REGULAR": "1.27.3-gke.100",
              "STABLE": "1.27.3-gke.100"
            },
            "release_channel_latest_version": {
              "RAPID": "1.27.6-gke.1506000",
              "REGULAR": "1.27.4-gke.900",
              "STABLE": "1.27.4-gke.900"
            },
            "valid_master_versions": [
              "1.27.6-gke.1506000",
              "1.27.6-gke.1445000",
              "1.27.6-gke.1248000",
              "1.27.5-gke.200",
              "1.27.4-gke.900",
              "1.27.3-gke.1700",
              "1.27.3-gke.100",
              "1.27.2-gke.2100",
              "1.27.2-gke.1200"
            ],
            "valid_node_versions": [
              "1.27.6-gke.1506000",
              "1.27.6-gke.1445000",
              "1.27.6-gke.1248000",
              "1.27.5-gke.200",
              "1.27.4-gke.900",
              "1.27.3-gke.1700",
              "1.27.3-gke.100",
              "1.27.2-gke.2100",
              "1.27.2-gke.1200"
            ],
            "version_prefix": "1.27."
          },
          "sensitive_attributes": []
        }
      ]
    },
    {
      "mode": "data",
      "type": "google_secret_manager_secret_version",
      "name": "registry_sa_secret_data",
      "provider": "provider[\"registry.terraform.io/hashicorp/google\"]",
      "instances": [
        {
          "schema_version": 0,
          "attributes": {
            "create_time": "2023-11-07T18:31:53.940603Z",
            "destroy_time": null,
            "enabled": true,
            "id": "projects/440219679769/secrets/registry-sa/versions/1",
            "name": "projects/440219679769/secrets/registry-sa/versions/1",
            "project": "440219679769",
            "secret": "registry-sa",
            "secret_data": "{\n  \"type\": \"service_account\",\n  \"project_id\": \"wp-project-manage\",\n  \"private_key_id\": \"d9e5f329f3b19522425f6905e7be3c26acee631e\",\n  \"private_key\": \"-----BEGIN PRIVATE KEY-----\\nMIIEvQIBADANBgkqhkiG9w0BAQEFAASCBKcwggSjAgEAAoIBAQC9nmjL/+JZjtsJ\\nEua/z8Ef9U6pKm2XRJH5qVsNI9xZEpYytpFYGOL+3zEeb5OfT2yrfSEd6NQNm/aO\\nKzV9C5pFHOA/baMMuLDv6ma+WZKiJfLJDlab2nK/hB7nOpvbslPqGPmhxdaa0k7Y\\nPszTIJCXnlX8jaSh77w2epUTh5kVojWsRLHdGsuRTUl5K65KfBN9dLR5xY6+G+LM\\n/yN1mKK8k+JneDDyzTH9aiim2DR31sak3QAIxew24ooixxbss3/8e2Vu6IOMWFFh\\ndnorRqBqDYdHhrTI0SUodDpd/bzza50vhpBDHVAvEozOWNX0S5fxhe66qHrfR/Kr\\nPjGcMpMPAgMBAAECggEALC/F7APtE0Ge+TZWX0xijLf1ZKZmc2GfQracaSt6JaeX\\nKKoypHzoKMyJ/bWyiOVRRYUbOoUPJTy679ZR2JnjkUdxWlaKMGS5lq7g0mq9KNv+\\n/6s/s4HsS4TWTrvxpfigZWT8hx47LEjl5q57vJdSGoLjNr8rJjFfgrJ+Gtb2bXvA\\no6jExIhTOLwL5BgKJLQqTA0BF/VjFn4n1iCxs9D/igAmGb548bh/UCMTfpj5REtm\\n146eDpx091avwy8mytTZ6mr97tLBcny8Pcr2DqL1h+k0WyAz7mYHCFe+GdkoRWHH\\nyHW7rIs6BiCAGO3eldMIL6FdvEj0ouK7N9v39Mv8AQKBgQDfxlXQSJ+LwQyAE0s1\\neNr9OEmXozpbnHdYmhd3Rm503b33UYCEnDX97wuv9ZqHYutRmSrjm2JhS+gNk37x\\nvOz5oERSq7gQVnQR1NjLE+rT59OhnGznliV8IbGLbudBhbB2GX2GXofQ1X5AyjZB\\nGlcBK/XJz5iB4JRj9qX2rOpITwKBgQDY7OIAEPn6u79vadWBUmUpCnGQWbh5mpTg\\nwbbcyZrErzwaH64j9CLJKp/aJ/rlUOtFQYNZfXBbP4kNOVdD/ytsfaiEc0DOT829\\nj/tbQD4XsQx/0AlSpwm1ZB2hXO3yq2IoHw/O+++jRDb98e5sjxmAEF2hzmL3UkHe\\n/ShCKdGZQQKBgG9W35uihr+ibfXLo8AXQd58AyHPtVmfoEIVaVePU6YSLlK/2pIg\\npzyRk98Y9KooLa2L6CsXRPvkKLGYkbD1r3MEqvn3Nr3qRhYZMUTZxB1rW4Ets4IG\\n0t/QY+ZcZ/PR8NrSFAKnRixCDW9vLU93K5MJrGGdSORWOX8DWdBCeM9BAoGBAIrZ\\njYuXUjsgw9dvud7uO5w6eBh6pW8I+DSpKgBG907gD6t1DcUrtrxnESzVnG3+Dqok\\n1guJFEsD7xjM1EPM6CGoiR5Gm3uzbzDgIXb2Nwh5JlQFeII0My2tKJ4p2pETDGA8\\nCaVmc6xgtIZ1vjQ0oJDtaNFyRryiJVGzX3qCRAxBAoGAIWQ9g+M4+apvgBD1GT+G\\neb2GxaequJZYKdgT2wl275PU+T40nPH5gARv3ze05ijRCuAozKp0zSvUYoz43BSa\\niI5UxmeZvs42LZu9eiU6VOClbtwH5qHGMw+6jrR7snt9ed7xsYiVKpjipMTlhpvK\\nPe7cXDvYYhqV2vFGA/pXZPM=\\n-----END PRIVATE KEY-----\\n\",\n  \"client_email\": \"registry-sa@wp-project-manage.iam.gserviceaccount.com\",\n  \"client_id\": \"107292252435107065188\",\n  \"auth_uri\": \"https://accounts.google.com/o/oauth2/auth\",\n  \"token_uri\": \"https://oauth2.googleapis.com/token\",\n  \"auth_provider_x509_cert_url\": \"https://www.googleapis.com/oauth2/v1/certs\",\n  \"client_x509_cert_url\": \"https://www.googleapis.com/robot/v1/metadata/x509/registry-sa%40wp-project-manage.iam.gserviceaccount.com\",\n  \"universe_domain\": \"googleapis.com\"\n}\n",
            "version": "1"
          },
          "sensitive_attributes": []
        }
      ]
    },
    {
      "mode": "managed",
      "type": "google_compute_network",
      "name": "vpc",
      "provider": "provider[\"registry.terraform.io/hashicorp/google\"]",
      "instances": [
        {
          "schema_version": 0,
          "attributes": {
            "auto_create_subnetworks": false,
            "delete_default_routes_on_create": false,
            "description": "",
            "enable_ula_internal_ipv6": false,
            "gateway_ipv4": "",
            "id": "projects/wp-project-404313/global/networks/wp-project-404313-vpc",
            "internal_ipv6_range": "",
            "mtu": 0,
            "name": "wp-project-404313-vpc",
            "network_firewall_policy_enforcement_order": "AFTER_CLASSIC_FIREWALL",
            "project": "wp-project-404313",
            "routing_mode": "REGIONAL",
            "self_link": "https://www.googleapis.com/compute/v1/projects/wp-project-404313/global/networks/wp-project-404313-vpc",
            "timeouts": null
          },
          "sensitive_attributes": [],
          "private": "eyJlMmJmYjczMC1lY2FhLTExZTYtOGY4OC0zNDM2M2JjN2M0YzAiOnsiY3JlYXRlIjoxMjAwMDAwMDAwMDAwLCJkZWxldGUiOjEyMDAwMDAwMDAwMDAsInVwZGF0ZSI6MTIwMDAwMDAwMDAwMH19"
        }
      ]
    },
    {
      "mode": "managed",
      "type": "google_compute_subnetwork",
      "name": "subnet",
      "provider": "provider[\"registry.terraform.io/hashicorp/google\"]",
      "instances": [
        {
          "schema_version": 0,
          "attributes": {
            "creation_timestamp": "2023-11-06T09:44:47.879-08:00",
            "description": "",
            "external_ipv6_prefix": "",
            "fingerprint": null,
            "gateway_address": "10.10.0.1",
            "id": "projects/wp-project-404313/regions/europe-west1/subnetworks/wp-project-404313-subnet",
            "internal_ipv6_prefix": "",
            "ip_cidr_range": "10.10.0.0/24",
            "ipv6_access_type": "",
            "ipv6_cidr_range": "",
            "log_config": [],
            "name": "wp-project-404313-subnet",
            "network": "https://www.googleapis.com/compute/v1/projects/wp-project-404313/global/networks/wp-project-404313-vpc",
            "private_ip_google_access": true,
            "private_ipv6_google_access": "DISABLE_GOOGLE_ACCESS",
            "project": "wp-project-404313",
            "purpose": "PRIVATE",
            "region": "europe-west1",
            "role": "",
            "secondary_ip_range": [
              {
                "ip_cidr_range": "10.200.0.0/14",
                "range_name": "gke-wp-project-404313-dev-gke-cluster-pods-7b4b82ab"
              },
              {
                "ip_cidr_range": "10.204.0.0/20",
                "range_name": "gke-wp-project-404313-dev-gke-cluster-services-7b4b82ab"
              }
            ],
            "self_link": "https://www.googleapis.com/compute/v1/projects/wp-project-404313/regions/europe-west1/subnetworks/wp-project-404313-subnet",
            "stack_type": "IPV4_ONLY",
            "timeouts": null
          },
          "sensitive_attributes": [],
          "private": "eyJlMmJmYjczMC1lY2FhLTExZTYtOGY4OC0zNDM2M2JjN2M0YzAiOnsiY3JlYXRlIjoxMjAwMDAwMDAwMDAwLCJkZWxldGUiOjEyMDAwMDAwMDAwMDAsInVwZGF0ZSI6MTIwMDAwMDAwMDAwMH19",
          "dependencies": [
            "google_compute_network.vpc"
          ]
        }
      ]
    },
    {
      "mode": "managed",
      "type": "google_container_cluster",
      "name": "wp_project_primary_cluster",
      "provider": "provider[\"registry.terraform.io/hashicorp/google\"]",
      "instances": [
        {
          "schema_version": 2,
          "attributes": {
            "addons_config": [
              {
                "cloudrun_config": [],
                "config_connector_config": [],
                "dns_cache_config": [],
                "gce_persistent_disk_csi_driver_config": [
                  {
                    "enabled": true
                  }
                ],
                "gcp_filestore_csi_driver_config": [],
                "gcs_fuse_csi_driver_config": [],
                "gke_backup_agent_config": [],
                "horizontal_pod_autoscaling": [],
                "http_load_balancing": [],
                "network_policy_config": [
                  {
                    "disabled": true
                  }
                ]
              }
            ],
            "allow_net_admin": null,
            "authenticator_groups_config": [],
            "binary_authorization": [
              {
                "enabled": false,
                "evaluation_mode": ""
              }
            ],
            "cluster_autoscaling": [
              {
                "auto_provisioning_defaults": [],
                "enabled": false,
                "resource_limits": []
              }
            ],
            "cluster_ipv4_cidr": "10.200.0.0/14",
            "confidential_nodes": [],
            "cost_management_config": [],
            "database_encryption": [
              {
                "key_name": "",
                "state": "DECRYPTED"
              }
            ],
            "datapath_provider": "",
            "default_max_pods_per_node": 110,
            "default_snat_status": [
              {
                "disabled": false
              }
            ],
            "deletion_protection": false,
            "description": "",
            "dns_config": [],
            "enable_autopilot": false,
            "enable_intranode_visibility": false,
            "enable_k8s_beta_apis": [],
            "enable_kubernetes_alpha": false,
            "enable_l4_ilb_subsetting": false,
            "enable_legacy_abac": false,
            "enable_shielded_nodes": true,
            "enable_tpu": false,
            "endpoint": "34.77.206.206",
            "gateway_api_config": [],
            "id": "projects/wp-project-404313/locations/europe-west1-c/clusters/wp-project-404313-dev-gke-cluster",
            "identity_service_config": [],
            "initial_node_count": 1,
            "ip_allocation_policy": [
              {
                "additional_pod_ranges_config": [],
                "cluster_ipv4_cidr_block": "10.200.0.0/14",
                "cluster_secondary_range_name": "gke-wp-project-404313-dev-gke-cluster-pods-7b4b82ab",
                "pod_cidr_overprovision_config": [
                  {
                    "disabled": false
                  }
                ],
                "services_ipv4_cidr_block": "10.204.0.0/20",
                "services_secondary_range_name": "gke-wp-project-404313-dev-gke-cluster-services-7b4b82ab",
                "stack_type": "IPV4"
              }
            ],
            "label_fingerprint": "a9dc16a7",
            "location": "europe-west1-c",
            "logging_config": [
              {
                "enable_components": [
                  "SYSTEM_COMPONENTS",
                  "WORKLOADS"
                ]
              }
            ],
            "logging_service": "logging.googleapis.com/kubernetes",
            "maintenance_policy": [],
            "master_auth": [
              {
                "client_certificate": "",
                "client_certificate_config": [
                  {
                    "issue_client_certificate": false
                  }
                ],
                "client_key": "",
                "cluster_ca_certificate": "LS0tLS1CRUdJTiBDRVJUSUZJQ0FURS0tLS0tCk1JSUVMRENDQXBTZ0F3SUJBZ0lRTkdFYXl3cE5GQW5rSWlab2J5M2FnakFOQmdrcWhraUc5dzBCQVFzRkFEQXYKTVMwd0t3WURWUVFERXlRNU56Y3labVZtTXkwd1pUazVMVFEyTlRFdE9HRmlOaTB6TnpGbU1UZGtPREUzTXpNdwpJQmNOTWpNeE1UQTJNVFkwTlRBNVdoZ1BNakExTXpFd01qa3hOelExTURsYU1DOHhMVEFyQmdOVkJBTVRKRGszCk56Sm1aV1l6TFRCbE9Ua3RORFkxTVMwNFlXSTJMVE0zTVdZeE4yUTRNVGN6TXpDQ0FhSXdEUVlKS29aSWh2Y04KQVFFQkJRQURnZ0dQQURDQ0FZb0NnZ0dCQVBtTjdyUXp6ZHJ3amYvR1U0b0o3L1lNK2JEZW1UMTZySStPeFVWSAp4UldEMWhLUklpYUU5VlVORmVIc1RyRjV6a3ViNUZMRFdRWlFGbis2bUwxYW1lOGx0ZzVGVmFpL2dUUjVhYmhtCkNtTFluc0FrQTdDKzBnWjVUNHM5bFhTaUF4cGZuTEQ0aysxZzZYUmtob3BkQkJaODBFQTh1QkxjSjlpVkFUYkoKR21oclM5bGRzMUMwcTdkb1EvQ3RaTDQ1NVBKNk9YNXZvRnFKSlZ6Y1JJcWR4dFNhS2FjcWRCQjUzMW5yOXRmMwpzcmxWSEtHQmx4WEdnRFNFUDFWUVowa29Sc3VCU0tnNjEzT1hvdnppY0taS0FEeGp3eHRIRlcvUURJc2w3eWYxCnZpY2p4RWlkWWdYZHowY2xwQ3BSMU1wa0JtSjNXSmVqZ0VURFVCWlMrOWNKUXFUSzZLN0FoZXZDNlhiU0crWk0KdlNZcm1nZXBTTUhxZEFrZi9BVFJSZkg1RVdjYVQwdVNRMnFXaHl5OVA4TWhPdEQwVzlBaUJEMHpHK1RidGE5Zwo5WGlWS1kzdk82MURxSGE0S2pSblJwenVVQm5Ub0N3TkZkSzl2UG5UMk11RXh6eDVIYUZBK3A1Vnpaelo2TVRBCmhzR2lmNHZ6dytyb1hkZlVqSUZ3MURoVWZ3SURBUUFCbzBJd1FEQU9CZ05WSFE4QkFmOEVCQU1DQWdRd0R3WUQKVlIwVEFRSC9CQVV3QXdFQi96QWRCZ05WSFE0RUZnUVV2NXNoZFFpQkZhcHcrcnRZcUNsczlCSmZQNnd3RFFZSgpLb1pJaHZjTkFRRUxCUUFEZ2dHQkFFTVg0Qkh3cXpLMklqL3RwNk5LRDBGT3o5dGpIU1hxOGlibHZYdTV1RFZSCjlZOGQ1N1VNTUc4dDQ3L0JlL0FiellmU1hQT3BUMXRBbXd2dlVnajB0MzFCeXVHVEVranFERjRxR2JIRXRtR0cKWk5vNXBYaFZ5QXRLNEVKSjdiYTVVbng5NWhYazg3VXFzN2x3SHBSTkVnSjF3MzYrYlZ5VW16d0k0RWR0QnRvNQovSllZUndsNjY5SW9YZ3c0NEZXQnZPQ2dqZW81RkplYkxieC9UWFhzNE1tOWw1OGNXNVZQd2YzQnNuL3NubEFJCjdQQUwxZ3RkQTlYUTgrNXR1eEhjWVM0OUYwOVNTN2NtcFpmRjJLSjNWN0cvUW03Qm8rdyszOWMwVzMrdFA1MFAKQTVQaER1Y0p5WERyQnYyN0UvbnlqanAxaHhPejFyZmtSY2JRcC90aXl6bis4c1ZBdEppYjZ5LzBvRkJ4K1VGTAozZHNFcGV6dzZraHJGWUprUnI4U3JXRGVidXBXUk45dnNaZ3UvL0J5SHBpNXByWndTRWk4dHVMVngzM21sZGhuCmVGbWE0N0JHaEZhbHBSbE8vUnZGd2I1YjlQeDJWeURoZEpLb2tWZDBSelJ2bW91dGtLdFhic3hVUkp5U1pVVHoKbHpKempwSGowQzNDTWlQZnBqRDcyZz09Ci0tLS0tRU5EIENFUlRJRklDQVRFLS0tLS0K"
              }
            ],
            "master_authorized_networks_config": [],
            "master_version": "1.27.3-gke.100",
            "mesh_certificates": [],
            "min_master_version": null,
            "monitoring_config": [
              {
                "advanced_datapath_observability_config": [
                  {
                    "enable_metrics": false,
                    "relay_mode": "DISABLED"
                  }
                ],
                "enable_components": [
                  "SYSTEM_COMPONENTS"
                ],
                "managed_prometheus": [
                  {
                    "enabled": true
                  }
                ]
              }
            ],
            "monitoring_service": "monitoring.googleapis.com/kubernetes",
            "name": "wp-project-404313-dev-gke-cluster",
            "network": "projects/wp-project-404313/global/networks/wp-project-404313-vpc",
            "network_policy": [
              {
                "enabled": false,
                "provider": "PROVIDER_UNSPECIFIED"
              }
            ],
            "networking_mode": "VPC_NATIVE",
            "node_config": [
              {
                "advanced_machine_features": [],
                "boot_disk_kms_key": "",
                "confidential_nodes": [],
                "disk_size_gb": 50,
                "disk_type": "pd-standard",
                "effective_taints": [],
                "ephemeral_storage_local_ssd_config": [],
                "fast_socket": [],
                "gcfs_config": [],
                "guest_accelerator": [],
                "gvnic": [],
                "host_maintenance_policy": [],
                "image_type": "COS_CONTAINERD",
                "kubelet_config": [],
                "labels": {
                  "env": "wp-project-404313"
                },
                "linux_node_config": [],
                "local_nvme_ssd_block_config": [],
                "local_ssd_count": 0,
                "logging_variant": "DEFAULT",
                "machine_type": "n1-standard-1",
                "metadata": {
                  "disable-legacy-endpoints": "true"
                },
                "min_cpu_platform": "",
                "node_group": "",
                "oauth_scopes": [
                  "https://www.googleapis.com/auth/logging.write",
                  "https://www.googleapis.com/auth/monitoring"
                ],
                "preemptible": false,
                "reservation_affinity": [],
                "resource_labels": {},
                "service_account": "default",
                "shielded_instance_config": [
                  {
                    "enable_integrity_monitoring": true,
                    "enable_secure_boot": false
                  }
                ],
                "sole_tenant_config": [],
                "spot": false,
                "tags": [
                  "gke-node",
                  "wp-project-404313-gke"
                ],
                "taint": [],
                "workload_metadata_config": []
              }
            ],
            "node_locations": [],
            "node_pool": [
              {
                "autoscaling": [],
                "initial_node_count": 1,
                "instance_group_urls": [
                  "https://www.googleapis.com/compute/v1/projects/wp-project-404313/zones/europe-west1-c/instanceGroupManagers/gke-wp-project-40431-wp-project-40431-074811ce-grp"
                ],
                "managed_instance_group_urls": [
                  "https://www.googleapis.com/compute/v1/projects/wp-project-404313/zones/europe-west1-c/instanceGroups/gke-wp-project-40431-wp-project-40431-074811ce-grp"
                ],
                "management": [
                  {
                    "auto_repair": true,
                    "auto_upgrade": true
                  }
                ],
                "max_pods_per_node": 110,
                "name": "wp-project-404313-dev-gke-cluster",
                "name_prefix": "",
                "network_config": [
                  {
                    "create_pod_range": false,
                    "enable_private_nodes": false,
                    "pod_cidr_overprovision_config": [],
                    "pod_ipv4_cidr_block": "10.200.0.0/14",
                    "pod_range": "gke-wp-project-404313-dev-gke-cluster-pods-7b4b82ab"
                  }
                ],
                "node_config": [
                  {
                    "advanced_machine_features": [],
                    "boot_disk_kms_key": "",
                    "confidential_nodes": [],
                    "disk_size_gb": 50,
                    "disk_type": "pd-standard",
                    "effective_taints": [],
                    "ephemeral_storage_local_ssd_config": [],
                    "fast_socket": [],
                    "gcfs_config": [],
                    "guest_accelerator": [],
                    "gvnic": [],
                    "host_maintenance_policy": [],
                    "image_type": "COS_CONTAINERD",
                    "kubelet_config": [],
                    "labels": {
                      "env": "wp-project-404313"
                    },
                    "linux_node_config": [],
                    "local_nvme_ssd_block_config": [],
                    "local_ssd_count": 0,
                    "logging_variant": "DEFAULT",
                    "machine_type": "n1-standard-1",
                    "metadata": {
                      "disable-legacy-endpoints": "true"
                    },
                    "min_cpu_platform": "",
                    "node_group": "",
                    "oauth_scopes": [
                      "https://www.googleapis.com/auth/logging.write",
                      "https://www.googleapis.com/auth/monitoring"
                    ],
                    "preemptible": false,
                    "reservation_affinity": [],
                    "resource_labels": {},
                    "service_account": "default",
                    "shielded_instance_config": [
                      {
                        "enable_integrity_monitoring": true,
                        "enable_secure_boot": false
                      }
                    ],
                    "sole_tenant_config": [],
                    "spot": false,
                    "tags": [
                      "gke-node",
                      "wp-project-404313-gke"
                    ],
                    "taint": [],
                    "workload_metadata_config": []
                  }
                ],
                "node_count": 1,
                "node_locations": [
                  "europe-west1-c"
                ],
                "placement_policy": [],
                "upgrade_settings": [
                  {
                    "blue_green_settings": [],
                    "max_surge": 1,
                    "max_unavailable": 0,
                    "strategy": "SURGE"
                  }
                ],
                "version": "1.27.4-gke.900"
              }
            ],
            "node_pool_auto_config": [],
            "node_pool_defaults": [
              {
                "node_config_defaults": [
                  {
                    "logging_variant": "DEFAULT"
                  }
                ]
              }
            ],
            "node_version": "1.27.4-gke.900",
            "notification_config": [
              {
                "pubsub": [
                  {
                    "enabled": false,
                    "filter": [],
                    "topic": ""
                  }
                ]
              }
            ],
            "operation": null,
            "private_cluster_config": [
              {
                "enable_private_endpoint": false,
                "enable_private_nodes": false,
                "master_global_access_config": [
                  {
                    "enabled": false
                  }
                ],
                "master_ipv4_cidr_block": "",
                "peering_name": "",
                "private_endpoint": "10.10.0.2",
                "private_endpoint_subnetwork": "",
                "public_endpoint": "34.77.206.206"
              }
            ],
            "private_ipv6_google_access": "",
            "project": "wp-project-404313",
            "release_channel": [
              {
                "channel": "REGULAR"
              }
            ],
            "remove_default_node_pool": true,
            "resource_labels": {},
            "resource_usage_export_config": [],
            "security_posture_config": [
              {
                "mode": "BASIC",
                "vulnerability_mode": "VULNERABILITY_MODE_UNSPECIFIED"
              }
            ],
            "self_link": "https://container.googleapis.com/v1/projects/wp-project-404313/zones/europe-west1-c/clusters/wp-project-404313-dev-gke-cluster",
            "service_external_ips_config": [
              {
                "enabled": false
              }
            ],
            "services_ipv4_cidr": "10.204.0.0/20",
            "subnetwork": "projects/wp-project-404313/regions/europe-west1/subnetworks/wp-project-404313-subnet",
            "timeouts": null,
            "tpu_ipv4_cidr_block": "",
            "vertical_pod_autoscaling": [],
            "workload_identity_config": []
          },
          "sensitive_attributes": [],
          "private": "eyJlMmJmYjczMC1lY2FhLTExZTYtOGY4OC0zNDM2M2JjN2M0YzAiOnsiY3JlYXRlIjoyNDAwMDAwMDAwMDAwLCJkZWxldGUiOjI0MDAwMDAwMDAwMDAsInJlYWQiOjI0MDAwMDAwMDAwMDAsInVwZGF0ZSI6MzYwMDAwMDAwMDAwMH0sInNjaGVtYV92ZXJzaW9uIjoiMiJ9",
          "dependencies": [
            "google_compute_network.vpc",
            "google_compute_subnetwork.subnet"
          ]
        }
      ]
    },
    {
      "mode": "managed",
      "type": "google_container_node_pool",
      "name": "wp_project_primary_cluster_nodes",
      "provider": "provider[\"registry.terraform.io/hashicorp/google\"]",
      "instances": [
        {
          "schema_version": 1,
          "attributes": {
            "autoscaling": [],
            "cluster": "wp-project-404313-dev-gke-cluster",
            "id": "projects/wp-project-404313/locations/europe-west1-c/clusters/wp-project-404313-dev-gke-cluster/nodePools/wp-project-404313-dev-gke-cluster",
            "initial_node_count": 1,
            "instance_group_urls": [
              "https://www.googleapis.com/compute/v1/projects/wp-project-404313/zones/europe-west1-c/instanceGroupManagers/gke-wp-project-40431-wp-project-40431-074811ce-grp"
            ],
            "location": "europe-west1-c",
            "managed_instance_group_urls": [
              "https://www.googleapis.com/compute/v1/projects/wp-project-404313/zones/europe-west1-c/instanceGroups/gke-wp-project-40431-wp-project-40431-074811ce-grp"
            ],
            "management": [
              {
                "auto_repair": true,
                "auto_upgrade": true
              }
            ],
            "max_pods_per_node": 110,
            "name": "wp-project-404313-dev-gke-cluster",
            "name_prefix": "",
            "network_config": [
              {
                "create_pod_range": false,
                "enable_private_nodes": false,
                "pod_cidr_overprovision_config": [],
                "pod_ipv4_cidr_block": "10.200.0.0/14",
                "pod_range": "gke-wp-project-404313-dev-gke-cluster-pods-7b4b82ab"
              }
            ],
            "node_config": [
              {
                "advanced_machine_features": [],
                "boot_disk_kms_key": "",
                "confidential_nodes": [],
                "disk_size_gb": 50,
                "disk_type": "pd-standard",
                "effective_taints": [],
                "ephemeral_storage_local_ssd_config": [],
                "fast_socket": [],
                "gcfs_config": [],
                "guest_accelerator": [],
                "gvnic": [],
                "host_maintenance_policy": [],
                "image_type": "COS_CONTAINERD",
                "kubelet_config": [],
                "labels": {
                  "env": "wp-project-404313"
                },
                "linux_node_config": [],
                "local_nvme_ssd_block_config": [],
                "local_ssd_count": 0,
                "logging_variant": "DEFAULT",
                "machine_type": "n1-standard-1",
                "metadata": {
                  "disable-legacy-endpoints": "true"
                },
                "min_cpu_platform": "",
                "node_group": "",
                "oauth_scopes": [
                  "https://www.googleapis.com/auth/logging.write",
                  "https://www.googleapis.com/auth/monitoring"
                ],
                "preemptible": false,
                "reservation_affinity": [],
                "resource_labels": {},
                "service_account": "default",
                "shielded_instance_config": [
                  {
                    "enable_integrity_monitoring": true,
                    "enable_secure_boot": false
                  }
                ],
                "sole_tenant_config": [],
                "spot": false,
                "tags": [
                  "gke-node",
                  "wp-project-404313-gke"
                ],
                "taint": [],
                "workload_metadata_config": []
              }
            ],
            "node_count": 1,
            "node_locations": [
              "europe-west1-c"
            ],
            "operation": null,
            "placement_policy": [],
            "project": "wp-project-404313",
            "timeouts": null,
            "upgrade_settings": [
              {
                "blue_green_settings": [],
                "max_surge": 1,
                "max_unavailable": 0,
                "strategy": "SURGE"
              }
            ],
            "version": "1.27.4-gke.900"
          },
          "sensitive_attributes": [],
          "private": "eyJlMmJmYjczMC1lY2FhLTExZTYtOGY4OC0zNDM2M2JjN2M0YzAiOnsiY3JlYXRlIjoxODAwMDAwMDAwMDAwLCJkZWxldGUiOjE4MDAwMDAwMDAwMDAsInVwZGF0ZSI6MTgwMDAwMDAwMDAwMH0sInNjaGVtYV92ZXJzaW9uIjoiMSJ9",
          "dependencies": [
            "data.google_container_engine_versions.gke_version",
            "google_compute_network.vpc",
            "google_compute_subnetwork.subnet",
            "google_container_cluster.wp_project_primary_cluster"
          ]
        }
      ]
    },
    {
      "mode": "managed",
      "type": "kubernetes_namespace",
      "name": "wp-namespace",
      "provider": "provider[\"registry.terraform.io/hashicorp/kubernetes\"]",
      "instances": [
        {
          "schema_version": 0,
          "attributes": {
            "id": "wp",
            "metadata": [
              {
                "annotations": {
                  "name": "wp-namespace"
                },
                "generate_name": "",
                "generation": 0,
                "labels": {
                  "mylabel": "wp-namespace"
                },
                "name": "wp",
                "resource_version": "593242",
                "uid": "3b4645f0-ced9-486f-89ae-d691c9565463"
              }
            ],
            "timeouts": null,
            "wait_for_default_service_account": false
          },
          "sensitive_attributes": [],
          "private": "eyJlMmJmYjczMC1lY2FhLTExZTYtOGY4OC0zNDM2M2JjN2M0YzAiOnsiZGVsZXRlIjozMDAwMDAwMDAwMDB9fQ=="
        }
      ]
    },
    {
      "mode": "managed",
      "type": "kubernetes_secret",
      "name": "registry_sa_secret",
      "provider": "provider[\"registry.terraform.io/hashicorp/kubernetes\"]",
      "instances": [
        {
          "schema_version": 0,
          "attributes": {
            "binary_data": null,
            "data": {
              ".dockerconfigjson": "{\n  \"type\": \"service_account\",\n  \"project_id\": \"wp-project-manage\",\n  \"private_key_id\": \"d9e5f329f3b19522425f6905e7be3c26acee631e\",\n  \"private_key\": \"-----BEGIN PRIVATE KEY-----\\nMIIEvQIBADANBgkqhkiG9w0BAQEFAASCBKcwggSjAgEAAoIBAQC9nmjL/+JZjtsJ\\nEua/z8Ef9U6pKm2XRJH5qVsNI9xZEpYytpFYGOL+3zEeb5OfT2yrfSEd6NQNm/aO\\nKzV9C5pFHOA/baMMuLDv6ma+WZKiJfLJDlab2nK/hB7nOpvbslPqGPmhxdaa0k7Y\\nPszTIJCXnlX8jaSh77w2epUTh5kVojWsRLHdGsuRTUl5K65KfBN9dLR5xY6+G+LM\\n/yN1mKK8k+JneDDyzTH9aiim2DR31sak3QAIxew24ooixxbss3/8e2Vu6IOMWFFh\\ndnorRqBqDYdHhrTI0SUodDpd/bzza50vhpBDHVAvEozOWNX0S5fxhe66qHrfR/Kr\\nPjGcMpMPAgMBAAECggEALC/F7APtE0Ge+TZWX0xijLf1ZKZmc2GfQracaSt6JaeX\\nKKoypHzoKMyJ/bWyiOVRRYUbOoUPJTy679ZR2JnjkUdxWlaKMGS5lq7g0mq9KNv+\\n/6s/s4HsS4TWTrvxpfigZWT8hx47LEjl5q57vJdSGoLjNr8rJjFfgrJ+Gtb2bXvA\\no6jExIhTOLwL5BgKJLQqTA0BF/VjFn4n1iCxs9D/igAmGb548bh/UCMTfpj5REtm\\n146eDpx091avwy8mytTZ6mr97tLBcny8Pcr2DqL1h+k0WyAz7mYHCFe+GdkoRWHH\\nyHW7rIs6BiCAGO3eldMIL6FdvEj0ouK7N9v39Mv8AQKBgQDfxlXQSJ+LwQyAE0s1\\neNr9OEmXozpbnHdYmhd3Rm503b33UYCEnDX97wuv9ZqHYutRmSrjm2JhS+gNk37x\\nvOz5oERSq7gQVnQR1NjLE+rT59OhnGznliV8IbGLbudBhbB2GX2GXofQ1X5AyjZB\\nGlcBK/XJz5iB4JRj9qX2rOpITwKBgQDY7OIAEPn6u79vadWBUmUpCnGQWbh5mpTg\\nwbbcyZrErzwaH64j9CLJKp/aJ/rlUOtFQYNZfXBbP4kNOVdD/ytsfaiEc0DOT829\\nj/tbQD4XsQx/0AlSpwm1ZB2hXO3yq2IoHw/O+++jRDb98e5sjxmAEF2hzmL3UkHe\\n/ShCKdGZQQKBgG9W35uihr+ibfXLo8AXQd58AyHPtVmfoEIVaVePU6YSLlK/2pIg\\npzyRk98Y9KooLa2L6CsXRPvkKLGYkbD1r3MEqvn3Nr3qRhYZMUTZxB1rW4Ets4IG\\n0t/QY+ZcZ/PR8NrSFAKnRixCDW9vLU93K5MJrGGdSORWOX8DWdBCeM9BAoGBAIrZ\\njYuXUjsgw9dvud7uO5w6eBh6pW8I+DSpKgBG907gD6t1DcUrtrxnESzVnG3+Dqok\\n1guJFEsD7xjM1EPM6CGoiR5Gm3uzbzDgIXb2Nwh5JlQFeII0My2tKJ4p2pETDGA8\\nCaVmc6xgtIZ1vjQ0oJDtaNFyRryiJVGzX3qCRAxBAoGAIWQ9g+M4+apvgBD1GT+G\\neb2GxaequJZYKdgT2wl275PU+T40nPH5gARv3ze05ijRCuAozKp0zSvUYoz43BSa\\niI5UxmeZvs42LZu9eiU6VOClbtwH5qHGMw+6jrR7snt9ed7xsYiVKpjipMTlhpvK\\nPe7cXDvYYhqV2vFGA/pXZPM=\\n-----END PRIVATE KEY-----\\n\",\n  \"client_email\": \"registry-sa@wp-project-manage.iam.gserviceaccount.com\",\n  \"client_id\": \"107292252435107065188\",\n  \"auth_uri\": \"https://accounts.google.com/o/oauth2/auth\",\n  \"token_uri\": \"https://oauth2.googleapis.com/token\",\n  \"auth_provider_x509_cert_url\": \"https://www.googleapis.com/oauth2/v1/certs\",\n  \"client_x509_cert_url\": \"https://www.googleapis.com/robot/v1/metadata/x509/registry-sa%40wp-project-manage.iam.gserviceaccount.com\",\n  \"universe_domain\": \"googleapis.com\"\n}\n"
            },
            "id": "wp/registry-sa",
            "immutable": false,
            "metadata": [
              {
                "annotations": {},
                "generate_name": "",
                "generation": 0,
                "labels": {},
                "name": "registry-sa",
                "namespace": "wp",
                "resource_version": "673765",
                "uid": "da4b4c1d-23b7-4c51-b143-a7330bba67d0"
              }
            ],
            "timeouts": null,
            "type": "kubernetes.io/dockerconfigjson",
            "wait_for_service_account_token": true
          },
          "sensitive_attributes": [
            [
              {
                "type": "get_attr",
                "value": "data"
              },
              {
                "type": "index",
                "value": {
                  "value": ".dockerconfigjson",
                  "type": "string"
                }
              }
            ]
          ],
          "private": "eyJlMmJmYjczMC1lY2FhLTExZTYtOGY4OC0zNDM2M2JjN2M0YzAiOnsiY3JlYXRlIjo2MDAwMDAwMDAwMH19",
          "dependencies": [
            "data.google_secret_manager_secret_version.registry_sa_secret_data"
          ]
        }
      ]
    }
  ],
  "check_results": null
}
